// !$*UTF8*$!
{
	archiveVersion = 1;
	classes = {
	};
	objectVersion = 47;
	objects = {

/* Begin PBXBuildFile section */
		3A146A3B1D952D910001F56D /* rating.storyboard in Resources */ = {isa = PBXBuildFile; fileRef = 3A146A3A1D952D910001F56D /* rating.storyboard */; };
		3A146A3E1D9535570001F56D /* MKRRatingViewController.m in Sources */ = {isa = PBXBuildFile; fileRef = 3A146A3D1D9535570001F56D /* MKRRatingViewController.m */; };
		3A146A411D95456A0001F56D /* MKRRatingTableViewCell.m in Sources */ = {isa = PBXBuildFile; fileRef = 3A146A401D95456A0001F56D /* MKRRatingTableViewCell.m */; };
		3A4BE3801D97460900C5EB24 /* MKRCreateDuelViewController.m in Sources */ = {isa = PBXBuildFile; fileRef = 3A4BE37F1D97460900C5EB24 /* MKRCreateDuelViewController.m */; };
		3A4BE3831D97489500C5EB24 /* MKRDuelSelectuserViewController.m in Sources */ = {isa = PBXBuildFile; fileRef = 3A4BE3821D97489500C5EB24 /* MKRDuelSelectuserViewController.m */; };
		3A4BE3861D97492C00C5EB24 /* MKRDuelSelectuserTableViewCell.m in Sources */ = {isa = PBXBuildFile; fileRef = 3A4BE3851D97492C00C5EB24 /* MKRDuelSelectuserTableViewCell.m */; };
		3A4BE3891D97590000C5EB24 /* MKRSelectMetricsViewController.m in Sources */ = {isa = PBXBuildFile; fileRef = 3A4BE3881D97590000C5EB24 /* MKRSelectMetricsViewController.m */; };
		3A4BE38C1D976E6600C5EB24 /* MKRSettingsViewController.m in Sources */ = {isa = PBXBuildFile; fileRef = 3A4BE38B1D976E6600C5EB24 /* MKRSettingsViewController.m */; };
		3A4BE38E1D976E7300C5EB24 /* settings.storyboard in Resources */ = {isa = PBXBuildFile; fileRef = 3A4BE38D1D976E7300C5EB24 /* settings.storyboard */; };
		3A50DCBF1D90DA9D00FE1A76 /* main.m in Sources */ = {isa = PBXBuildFile; fileRef = 3A50DCBE1D90DA9D00FE1A76 /* main.m */; };
		3A50DCC21D90DA9D00FE1A76 /* MKRAppDelegate.m in Sources */ = {isa = PBXBuildFile; fileRef = 3A50DCC11D90DA9D00FE1A76 /* MKRAppDelegate.m */; };
		3A50DCCA1D90DA9D00FE1A76 /* Assets.xcassets in Resources */ = {isa = PBXBuildFile; fileRef = 3A50DCC91D90DA9D00FE1A76 /* Assets.xcassets */; };
		3A50DCCD1D90DA9D00FE1A76 /* LaunchScreen.storyboard in Resources */ = {isa = PBXBuildFile; fileRef = 3A50DCCB1D90DA9D00FE1A76 /* LaunchScreen.storyboard */; };
		3A50DCD51D90E4B600FE1A76 /* auth.storyboard in Resources */ = {isa = PBXBuildFile; fileRef = 3A50DCD41D90E4B600FE1A76 /* auth.storyboard */; };
		3A50DCD81D90F89A00FE1A76 /* MKRAuthPhoneViewController.m in Sources */ = {isa = PBXBuildFile; fileRef = 3A50DCD71D90F89A00FE1A76 /* MKRAuthPhoneViewController.m */; };
		3A50DCDB1D91072200FE1A76 /* MKRAuthCodeViewController.m in Sources */ = {isa = PBXBuildFile; fileRef = 3A50DCDA1D91072200FE1A76 /* MKRAuthCodeViewController.m */; };
		3A50DCDE1D91195A00FE1A76 /* MKRTabBarController.m in Sources */ = {isa = PBXBuildFile; fileRef = 3A50DCDD1D91195A00FE1A76 /* MKRTabBarController.m */; };
		3A50DCE11D9119EB00FE1A76 /* MKRAuthSplashViewController.m in Sources */ = {isa = PBXBuildFile; fileRef = 3A50DCE01D9119EB00FE1A76 /* MKRAuthSplashViewController.m */; };
		3AB67AFF1D95FDE5003B4FE0 /* profile.storyboard in Resources */ = {isa = PBXBuildFile; fileRef = 3AB67AFE1D95FDE5003B4FE0 /* profile.storyboard */; };
		3AB67B021D9604A4003B4FE0 /* MKRProfileViewController.m in Sources */ = {isa = PBXBuildFile; fileRef = 3AB67B011D9604A4003B4FE0 /* MKRProfileViewController.m */; };
		3AB67B081D961084003B4FE0 /* MKRProfileAchievementCollectionViewCell.m in Sources */ = {isa = PBXBuildFile; fileRef = 3AB67B071D961084003B4FE0 /* MKRProfileAchievementCollectionViewCell.m */; };
		3AB67B0A1D961CA1003B4FE0 /* duel.storyboard in Resources */ = {isa = PBXBuildFile; fileRef = 3AB67B091D961CA1003B4FE0 /* duel.storyboard */; };
		3AB67B0D1D962627003B4FE0 /* MKRDuelsViewController.m in Sources */ = {isa = PBXBuildFile; fileRef = 3AB67B0C1D962627003B4FE0 /* MKRDuelsViewController.m */; };
		3AB67B101D9627E7003B4FE0 /* MKRDuelTableViewCell.m in Sources */ = {isa = PBXBuildFile; fileRef = 3AB67B0F1D9627E7003B4FE0 /* MKRDuelTableViewCell.m */; };
		3ADA42C495B9B9C859ADEA98 /* libPods-rostel.a in Frameworks */ = {isa = PBXBuildFile; fileRef = DEA0D13DA0BB1AB30FB784D5 /* libPods-rostel.a */; };
		58AAA00E28249D59B010CF0A /* MKRMetricsListNetworkMethod.m in Sources */ = {isa = PBXBuildFile; fileRef = 58AAA5E793B1FF72C6B161EC /* MKRMetricsListNetworkMethod.m */; };
		58AAA08FBA70AC81E42E357C /* MKRGlobalErrorsObserver.m in Sources */ = {isa = PBXBuildFile; fileRef = 58AAA92DCE44DC937AF47BCD /* MKRGlobalErrorsObserver.m */; };
		58AAA12B5EE4D7AF55D00D35 /* MKRCodeField.m in Sources */ = {isa = PBXBuildFile; fileRef = 58AAAE17B8877CD0AC11CED5 /* MKRCodeField.m */; };
		58AAA1916BF0F02D731DFA5C /* MKRPushService.m in Sources */ = {isa = PBXBuildFile; fileRef = 58AAA93A0A772C8976DE4E7B /* MKRPushService.m */; };
		58AAA19199021F6C5F1DB00C /* MKRDuelsListPresenter.m in Sources */ = {isa = PBXBuildFile; fileRef = 58AAAD0AA863BEBCFB8E1077 /* MKRDuelsListPresenter.m */; };
		58AAA19FC23D1BC96CEE4C8E /* MKRDuelsListNetworkMethod.m in Sources */ = {isa = PBXBuildFile; fileRef = 58AAA7A64AC8CC121AEA2A94 /* MKRDuelsListNetworkMethod.m */; };
		58AAA1D1D32A4C2B3DCFA19B /* MKRGetCurrentUserNetworkMethod.m in Sources */ = {isa = PBXBuildFile; fileRef = 58AAABD4302D71707044B8C3 /* MKRGetCurrentUserNetworkMethod.m */; };
		58AAA1D2DA8E0FB75F5C0BCB /* MKRDuel.m in Sources */ = {isa = PBXBuildFile; fileRef = 58AAA743FECFEE8BA6725AF8 /* MKRDuel.m */; };
		58AAA21DF3474E05A6E03C49 /* MKRGetUserNetworkMethod.m in Sources */ = {isa = PBXBuildFile; fileRef = 58AAA56E21CB4C330DF38685 /* MKRGetUserNetworkMethod.m */; };
		58AAA24EEEB5FC7C3893B6FF /* MKRAchievement.m in Sources */ = {isa = PBXBuildFile; fileRef = 58AAA4618BDAB50E1535A020 /* MKRAchievement.m */; };
		58AAA26411C46CCCFEA4314C /* MKRStatsService.m in Sources */ = {isa = PBXBuildFile; fileRef = 58AAA226D6816B03A7311F87 /* MKRStatsService.m */; };
		58AAA278BAA52676102C029C /* MKRLabel.m in Sources */ = {isa = PBXBuildFile; fileRef = 58AAA5363F62D9890B4814BB /* MKRLabel.m */; };
		58AAA282F0059D9BCD1A1675 /* MKRUserCacheManager.m in Sources */ = {isa = PBXBuildFile; fileRef = 58AAAE799CF584F85074A5BC /* MKRUserCacheManager.m */; };
		58AAA2848307B934F76E73BB /* MKRBaseCacheManager.m in Sources */ = {isa = PBXBuildFile; fileRef = 58AAA694AEE1F05B5D79CD3F /* MKRBaseCacheManager.m */; };
		58AAA2C66D29FBF24B6E4F1D /* MKRMetricsDataSource.m in Sources */ = {isa = PBXBuildFile; fileRef = 58AAAE6E58BC3311B5B54737 /* MKRMetricsDataSource.m */; };
		58AAA30B6D94C7D4F0D7C697 /* MKRMetric.m in Sources */ = {isa = PBXBuildFile; fileRef = 58AAA5885B56854CAF26A35E /* MKRMetric.m */; };
		58AAA3ED2AA044732B6059F8 /* MKRStatsNetworkMethod.m in Sources */ = {isa = PBXBuildFile; fileRef = 58AAAAD41252901CFB1F6C57 /* MKRStatsNetworkMethod.m */; };
		58AAA42A1604FB4A4E41CC50 /* MKRAuthCredentials.m in Sources */ = {isa = PBXBuildFile; fileRef = 58AAAAC46CB1A8FFBC966A88 /* MKRAuthCredentials.m */; };
		58AAA43FA547535CFA1DCFFF /* MKRAuthService.m in Sources */ = {isa = PBXBuildFile; fileRef = 58AAA2353942252275BD67C0 /* MKRAuthService.m */; };
		58AAA44C6DFF2A5880ED0F83 /* MKRUsersListPresenter.m in Sources */ = {isa = PBXBuildFile; fileRef = 58AAA8B6FFD1B86EB0225EF2 /* MKRUsersListPresenter.m */; };
		58AAA44E3E621942F874C2C3 /* MKRLogoutNetworkMethod.m in Sources */ = {isa = PBXBuildFile; fileRef = 58AAAEC2D8581A0FC1AB30B4 /* MKRLogoutNetworkMethod.m */; };
		58AAA45319902DC8BAFFB1CE /* MKRUtils.m in Sources */ = {isa = PBXBuildFile; fileRef = 58AAAA7EC208EC90141CA11C /* MKRUtils.m */; };
		58AAA45ED8656E294F1A4853 /* MKRAuthCredentialCacheManager.m in Sources */ = {isa = PBXBuildFile; fileRef = 58AAA000C7B0096CD0666E6C /* MKRAuthCredentialCacheManager.m */; };
		58AAA4D2F2FA51B3C0D5CA00 /* MKRStatsPresenter.m in Sources */ = {isa = PBXBuildFile; fileRef = 58AAA29A0A54A1FC64ABDBCF /* MKRStatsPresenter.m */; };
		58AAA4FA3DF57601D620545B /* MKRDepartment.m in Sources */ = {isa = PBXBuildFile; fileRef = 58AAA24870CFA05E4AA021F8 /* MKRDepartment.m */; };
		58AAA53F3690BE978412B63C /* MKRNavigationController.m in Sources */ = {isa = PBXBuildFile; fileRef = 58AAA3AD5ED3E63E0F581B06 /* MKRNavigationController.m */; };
		58AAA56B45C210E2CD3F0EE2 /* MKRAuthSecretKey.m in Sources */ = {isa = PBXBuildFile; fileRef = 58AAAF1F65630D3760371CAE /* MKRAuthSecretKey.m */; };
		58AAA5B6E14633F8BB62EEAB /* MKRStatsCacheManager.m in Sources */ = {isa = PBXBuildFile; fileRef = 58AAAC024872112B50B01761 /* MKRStatsCacheManager.m */; };
		58AAA5BAB41887CF04A39492 /* NSError+Extension.m in Sources */ = {isa = PBXBuildFile; fileRef = 58AAA709E7E5519A8859CC9C /* NSError+Extension.m */; };
		58AAA609FAE3A4285B4FD4D5 /* MKRUserAchievement.m in Sources */ = {isa = PBXBuildFile; fileRef = 58AAA0388AD16CD433C26280 /* MKRUserAchievement.m */; };
		58AAA72BF3FC1D338B1070F8 /* MKRErrorContainer.m in Sources */ = {isa = PBXBuildFile; fileRef = 58AAAD2DBD326B98490C1159 /* MKRErrorContainer.m */; };
		58AAA732D353F726897274E5 /* MKRAuthConfirmNetworkMethod.m in Sources */ = {isa = PBXBuildFile; fileRef = 58AAAEE0634AB145BE7844E0 /* MKRAuthConfirmNetworkMethod.m */; };
		58AAA7347BA8260D6E9997D9 /* MKRUserDataSource.m in Sources */ = {isa = PBXBuildFile; fileRef = 58AAA8E98126F67FB88DB85B /* MKRUserDataSource.m */; };
		58AAA74349EEE53B1DC50DD7 /* MKRMetricsService.m in Sources */ = {isa = PBXBuildFile; fileRef = 58AAA9F4815FA815E55ACCA9 /* MKRMetricsService.m */; };
		58AAA7739EFB91024454903B /* MKRBaseNetworkMethod.m in Sources */ = {isa = PBXBuildFile; fileRef = 58AAACE5B76A0E83ED9F8E8B /* MKRBaseNetworkMethod.m */; };
		58AAA7A8A440C58A4732C8B0 /* CALayer+RuntimeAttribute.m in Sources */ = {isa = PBXBuildFile; fileRef = 58AAADE70D9F0F892DCF9850 /* CALayer+RuntimeAttribute.m */; };
		58AAA808280843555267CCB8 /* MKRResponseInfo.m in Sources */ = {isa = PBXBuildFile; fileRef = 58AAAB59EE1D2D5117F10397 /* MKRResponseInfo.m */; };
		58AAA85EEFB43EEAFBA6DAB9 /* MKRDuelsCacheManager.m in Sources */ = {isa = PBXBuildFile; fileRef = 58AAADF548406D5576E1E05D /* MKRDuelsCacheManager.m */; };
		58AAA88F10642D0B53125CDD /* MKRDuelsDataSource.m in Sources */ = {isa = PBXBuildFile; fileRef = 58AAA59E32E34383E45BE592 /* MKRDuelsDataSource.m */; };
		58AAA8A61D1733EC20065945 /* MKRMetricsListPresenter.m in Sources */ = {isa = PBXBuildFile; fileRef = 58AAADDC27537FB9FE5BED1B /* MKRMetricsListPresenter.m */; };
		58AAA8BA59CAC4ECD55DFB4F /* MKRNetworkConfigManager.m in Sources */ = {isa = PBXBuildFile; fileRef = 58AAABB9765ADC16EF9F129F /* MKRNetworkConfigManager.m */; };
		58AAA8E298F92C9CC3507562 /* MKRAcceptDuelNetworkMethod.m in Sources */ = {isa = PBXBuildFile; fileRef = 58AAA205FD23E9D9BB132E50 /* MKRAcceptDuelNetworkMethod.m */; };
		58AAA93ECCE0C33898F58E15 /* MKRDuelsService.m in Sources */ = {isa = PBXBuildFile; fileRef = 58AAAA9E898E59E1167FAA3A /* MKRDuelsService.m */; };
		58AAA94FF281E4A26104F829 /* MKRServerError.m in Sources */ = {isa = PBXBuildFile; fileRef = 58AAA04A1DD9CAE29831721B /* MKRServerError.m */; };
		58AAA95FF82435C79E24BCEC /* UIViewController+Errors.m in Sources */ = {isa = PBXBuildFile; fileRef = 58AAA6A53830682B824207EF /* UIViewController+Errors.m */; };
		58AAA9E4FCE9A3E7C4956FA3 /* MKRStatsDataSource.m in Sources */ = {isa = PBXBuildFile; fileRef = 58AAAF6E477D809879164453 /* MKRStatsDataSource.m */; };
		58AAAA35FA75AAF40E92095F /* MKRUsersListNetworkMethod.m in Sources */ = {isa = PBXBuildFile; fileRef = 58AAA55961A42D970960E85B /* MKRUsersListNetworkMethod.m */; };
		58AAAA39D7B28137A01F3183 /* MKRMetricsCacheManager.m in Sources */ = {isa = PBXBuildFile; fileRef = 58AAA8A53CD8A5C066DC90D2 /* MKRMetricsCacheManager.m */; };
		58AAAA513FA27A845F6A2B7E /* UIWindows+Additions.m in Sources */ = {isa = PBXBuildFile; fileRef = 58AAA273FAE20ED2A1D9A230 /* UIWindows+Additions.m */; };
		58AAABAF06A57D17DD13E86E /* MKRUser.m in Sources */ = {isa = PBXBuildFile; fileRef = 58AAA7772ED24FBB4A755FC8 /* MKRUser.m */; };
		58AAABB7495B5A709F0DBC69 /* MKRUserService.m in Sources */ = {isa = PBXBuildFile; fileRef = 58AAABFD2B9ABEB3E2F7889E /* MKRUserService.m */; };
		58AAAC2756EC81DFF06052C1 /* UIFont+MKRFont.m in Sources */ = {isa = PBXBuildFile; fileRef = 58AAAFC5B4699736D0F12D27 /* UIFont+MKRFont.m */; };
		58AAAC91842B28E215471449 /* MKRAppDataProvider.m in Sources */ = {isa = PBXBuildFile; fileRef = 58AAA6E3E7D4B7A886854437 /* MKRAppDataProvider.m */; };
		58AAAC990F834DEEB2D9CCC9 /* MKRFullUser.m in Sources */ = {isa = PBXBuildFile; fileRef = 58AAA868E4EFD22F2A1E9827 /* MKRFullUser.m */; };
		58AAACA267B666B0749CBA96 /* MKRLoginCodeInputView.m in Sources */ = {isa = PBXBuildFile; fileRef = 58AAA5D4BE5C11D6625EADE2 /* MKRLoginCodeInputView.m */; };
		58AAAD6F32F0CCF563055F07 /* MKRImage.m in Sources */ = {isa = PBXBuildFile; fileRef = 58AAA6B4BDD2869E5DA9BAE6 /* MKRImage.m */; };
		58AAADA0F73EB7E18C272474 /* MKRRegisterPushNotificationsNetworkMethod.m in Sources */ = {isa = PBXBuildFile; fileRef = 58AAAF8AF28F952D99FC304E /* MKRRegisterPushNotificationsNetworkMethod.m */; };
		58AAADACAB0CD23F7AA804D9 /* MKRAuthRequestNetworkMethod.m in Sources */ = {isa = PBXBuildFile; fileRef = 58AAA387649363A3E614D667 /* MKRAuthRequestNetworkMethod.m */; };
		58AAAEAE7BD03AC4BFD19C35 /* MKRCreateDuelNetworkMethod.m in Sources */ = {isa = PBXBuildFile; fileRef = 58AAAB6898C90EA2409CD729 /* MKRCreateDuelNetworkMethod.m */; };
		58AAAEC16902B906A6735B8D /* UIColor+MKRColor.m in Sources */ = {isa = PBXBuildFile; fileRef = 58AAAFB762F1EB0BDD00F75E /* UIColor+MKRColor.m */; };
		58AAAF0A3C3409FDB7ABA414 /* MKRSecurityManager.m in Sources */ = {isa = PBXBuildFile; fileRef = 58AAA58B41DB21D8FE296260 /* MKRSecurityManager.m */; };
		58AAAF22BFD9508370BE80E6 /* MKRStrangeObject.m in Sources */ = {isa = PBXBuildFile; fileRef = 58AAA0A466EB4B7276FE33CF /* MKRStrangeObject.m */; };
		58AAAF264295006BF55C1AB9 /* MKRDeclineDuelNetworkMethod.m in Sources */ = {isa = PBXBuildFile; fileRef = 58AAA8BE81DAB3BA9EEB3EDD /* MKRDeclineDuelNetworkMethod.m */; };
		58AAAFF538291F2A1BF04086 /* MKREntityWithId.m in Sources */ = {isa = PBXBuildFile; fileRef = 58AAAA4E703375BBEE818CC6 /* MKREntityWithId.m */; };
		74233A341D96478F007B3B4D /* MKRProfileGraphTableViewCell.m in Sources */ = {isa = PBXBuildFile; fileRef = 74233A331D96478E007B3B4D /* MKRProfileGraphTableViewCell.m */; };
		74233A371D964BF6007B3B4D /* MKRProgressView.m in Sources */ = {isa = PBXBuildFile; fileRef = 74233A361D964BF6007B3B4D /* MKRProgressView.m */; };
/* End PBXBuildFile section */

/* Begin PBXFileReference section */
		3A00A1831D94C34F009CFA1A /* rostel.entitlements */ = {isa = PBXFileReference; lastKnownFileType = text.plist.entitlements; path = rostel.entitlements; sourceTree = "<group>"; };
		3A146A3A1D952D910001F56D /* rating.storyboard */ = {isa = PBXFileReference; fileEncoding = 4; lastKnownFileType = file.storyboard; path = rating.storyboard; sourceTree = "<group>"; };
		3A146A3C1D9535570001F56D /* MKRRatingViewController.h */ = {isa = PBXFileReference; fileEncoding = 4; lastKnownFileType = sourcecode.c.h; path = MKRRatingViewController.h; sourceTree = "<group>"; };
		3A146A3D1D9535570001F56D /* MKRRatingViewController.m */ = {isa = PBXFileReference; fileEncoding = 4; lastKnownFileType = sourcecode.c.objc; path = MKRRatingViewController.m; sourceTree = "<group>"; };
		3A146A3F1D95456A0001F56D /* MKRRatingTableViewCell.h */ = {isa = PBXFileReference; fileEncoding = 4; lastKnownFileType = sourcecode.c.h; path = MKRRatingTableViewCell.h; sourceTree = "<group>"; };
		3A146A401D95456A0001F56D /* MKRRatingTableViewCell.m */ = {isa = PBXFileReference; fileEncoding = 4; lastKnownFileType = sourcecode.c.objc; path = MKRRatingTableViewCell.m; sourceTree = "<group>"; };
		3A4BE37E1D97460900C5EB24 /* MKRCreateDuelViewController.h */ = {isa = PBXFileReference; fileEncoding = 4; lastKnownFileType = sourcecode.c.h; path = MKRCreateDuelViewController.h; sourceTree = "<group>"; };
		3A4BE37F1D97460900C5EB24 /* MKRCreateDuelViewController.m */ = {isa = PBXFileReference; fileEncoding = 4; lastKnownFileType = sourcecode.c.objc; path = MKRCreateDuelViewController.m; sourceTree = "<group>"; };
		3A4BE3811D97489500C5EB24 /* MKRDuelSelectuserViewController.h */ = {isa = PBXFileReference; fileEncoding = 4; lastKnownFileType = sourcecode.c.h; path = MKRDuelSelectuserViewController.h; sourceTree = "<group>"; };
		3A4BE3821D97489500C5EB24 /* MKRDuelSelectuserViewController.m */ = {isa = PBXFileReference; fileEncoding = 4; lastKnownFileType = sourcecode.c.objc; path = MKRDuelSelectuserViewController.m; sourceTree = "<group>"; };
		3A4BE3841D97492C00C5EB24 /* MKRDuelSelectuserTableViewCell.h */ = {isa = PBXFileReference; fileEncoding = 4; lastKnownFileType = sourcecode.c.h; path = MKRDuelSelectuserTableViewCell.h; sourceTree = "<group>"; };
		3A4BE3851D97492C00C5EB24 /* MKRDuelSelectuserTableViewCell.m */ = {isa = PBXFileReference; fileEncoding = 4; lastKnownFileType = sourcecode.c.objc; path = MKRDuelSelectuserTableViewCell.m; sourceTree = "<group>"; };
		3A4BE3871D9758FF00C5EB24 /* MKRSelectMetricsViewController.h */ = {isa = PBXFileReference; fileEncoding = 4; lastKnownFileType = sourcecode.c.h; path = MKRSelectMetricsViewController.h; sourceTree = "<group>"; };
		3A4BE3881D97590000C5EB24 /* MKRSelectMetricsViewController.m */ = {isa = PBXFileReference; fileEncoding = 4; lastKnownFileType = sourcecode.c.objc; path = MKRSelectMetricsViewController.m; sourceTree = "<group>"; };
		3A4BE38A1D976E6600C5EB24 /* MKRSettingsViewController.h */ = {isa = PBXFileReference; fileEncoding = 4; lastKnownFileType = sourcecode.c.h; path = MKRSettingsViewController.h; sourceTree = "<group>"; };
		3A4BE38B1D976E6600C5EB24 /* MKRSettingsViewController.m */ = {isa = PBXFileReference; fileEncoding = 4; lastKnownFileType = sourcecode.c.objc; path = MKRSettingsViewController.m; sourceTree = "<group>"; };
		3A4BE38D1D976E7300C5EB24 /* settings.storyboard */ = {isa = PBXFileReference; fileEncoding = 4; lastKnownFileType = file.storyboard; path = settings.storyboard; sourceTree = "<group>"; };
		3A50DCBA1D90DA9D00FE1A76 /* rostel.app */ = {isa = PBXFileReference; explicitFileType = wrapper.application; includeInIndex = 0; path = rostel.app; sourceTree = BUILT_PRODUCTS_DIR; };
		3A50DCBE1D90DA9D00FE1A76 /* main.m */ = {isa = PBXFileReference; lastKnownFileType = sourcecode.c.objc; path = main.m; sourceTree = "<group>"; };
		3A50DCC01D90DA9D00FE1A76 /* MKRAppDelegate.h */ = {isa = PBXFileReference; lastKnownFileType = sourcecode.c.h; path = MKRAppDelegate.h; sourceTree = "<group>"; };
		3A50DCC11D90DA9D00FE1A76 /* MKRAppDelegate.m */ = {isa = PBXFileReference; lastKnownFileType = sourcecode.c.objc; path = MKRAppDelegate.m; sourceTree = "<group>"; };
		3A50DCC91D90DA9D00FE1A76 /* Assets.xcassets */ = {isa = PBXFileReference; lastKnownFileType = folder.assetcatalog; path = Assets.xcassets; sourceTree = "<group>"; };
		3A50DCCC1D90DA9D00FE1A76 /* Base */ = {isa = PBXFileReference; lastKnownFileType = file.storyboard; name = Base; path = Base.lproj/LaunchScreen.storyboard; sourceTree = "<group>"; };
		3A50DCCE1D90DA9D00FE1A76 /* Info.plist */ = {isa = PBXFileReference; lastKnownFileType = text.plist.xml; path = Info.plist; sourceTree = "<group>"; };
		3A50DCD41D90E4B600FE1A76 /* auth.storyboard */ = {isa = PBXFileReference; fileEncoding = 4; lastKnownFileType = file.storyboard; path = auth.storyboard; sourceTree = "<group>"; };
		3A50DCD61D90F89A00FE1A76 /* MKRAuthPhoneViewController.h */ = {isa = PBXFileReference; fileEncoding = 4; lastKnownFileType = sourcecode.c.h; path = MKRAuthPhoneViewController.h; sourceTree = "<group>"; };
		3A50DCD71D90F89A00FE1A76 /* MKRAuthPhoneViewController.m */ = {isa = PBXFileReference; fileEncoding = 4; lastKnownFileType = sourcecode.c.objc; path = MKRAuthPhoneViewController.m; sourceTree = "<group>"; };
		3A50DCD91D91072200FE1A76 /* MKRAuthCodeViewController.h */ = {isa = PBXFileReference; fileEncoding = 4; lastKnownFileType = sourcecode.c.h; path = MKRAuthCodeViewController.h; sourceTree = "<group>"; };
		3A50DCDA1D91072200FE1A76 /* MKRAuthCodeViewController.m */ = {isa = PBXFileReference; fileEncoding = 4; lastKnownFileType = sourcecode.c.objc; path = MKRAuthCodeViewController.m; sourceTree = "<group>"; };
		3A50DCDC1D91195A00FE1A76 /* MKRTabBarController.h */ = {isa = PBXFileReference; fileEncoding = 4; lastKnownFileType = sourcecode.c.h; path = MKRTabBarController.h; sourceTree = "<group>"; };
		3A50DCDD1D91195A00FE1A76 /* MKRTabBarController.m */ = {isa = PBXFileReference; fileEncoding = 4; lastKnownFileType = sourcecode.c.objc; path = MKRTabBarController.m; sourceTree = "<group>"; };
		3A50DCDF1D9119EB00FE1A76 /* MKRAuthSplashViewController.h */ = {isa = PBXFileReference; fileEncoding = 4; lastKnownFileType = sourcecode.c.h; path = MKRAuthSplashViewController.h; sourceTree = "<group>"; };
		3A50DCE01D9119EB00FE1A76 /* MKRAuthSplashViewController.m */ = {isa = PBXFileReference; fileEncoding = 4; lastKnownFileType = sourcecode.c.objc; path = MKRAuthSplashViewController.m; sourceTree = "<group>"; };
		3AB67AFE1D95FDE5003B4FE0 /* profile.storyboard */ = {isa = PBXFileReference; fileEncoding = 4; lastKnownFileType = file.storyboard; path = profile.storyboard; sourceTree = "<group>"; };
		3AB67B001D9604A4003B4FE0 /* MKRProfileViewController.h */ = {isa = PBXFileReference; fileEncoding = 4; lastKnownFileType = sourcecode.c.h; path = MKRProfileViewController.h; sourceTree = "<group>"; };
		3AB67B011D9604A4003B4FE0 /* MKRProfileViewController.m */ = {isa = PBXFileReference; fileEncoding = 4; lastKnownFileType = sourcecode.c.objc; path = MKRProfileViewController.m; sourceTree = "<group>"; };
		3AB67B061D961084003B4FE0 /* MKRProfileAchievementCollectionViewCell.h */ = {isa = PBXFileReference; fileEncoding = 4; lastKnownFileType = sourcecode.c.h; path = MKRProfileAchievementCollectionViewCell.h; sourceTree = "<group>"; };
		3AB67B071D961084003B4FE0 /* MKRProfileAchievementCollectionViewCell.m */ = {isa = PBXFileReference; fileEncoding = 4; lastKnownFileType = sourcecode.c.objc; path = MKRProfileAchievementCollectionViewCell.m; sourceTree = "<group>"; };
		3AB67B091D961CA1003B4FE0 /* duel.storyboard */ = {isa = PBXFileReference; fileEncoding = 4; lastKnownFileType = file.storyboard; path = duel.storyboard; sourceTree = "<group>"; };
		3AB67B0B1D962627003B4FE0 /* MKRDuelsViewController.h */ = {isa = PBXFileReference; fileEncoding = 4; lastKnownFileType = sourcecode.c.h; path = MKRDuelsViewController.h; sourceTree = "<group>"; };
		3AB67B0C1D962627003B4FE0 /* MKRDuelsViewController.m */ = {isa = PBXFileReference; fileEncoding = 4; lastKnownFileType = sourcecode.c.objc; path = MKRDuelsViewController.m; sourceTree = "<group>"; };
		3AB67B0E1D9627E7003B4FE0 /* MKRDuelTableViewCell.h */ = {isa = PBXFileReference; fileEncoding = 4; lastKnownFileType = sourcecode.c.h; path = MKRDuelTableViewCell.h; sourceTree = "<group>"; };
		3AB67B0F1D9627E7003B4FE0 /* MKRDuelTableViewCell.m */ = {isa = PBXFileReference; fileEncoding = 4; lastKnownFileType = sourcecode.c.objc; path = MKRDuelTableViewCell.m; sourceTree = "<group>"; };
		58AAA000C7B0096CD0666E6C /* MKRAuthCredentialCacheManager.m */ = {isa = PBXFileReference; fileEncoding = 4; lastKnownFileType = sourcecode.c.objc; path = MKRAuthCredentialCacheManager.m; sourceTree = "<group>"; };
		58AAA0388AD16CD433C26280 /* MKRUserAchievement.m */ = {isa = PBXFileReference; fileEncoding = 4; lastKnownFileType = sourcecode.c.objc; path = MKRUserAchievement.m; sourceTree = "<group>"; };
		58AAA04A1DD9CAE29831721B /* MKRServerError.m */ = {isa = PBXFileReference; fileEncoding = 4; lastKnownFileType = sourcecode.c.objc; path = MKRServerError.m; sourceTree = "<group>"; };
		58AAA07E113481356EBC45C1 /* MKRStrangeObject.h */ = {isa = PBXFileReference; fileEncoding = 4; lastKnownFileType = sourcecode.c.h; path = MKRStrangeObject.h; sourceTree = "<group>"; };
		58AAA0A466EB4B7276FE33CF /* MKRStrangeObject.m */ = {isa = PBXFileReference; fileEncoding = 4; lastKnownFileType = sourcecode.c.objc; path = MKRStrangeObject.m; sourceTree = "<group>"; };
		58AAA0AAFF7662E80168A0D4 /* MKRAuthCredentials.h */ = {isa = PBXFileReference; fileEncoding = 4; lastKnownFileType = sourcecode.c.h; path = MKRAuthCredentials.h; sourceTree = "<group>"; };
		58AAA0BA39AEDB0AB6D6B719 /* MKRStatsService.h */ = {isa = PBXFileReference; fileEncoding = 4; lastKnownFileType = sourcecode.c.h; path = MKRStatsService.h; sourceTree = "<group>"; };
		58AAA0CEBA75BB40D5013385 /* MKRLogoutNetworkMethod.h */ = {isa = PBXFileReference; fileEncoding = 4; lastKnownFileType = sourcecode.c.h; path = MKRLogoutNetworkMethod.h; sourceTree = "<group>"; };
		58AAA0D89EB676074F3073EA /* MKRMetricsListPresenter.h */ = {isa = PBXFileReference; fileEncoding = 4; lastKnownFileType = sourcecode.c.h; path = MKRMetricsListPresenter.h; sourceTree = "<group>"; };
		58AAA123B1518BA97C904FFE /* MKRDeclineDuelNetworkMethod.h */ = {isa = PBXFileReference; fileEncoding = 4; lastKnownFileType = sourcecode.c.h; path = MKRDeclineDuelNetworkMethod.h; sourceTree = "<group>"; };
		58AAA1609B4BC8F283709118 /* MKRNavigationController.h */ = {isa = PBXFileReference; fileEncoding = 4; lastKnownFileType = sourcecode.c.h; path = MKRNavigationController.h; sourceTree = "<group>"; };
		58AAA1784254A7609743D38B /* MKRErrorContainer.h */ = {isa = PBXFileReference; fileEncoding = 4; lastKnownFileType = sourcecode.c.h; path = MKRErrorContainer.h; sourceTree = "<group>"; };
		58AAA17C98D0CF99B740FE23 /* MKRAchievement.h */ = {isa = PBXFileReference; fileEncoding = 4; lastKnownFileType = sourcecode.c.h; path = MKRAchievement.h; sourceTree = "<group>"; };
		58AAA205FD23E9D9BB132E50 /* MKRAcceptDuelNetworkMethod.m */ = {isa = PBXFileReference; fileEncoding = 4; lastKnownFileType = sourcecode.c.objc; path = MKRAcceptDuelNetworkMethod.m; sourceTree = "<group>"; };
		58AAA226D6816B03A7311F87 /* MKRStatsService.m */ = {isa = PBXFileReference; fileEncoding = 4; lastKnownFileType = sourcecode.c.objc; path = MKRStatsService.m; sourceTree = "<group>"; };
		58AAA2353942252275BD67C0 /* MKRAuthService.m */ = {isa = PBXFileReference; fileEncoding = 4; lastKnownFileType = sourcecode.c.objc; path = MKRAuthService.m; sourceTree = "<group>"; };
		58AAA24870CFA05E4AA021F8 /* MKRDepartment.m */ = {isa = PBXFileReference; fileEncoding = 4; lastKnownFileType = sourcecode.c.objc; path = MKRDepartment.m; sourceTree = "<group>"; };
		58AAA25FC0927E74DCE4C742 /* MKRStatsNetworkMethod.h */ = {isa = PBXFileReference; fileEncoding = 4; lastKnownFileType = sourcecode.c.h; path = MKRStatsNetworkMethod.h; sourceTree = "<group>"; };
		58AAA273FAE20ED2A1D9A230 /* UIWindows+Additions.m */ = {isa = PBXFileReference; fileEncoding = 4; lastKnownFileType = sourcecode.c.objc; path = "UIWindows+Additions.m"; sourceTree = "<group>"; };
		58AAA29A0A54A1FC64ABDBCF /* MKRStatsPresenter.m */ = {isa = PBXFileReference; fileEncoding = 4; lastKnownFileType = sourcecode.c.objc; path = MKRStatsPresenter.m; sourceTree = "<group>"; };
		58AAA2C61CC7D8E3F24BB5AD /* MKRConsts.h */ = {isa = PBXFileReference; fileEncoding = 4; lastKnownFileType = sourcecode.c.h; path = MKRConsts.h; sourceTree = "<group>"; };
		58AAA34A9DA513574BE488B6 /* MKRUsersListPresenter.h */ = {isa = PBXFileReference; fileEncoding = 4; lastKnownFileType = sourcecode.c.h; path = MKRUsersListPresenter.h; sourceTree = "<group>"; };
		58AAA34DA3C94A9DCA3CAA18 /* MKRUserAchievement.h */ = {isa = PBXFileReference; fileEncoding = 4; lastKnownFileType = sourcecode.c.h; path = MKRUserAchievement.h; sourceTree = "<group>"; };
		58AAA34DFD5A27AB907AB8B6 /* MKRUsersListNetworkMethod.h */ = {isa = PBXFileReference; fileEncoding = 4; lastKnownFileType = sourcecode.c.h; path = MKRUsersListNetworkMethod.h; sourceTree = "<group>"; };
		58AAA37951147797D9D5DAAB /* MKRCreateDuelNetworkMethod.h */ = {isa = PBXFileReference; fileEncoding = 4; lastKnownFileType = sourcecode.c.h; path = MKRCreateDuelNetworkMethod.h; sourceTree = "<group>"; };
		58AAA387649363A3E614D667 /* MKRAuthRequestNetworkMethod.m */ = {isa = PBXFileReference; fileEncoding = 4; lastKnownFileType = sourcecode.c.objc; path = MKRAuthRequestNetworkMethod.m; sourceTree = "<group>"; };
		58AAA3AD5ED3E63E0F581B06 /* MKRNavigationController.m */ = {isa = PBXFileReference; fileEncoding = 4; lastKnownFileType = sourcecode.c.objc; path = MKRNavigationController.m; sourceTree = "<group>"; };
		58AAA4618BDAB50E1535A020 /* MKRAchievement.m */ = {isa = PBXFileReference; fileEncoding = 4; lastKnownFileType = sourcecode.c.objc; path = MKRAchievement.m; sourceTree = "<group>"; };
		58AAA46FA851066F4923567B /* MKRStatsCacheManager.h */ = {isa = PBXFileReference; fileEncoding = 4; lastKnownFileType = sourcecode.c.h; path = MKRStatsCacheManager.h; sourceTree = "<group>"; };
		58AAA5363F62D9890B4814BB /* MKRLabel.m */ = {isa = PBXFileReference; fileEncoding = 4; lastKnownFileType = sourcecode.c.objc; path = MKRLabel.m; sourceTree = "<group>"; };
		58AAA55961A42D970960E85B /* MKRUsersListNetworkMethod.m */ = {isa = PBXFileReference; fileEncoding = 4; lastKnownFileType = sourcecode.c.objc; path = MKRUsersListNetworkMethod.m; sourceTree = "<group>"; };
		58AAA563699F95590F48E9F6 /* UIFont+MKRFont.h */ = {isa = PBXFileReference; fileEncoding = 4; lastKnownFileType = sourcecode.c.h; path = "UIFont+MKRFont.h"; sourceTree = "<group>"; };
		58AAA56E21CB4C330DF38685 /* MKRGetUserNetworkMethod.m */ = {isa = PBXFileReference; fileEncoding = 4; lastKnownFileType = sourcecode.c.objc; path = MKRGetUserNetworkMethod.m; sourceTree = "<group>"; };
		58AAA5885B56854CAF26A35E /* MKRMetric.m */ = {isa = PBXFileReference; fileEncoding = 4; lastKnownFileType = sourcecode.c.objc; path = MKRMetric.m; sourceTree = "<group>"; };
		58AAA58B41DB21D8FE296260 /* MKRSecurityManager.m */ = {isa = PBXFileReference; fileEncoding = 4; lastKnownFileType = sourcecode.c.objc; path = MKRSecurityManager.m; sourceTree = "<group>"; };
		58AAA59E32E34383E45BE592 /* MKRDuelsDataSource.m */ = {isa = PBXFileReference; fileEncoding = 4; lastKnownFileType = sourcecode.c.objc; path = MKRDuelsDataSource.m; sourceTree = "<group>"; };
		58AAA5D4BE5C11D6625EADE2 /* MKRLoginCodeInputView.m */ = {isa = PBXFileReference; fileEncoding = 4; lastKnownFileType = sourcecode.c.objc; path = MKRLoginCodeInputView.m; sourceTree = "<group>"; };
		58AAA5E793B1FF72C6B161EC /* MKRMetricsListNetworkMethod.m */ = {isa = PBXFileReference; fileEncoding = 4; lastKnownFileType = sourcecode.c.objc; path = MKRMetricsListNetworkMethod.m; sourceTree = "<group>"; };
		58AAA61F1B364C05BCC2D2D9 /* MKRCodeField.h */ = {isa = PBXFileReference; fileEncoding = 4; lastKnownFileType = sourcecode.c.h; path = MKRCodeField.h; sourceTree = "<group>"; };
		58AAA62298589DAB9658FCC9 /* MKRDuelsService.h */ = {isa = PBXFileReference; fileEncoding = 4; lastKnownFileType = sourcecode.c.h; path = MKRDuelsService.h; sourceTree = "<group>"; };
		58AAA6684E8B76B65DDC1F53 /* MKRSecurityManager.h */ = {isa = PBXFileReference; fileEncoding = 4; lastKnownFileType = sourcecode.c.h; path = MKRSecurityManager.h; sourceTree = "<group>"; };
		58AAA694AEE1F05B5D79CD3F /* MKRBaseCacheManager.m */ = {isa = PBXFileReference; fileEncoding = 4; lastKnownFileType = sourcecode.c.objc; path = MKRBaseCacheManager.m; sourceTree = "<group>"; };
		58AAA6A53830682B824207EF /* UIViewController+Errors.m */ = {isa = PBXFileReference; fileEncoding = 4; lastKnownFileType = sourcecode.c.objc; path = "UIViewController+Errors.m"; sourceTree = "<group>"; };
		58AAA6B4BDD2869E5DA9BAE6 /* MKRImage.m */ = {isa = PBXFileReference; fileEncoding = 4; lastKnownFileType = sourcecode.c.objc; path = MKRImage.m; sourceTree = "<group>"; };
		58AAA6B7B76C14EBEADEA9FF /* MKRServerError.h */ = {isa = PBXFileReference; fileEncoding = 4; lastKnownFileType = sourcecode.c.h; path = MKRServerError.h; sourceTree = "<group>"; };
		58AAA6E3E7D4B7A886854437 /* MKRAppDataProvider.m */ = {isa = PBXFileReference; fileEncoding = 4; lastKnownFileType = sourcecode.c.objc; path = MKRAppDataProvider.m; sourceTree = "<group>"; };
		58AAA6E9124B7F63AF825D3C /* MKRDuelsListPresenter.h */ = {isa = PBXFileReference; fileEncoding = 4; lastKnownFileType = sourcecode.c.h; path = MKRDuelsListPresenter.h; sourceTree = "<group>"; };
		58AAA6FC290DC934BBC55FF1 /* MKRAuthConfirmNetworkMethod.h */ = {isa = PBXFileReference; fileEncoding = 4; lastKnownFileType = sourcecode.c.h; path = MKRAuthConfirmNetworkMethod.h; sourceTree = "<group>"; };
		58AAA709E7E5519A8859CC9C /* NSError+Extension.m */ = {isa = PBXFileReference; fileEncoding = 4; lastKnownFileType = sourcecode.c.objc; path = "NSError+Extension.m"; sourceTree = "<group>"; };
		58AAA72A12C6BDF1C5C43A03 /* MKRAcceptDuelNetworkMethod.h */ = {isa = PBXFileReference; fileEncoding = 4; lastKnownFileType = sourcecode.c.h; path = MKRAcceptDuelNetworkMethod.h; sourceTree = "<group>"; };
		58AAA743FECFEE8BA6725AF8 /* MKRDuel.m */ = {isa = PBXFileReference; fileEncoding = 4; lastKnownFileType = sourcecode.c.objc; path = MKRDuel.m; sourceTree = "<group>"; };
		58AAA7772ED24FBB4A755FC8 /* MKRUser.m */ = {isa = PBXFileReference; fileEncoding = 4; lastKnownFileType = sourcecode.c.objc; path = MKRUser.m; sourceTree = "<group>"; };
		58AAA7A64AC8CC121AEA2A94 /* MKRDuelsListNetworkMethod.m */ = {isa = PBXFileReference; fileEncoding = 4; lastKnownFileType = sourcecode.c.objc; path = MKRDuelsListNetworkMethod.m; sourceTree = "<group>"; };
		58AAA7B86283F6637538E74A /* MKRAppDataProvider.h */ = {isa = PBXFileReference; fileEncoding = 4; lastKnownFileType = sourcecode.c.h; path = MKRAppDataProvider.h; sourceTree = "<group>"; };
		58AAA7B93AEF1A0F37695DFB /* MKRAuthCredentialCacheManager.h */ = {isa = PBXFileReference; fileEncoding = 4; lastKnownFileType = sourcecode.c.h; path = MKRAuthCredentialCacheManager.h; sourceTree = "<group>"; };
		58AAA7F590458B7A5CFF0C50 /* MKRBaseCacheManager.h */ = {isa = PBXFileReference; fileEncoding = 4; lastKnownFileType = sourcecode.c.h; path = MKRBaseCacheManager.h; sourceTree = "<group>"; };
		58AAA7FE8D9538619101A5CF /* UIWindows+Additions.h */ = {isa = PBXFileReference; fileEncoding = 4; lastKnownFileType = sourcecode.c.h; path = "UIWindows+Additions.h"; sourceTree = "<group>"; };
		58AAA80DA7FB05226A275944 /* MKRResponseInfo.h */ = {isa = PBXFileReference; fileEncoding = 4; lastKnownFileType = sourcecode.c.h; path = MKRResponseInfo.h; sourceTree = "<group>"; };
		58AAA811086FD041BA5444B9 /* MKRLocalizableConsts.h */ = {isa = PBXFileReference; fileEncoding = 4; lastKnownFileType = sourcecode.c.h; path = MKRLocalizableConsts.h; sourceTree = "<group>"; };
		58AAA868E4EFD22F2A1E9827 /* MKRFullUser.m */ = {isa = PBXFileReference; fileEncoding = 4; lastKnownFileType = sourcecode.c.objc; path = MKRFullUser.m; sourceTree = "<group>"; };
		58AAA86B27120464B861542E /* MKRDuelsDataSource.h */ = {isa = PBXFileReference; fileEncoding = 4; lastKnownFileType = sourcecode.c.h; path = MKRDuelsDataSource.h; sourceTree = "<group>"; };
		58AAA8A526F5DCAF9E0CCE4D /* MKRMetric.h */ = {isa = PBXFileReference; fileEncoding = 4; lastKnownFileType = sourcecode.c.h; path = MKRMetric.h; sourceTree = "<group>"; };
		58AAA8A53CD8A5C066DC90D2 /* MKRMetricsCacheManager.m */ = {isa = PBXFileReference; fileEncoding = 4; lastKnownFileType = sourcecode.c.objc; path = MKRMetricsCacheManager.m; sourceTree = "<group>"; };
		58AAA8B6FFD1B86EB0225EF2 /* MKRUsersListPresenter.m */ = {isa = PBXFileReference; fileEncoding = 4; lastKnownFileType = sourcecode.c.objc; path = MKRUsersListPresenter.m; sourceTree = "<group>"; };
		58AAA8BE81DAB3BA9EEB3EDD /* MKRDeclineDuelNetworkMethod.m */ = {isa = PBXFileReference; fileEncoding = 4; lastKnownFileType = sourcecode.c.objc; path = MKRDeclineDuelNetworkMethod.m; sourceTree = "<group>"; };
		58AAA8E98126F67FB88DB85B /* MKRUserDataSource.m */ = {isa = PBXFileReference; fileEncoding = 4; lastKnownFileType = sourcecode.c.objc; path = MKRUserDataSource.m; sourceTree = "<group>"; };
		58AAA92DCE44DC937AF47BCD /* MKRGlobalErrorsObserver.m */ = {isa = PBXFileReference; fileEncoding = 4; lastKnownFileType = sourcecode.c.objc; path = MKRGlobalErrorsObserver.m; sourceTree = "<group>"; };
		58AAA93620144DDDFC7F594F /* MKRLoginCodeInputView.h */ = {isa = PBXFileReference; fileEncoding = 4; lastKnownFileType = sourcecode.c.h; path = MKRLoginCodeInputView.h; sourceTree = "<group>"; };
		58AAA93A0A772C8976DE4E7B /* MKRPushService.m */ = {isa = PBXFileReference; fileEncoding = 4; lastKnownFileType = sourcecode.c.objc; path = MKRPushService.m; sourceTree = "<group>"; };
		58AAA956B129152C02119AF6 /* MKRUserService.h */ = {isa = PBXFileReference; fileEncoding = 4; lastKnownFileType = sourcecode.c.h; path = MKRUserService.h; sourceTree = "<group>"; };
		58AAA9841CF180E2F7AFD130 /* MKRUtils.h */ = {isa = PBXFileReference; fileEncoding = 4; lastKnownFileType = sourcecode.c.h; path = MKRUtils.h; sourceTree = "<group>"; };
		58AAA9B3A2C89D454E8E4EE6 /* MKRMetricsListNetworkMethod.h */ = {isa = PBXFileReference; fileEncoding = 4; lastKnownFileType = sourcecode.c.h; path = MKRMetricsListNetworkMethod.h; sourceTree = "<group>"; };
		58AAA9F4815FA815E55ACCA9 /* MKRMetricsService.m */ = {isa = PBXFileReference; fileEncoding = 4; lastKnownFileType = sourcecode.c.objc; path = MKRMetricsService.m; sourceTree = "<group>"; };
		58AAAA15CB9F4CFA1700219F /* MKRAuthRequestNetworkMethod.h */ = {isa = PBXFileReference; fileEncoding = 4; lastKnownFileType = sourcecode.c.h; path = MKRAuthRequestNetworkMethod.h; sourceTree = "<group>"; };
		58AAAA237C5E979A12799FC9 /* MKRDuel.h */ = {isa = PBXFileReference; fileEncoding = 4; lastKnownFileType = sourcecode.c.h; path = MKRDuel.h; sourceTree = "<group>"; };
		58AAAA3F3DB8A8F2FB564F99 /* MKRDepartment.h */ = {isa = PBXFileReference; fileEncoding = 4; lastKnownFileType = sourcecode.c.h; path = MKRDepartment.h; sourceTree = "<group>"; };
		58AAAA4E703375BBEE818CC6 /* MKREntityWithId.m */ = {isa = PBXFileReference; fileEncoding = 4; lastKnownFileType = sourcecode.c.objc; path = MKREntityWithId.m; sourceTree = "<group>"; };
		58AAAA611C577D81037F359D /* MKRUserDataSource.h */ = {isa = PBXFileReference; fileEncoding = 4; lastKnownFileType = sourcecode.c.h; path = MKRUserDataSource.h; sourceTree = "<group>"; };
		58AAAA7EC208EC90141CA11C /* MKRUtils.m */ = {isa = PBXFileReference; fileEncoding = 4; lastKnownFileType = sourcecode.c.objc; path = MKRUtils.m; sourceTree = "<group>"; };
		58AAAA902238FA7E3F378A20 /* MKRStatsDataSource.h */ = {isa = PBXFileReference; fileEncoding = 4; lastKnownFileType = sourcecode.c.h; path = MKRStatsDataSource.h; sourceTree = "<group>"; };
		58AAAA9E898E59E1167FAA3A /* MKRDuelsService.m */ = {isa = PBXFileReference; fileEncoding = 4; lastKnownFileType = sourcecode.c.objc; path = MKRDuelsService.m; sourceTree = "<group>"; };
		58AAAAC46CB1A8FFBC966A88 /* MKRAuthCredentials.m */ = {isa = PBXFileReference; fileEncoding = 4; lastKnownFileType = sourcecode.c.objc; path = MKRAuthCredentials.m; sourceTree = "<group>"; };
		58AAAAD41252901CFB1F6C57 /* MKRStatsNetworkMethod.m */ = {isa = PBXFileReference; fileEncoding = 4; lastKnownFileType = sourcecode.c.objc; path = MKRStatsNetworkMethod.m; sourceTree = "<group>"; };
		58AAAAF55FF91A860159377A /* MKRUserCacheManager.h */ = {isa = PBXFileReference; fileEncoding = 4; lastKnownFileType = sourcecode.c.h; path = MKRUserCacheManager.h; sourceTree = "<group>"; };
		58AAAB150AB9B30D0A8C8183 /* MKRBaseNetworkMethod.h */ = {isa = PBXFileReference; fileEncoding = 4; lastKnownFileType = sourcecode.c.h; path = MKRBaseNetworkMethod.h; sourceTree = "<group>"; };
		58AAAB1DF255977BE4535DD4 /* MKRFullUser.h */ = {isa = PBXFileReference; fileEncoding = 4; lastKnownFileType = sourcecode.c.h; path = MKRFullUser.h; sourceTree = "<group>"; };
		58AAAB1E150F3083646D6A98 /* MKRRegisterPushNotificationsNetworkMethod.h */ = {isa = PBXFileReference; fileEncoding = 4; lastKnownFileType = sourcecode.c.h; path = MKRRegisterPushNotificationsNetworkMethod.h; sourceTree = "<group>"; };
		58AAAB59EE1D2D5117F10397 /* MKRResponseInfo.m */ = {isa = PBXFileReference; fileEncoding = 4; lastKnownFileType = sourcecode.c.objc; path = MKRResponseInfo.m; sourceTree = "<group>"; };
		58AAAB5FAD1B70BC5DF4D9F0 /* UIColor+MKRColor.h */ = {isa = PBXFileReference; fileEncoding = 4; lastKnownFileType = sourcecode.c.h; path = "UIColor+MKRColor.h"; sourceTree = "<group>"; };
		58AAAB6898C90EA2409CD729 /* MKRCreateDuelNetworkMethod.m */ = {isa = PBXFileReference; fileEncoding = 4; lastKnownFileType = sourcecode.c.objc; path = MKRCreateDuelNetworkMethod.m; sourceTree = "<group>"; };
		58AAAB6A56094A696BF8F51B /* MKRMetricsDataSource.h */ = {isa = PBXFileReference; fileEncoding = 4; lastKnownFileType = sourcecode.c.h; path = MKRMetricsDataSource.h; sourceTree = "<group>"; };
		58AAABB9765ADC16EF9F129F /* MKRNetworkConfigManager.m */ = {isa = PBXFileReference; fileEncoding = 4; lastKnownFileType = sourcecode.c.objc; path = MKRNetworkConfigManager.m; sourceTree = "<group>"; };
		58AAABD4302D71707044B8C3 /* MKRGetCurrentUserNetworkMethod.m */ = {isa = PBXFileReference; fileEncoding = 4; lastKnownFileType = sourcecode.c.objc; path = MKRGetCurrentUserNetworkMethod.m; sourceTree = "<group>"; };
		58AAABDA0BB82F44D56FB4D7 /* MKRGetCurrentUserNetworkMethod.h */ = {isa = PBXFileReference; fileEncoding = 4; lastKnownFileType = sourcecode.c.h; path = MKRGetCurrentUserNetworkMethod.h; sourceTree = "<group>"; };
		58AAABFD2B9ABEB3E2F7889E /* MKRUserService.m */ = {isa = PBXFileReference; fileEncoding = 4; lastKnownFileType = sourcecode.c.objc; path = MKRUserService.m; sourceTree = "<group>"; };
		58AAAC024872112B50B01761 /* MKRStatsCacheManager.m */ = {isa = PBXFileReference; fileEncoding = 4; lastKnownFileType = sourcecode.c.objc; path = MKRStatsCacheManager.m; sourceTree = "<group>"; };
		58AAAC121C56BCD8371D884E /* MKRDuelsListNetworkMethod.h */ = {isa = PBXFileReference; fileEncoding = 4; lastKnownFileType = sourcecode.c.h; path = MKRDuelsListNetworkMethod.h; sourceTree = "<group>"; };
		58AAAC292D858E167AD88E6D /* MKRGetUserNetworkMethod.h */ = {isa = PBXFileReference; fileEncoding = 4; lastKnownFileType = sourcecode.c.h; path = MKRGetUserNetworkMethod.h; sourceTree = "<group>"; };
		58AAAC95664D0C52BC965044 /* MKRLabel.h */ = {isa = PBXFileReference; fileEncoding = 4; lastKnownFileType = sourcecode.c.h; path = MKRLabel.h; sourceTree = "<group>"; };
		58AAAC99EE4B59B5A3ADBA0C /* MKRAuthService.h */ = {isa = PBXFileReference; fileEncoding = 4; lastKnownFileType = sourcecode.c.h; path = MKRAuthService.h; sourceTree = "<group>"; };
		58AAACDD911BDFB29616FE1D /* MKRAuthSecretKey.h */ = {isa = PBXFileReference; fileEncoding = 4; lastKnownFileType = sourcecode.c.h; path = MKRAuthSecretKey.h; sourceTree = "<group>"; };
		58AAACE5B76A0E83ED9F8E8B /* MKRBaseNetworkMethod.m */ = {isa = PBXFileReference; fileEncoding = 4; lastKnownFileType = sourcecode.c.objc; path = MKRBaseNetworkMethod.m; sourceTree = "<group>"; };
		58AAAD072B2988C85D004868 /* MKRPushService.h */ = {isa = PBXFileReference; fileEncoding = 4; lastKnownFileType = sourcecode.c.h; path = MKRPushService.h; sourceTree = "<group>"; };
		58AAAD0AA863BEBCFB8E1077 /* MKRDuelsListPresenter.m */ = {isa = PBXFileReference; fileEncoding = 4; lastKnownFileType = sourcecode.c.objc; path = MKRDuelsListPresenter.m; sourceTree = "<group>"; };
		58AAAD2DBD326B98490C1159 /* MKRErrorContainer.m */ = {isa = PBXFileReference; fileEncoding = 4; lastKnownFileType = sourcecode.c.objc; path = MKRErrorContainer.m; sourceTree = "<group>"; };
		58AAAD4B9912FB988F4B0DD3 /* MKRGlobalErrorsObserver.h */ = {isa = PBXFileReference; fileEncoding = 4; lastKnownFileType = sourcecode.c.h; path = MKRGlobalErrorsObserver.h; sourceTree = "<group>"; };
		58AAAD66F35DD10442768CD2 /* MKRStatsPresenter.h */ = {isa = PBXFileReference; fileEncoding = 4; lastKnownFileType = sourcecode.c.h; path = MKRStatsPresenter.h; sourceTree = "<group>"; };
		58AAAD85376567575208749A /* MKRImage.h */ = {isa = PBXFileReference; fileEncoding = 4; lastKnownFileType = sourcecode.c.h; path = MKRImage.h; sourceTree = "<group>"; };
		58AAADC1AC19A4796CA3813D /* MKRMetricsCacheManager.h */ = {isa = PBXFileReference; fileEncoding = 4; lastKnownFileType = sourcecode.c.h; path = MKRMetricsCacheManager.h; sourceTree = "<group>"; };
		58AAADDB065B43658C3030A0 /* MKRUser.h */ = {isa = PBXFileReference; fileEncoding = 4; lastKnownFileType = sourcecode.c.h; path = MKRUser.h; sourceTree = "<group>"; };
		58AAADDC27537FB9FE5BED1B /* MKRMetricsListPresenter.m */ = {isa = PBXFileReference; fileEncoding = 4; lastKnownFileType = sourcecode.c.objc; path = MKRMetricsListPresenter.m; sourceTree = "<group>"; };
		58AAADE70D9F0F892DCF9850 /* CALayer+RuntimeAttribute.m */ = {isa = PBXFileReference; fileEncoding = 4; lastKnownFileType = sourcecode.c.objc; path = "CALayer+RuntimeAttribute.m"; sourceTree = "<group>"; };
		58AAADF548406D5576E1E05D /* MKRDuelsCacheManager.m */ = {isa = PBXFileReference; fileEncoding = 4; lastKnownFileType = sourcecode.c.objc; path = MKRDuelsCacheManager.m; sourceTree = "<group>"; };
		58AAAE17B8877CD0AC11CED5 /* MKRCodeField.m */ = {isa = PBXFileReference; fileEncoding = 4; lastKnownFileType = sourcecode.c.objc; path = MKRCodeField.m; sourceTree = "<group>"; };
		58AAAE6E58BC3311B5B54737 /* MKRMetricsDataSource.m */ = {isa = PBXFileReference; fileEncoding = 4; lastKnownFileType = sourcecode.c.objc; path = MKRMetricsDataSource.m; sourceTree = "<group>"; };
		58AAAE799CF584F85074A5BC /* MKRUserCacheManager.m */ = {isa = PBXFileReference; fileEncoding = 4; lastKnownFileType = sourcecode.c.objc; path = MKRUserCacheManager.m; sourceTree = "<group>"; };
		58AAAEC2D8581A0FC1AB30B4 /* MKRLogoutNetworkMethod.m */ = {isa = PBXFileReference; fileEncoding = 4; lastKnownFileType = sourcecode.c.objc; path = MKRLogoutNetworkMethod.m; sourceTree = "<group>"; };
		58AAAEC66A099124DA276FEC /* MKREntityWithId.h */ = {isa = PBXFileReference; fileEncoding = 4; lastKnownFileType = sourcecode.c.h; path = MKREntityWithId.h; sourceTree = "<group>"; };
		58AAAEE0634AB145BE7844E0 /* MKRAuthConfirmNetworkMethod.m */ = {isa = PBXFileReference; fileEncoding = 4; lastKnownFileType = sourcecode.c.objc; path = MKRAuthConfirmNetworkMethod.m; sourceTree = "<group>"; };
		58AAAEE6468985C315FE17DE /* UIViewController+Errors.h */ = {isa = PBXFileReference; fileEncoding = 4; lastKnownFileType = sourcecode.c.h; path = "UIViewController+Errors.h"; sourceTree = "<group>"; };
		58AAAEF12CB04DBE18526B59 /* MKRMetricsService.h */ = {isa = PBXFileReference; fileEncoding = 4; lastKnownFileType = sourcecode.c.h; path = MKRMetricsService.h; sourceTree = "<group>"; };
		58AAAF17B3006DF384181B35 /* CALayer+RuntimeAttribute.h */ = {isa = PBXFileReference; fileEncoding = 4; lastKnownFileType = sourcecode.c.h; path = "CALayer+RuntimeAttribute.h"; sourceTree = "<group>"; };
		58AAAF1F65630D3760371CAE /* MKRAuthSecretKey.m */ = {isa = PBXFileReference; fileEncoding = 4; lastKnownFileType = sourcecode.c.objc; path = MKRAuthSecretKey.m; sourceTree = "<group>"; };
		58AAAF5659DD3A6459B11F92 /* NSError+Extension.h */ = {isa = PBXFileReference; fileEncoding = 4; lastKnownFileType = sourcecode.c.h; path = "NSError+Extension.h"; sourceTree = "<group>"; };
		58AAAF6E477D809879164453 /* MKRStatsDataSource.m */ = {isa = PBXFileReference; fileEncoding = 4; lastKnownFileType = sourcecode.c.objc; path = MKRStatsDataSource.m; sourceTree = "<group>"; };
		58AAAF718619FDA8BF9B61CF /* MKRDuelsCacheManager.h */ = {isa = PBXFileReference; fileEncoding = 4; lastKnownFileType = sourcecode.c.h; path = MKRDuelsCacheManager.h; sourceTree = "<group>"; };
		58AAAF8AF28F952D99FC304E /* MKRRegisterPushNotificationsNetworkMethod.m */ = {isa = PBXFileReference; fileEncoding = 4; lastKnownFileType = sourcecode.c.objc; path = MKRRegisterPushNotificationsNetworkMethod.m; sourceTree = "<group>"; };
		58AAAFB10D8DBA7AEEDDDD1D /* MKRNetworkConfigManager.h */ = {isa = PBXFileReference; fileEncoding = 4; lastKnownFileType = sourcecode.c.h; path = MKRNetworkConfigManager.h; sourceTree = "<group>"; };
		58AAAFB762F1EB0BDD00F75E /* UIColor+MKRColor.m */ = {isa = PBXFileReference; fileEncoding = 4; lastKnownFileType = sourcecode.c.objc; path = "UIColor+MKRColor.m"; sourceTree = "<group>"; };
		58AAAFC5B4699736D0F12D27 /* UIFont+MKRFont.m */ = {isa = PBXFileReference; fileEncoding = 4; lastKnownFileType = sourcecode.c.objc; path = "UIFont+MKRFont.m"; sourceTree = "<group>"; };
		74233A321D96478E007B3B4D /* MKRProfileGraphTableViewCell.h */ = {isa = PBXFileReference; fileEncoding = 4; lastKnownFileType = sourcecode.c.h; path = MKRProfileGraphTableViewCell.h; sourceTree = "<group>"; };
		74233A331D96478E007B3B4D /* MKRProfileGraphTableViewCell.m */ = {isa = PBXFileReference; fileEncoding = 4; lastKnownFileType = sourcecode.c.objc; path = MKRProfileGraphTableViewCell.m; sourceTree = "<group>"; };
		74233A351D964BF6007B3B4D /* MKRProgressView.h */ = {isa = PBXFileReference; fileEncoding = 4; lastKnownFileType = sourcecode.c.h; path = MKRProgressView.h; sourceTree = "<group>"; };
		74233A361D964BF6007B3B4D /* MKRProgressView.m */ = {isa = PBXFileReference; fileEncoding = 4; lastKnownFileType = sourcecode.c.objc; path = MKRProgressView.m; sourceTree = "<group>"; };
		8C7213B989BA63949FC458B0 /* Pods-rostel.release.xcconfig */ = {isa = PBXFileReference; includeInIndex = 1; lastKnownFileType = text.xcconfig; name = "Pods-rostel.release.xcconfig"; path = "Pods/Target Support Files/Pods-rostel/Pods-rostel.release.xcconfig"; sourceTree = "<group>"; };
		BAECC5DF7CA97FF3F08E0A09 /* Pods-rostel.debug.xcconfig */ = {isa = PBXFileReference; includeInIndex = 1; lastKnownFileType = text.xcconfig; name = "Pods-rostel.debug.xcconfig"; path = "Pods/Target Support Files/Pods-rostel/Pods-rostel.debug.xcconfig"; sourceTree = "<group>"; };
		DEA0D13DA0BB1AB30FB784D5 /* libPods-rostel.a */ = {isa = PBXFileReference; explicitFileType = archive.ar; includeInIndex = 0; path = "libPods-rostel.a"; sourceTree = BUILT_PRODUCTS_DIR; };
/* End PBXFileReference section */

/* Begin PBXFrameworksBuildPhase section */
		3A50DCB71D90DA9D00FE1A76 /* Frameworks */ = {
			isa = PBXFrameworksBuildPhase;
			buildActionMask = 2147483647;
			files = (
				3ADA42C495B9B9C859ADEA98 /* libPods-rostel.a in Frameworks */,
			);
			runOnlyForDeploymentPostprocessing = 0;
		};
/* End PBXFrameworksBuildPhase section */

/* Begin PBXGroup section */
		101212CE4E941E2DC66650F7 /* Frameworks */ = {
			isa = PBXGroup;
			children = (
				DEA0D13DA0BB1AB30FB784D5 /* libPods-rostel.a */,
			);
			name = Frameworks;
			sourceTree = "<group>";
		};
		3A50DCB11D90DA9D00FE1A76 = {
			isa = PBXGroup;
			children = (
				3A50DCBC1D90DA9D00FE1A76 /* rostel */,
				3A50DCBB1D90DA9D00FE1A76 /* Products */,
				5C080137E19DDF32918E95FA /* Pods */,
				101212CE4E941E2DC66650F7 /* Frameworks */,
				58AAAEBE53AEB97FA373B5DA /* rostelSources */,
				58AAA4B9C63CA49F0C0C5F70 /* rostelResources */,
			);
			sourceTree = "<group>";
		};
		3A50DCBB1D90DA9D00FE1A76 /* Products */ = {
			isa = PBXGroup;
			children = (
				3A50DCBA1D90DA9D00FE1A76 /* rostel.app */,
			);
			name = Products;
			sourceTree = "<group>";
		};
		3A50DCBC1D90DA9D00FE1A76 /* rostel */ = {
			isa = PBXGroup;
			children = (
				3A00A1831D94C34F009CFA1A /* rostel.entitlements */,
				3A50DCC01D90DA9D00FE1A76 /* MKRAppDelegate.h */,
				3A50DCC11D90DA9D00FE1A76 /* MKRAppDelegate.m */,
				3A50DCC91D90DA9D00FE1A76 /* Assets.xcassets */,
				3A50DCCB1D90DA9D00FE1A76 /* LaunchScreen.storyboard */,
				3A50DCCE1D90DA9D00FE1A76 /* Info.plist */,
				3A50DCBD1D90DA9D00FE1A76 /* Supporting Files */,
			);
			path = rostel;
			sourceTree = "<group>";
		};
		3A50DCBD1D90DA9D00FE1A76 /* Supporting Files */ = {
			isa = PBXGroup;
			children = (
				3A50DCBE1D90DA9D00FE1A76 /* main.m */,
			);
			name = "Supporting Files";
			sourceTree = "<group>";
		};
		58AAA05DC608662FC8E6D79F /* StrangeShit */ = {
			isa = PBXGroup;
			children = (
				58AAA5BC83E320F211E35FD0 /* Entities */,
				58AAA33B0BAFCBCC4A9F655D /* Methods */,
				58AAAA26092925B89664E38E /* Services */,
				58AAA4E2E17EA0ABA0E68A94 /* Presenters */,
			);
			path = StrangeShit;
			sourceTree = "<group>";
		};
		58AAA11BF4DEFFC51E4417CB /* Metric */ = {
			isa = PBXGroup;
			children = (
				58AAAEB90F3B4B490FCFFC2C /* Entities */,
				58AAAB68C06DEE10AF5858A1 /* Methods */,
				58AAAE840A6BA314D32AFCC4 /* Services */,
				58AAA6E02C4FE3E9A47F628F /* Presenters */,
			);
			path = Metric;
			sourceTree = "<group>";
		};
		58AAA18E90E97517E6C92500 /* Services */ = {
			isa = PBXGroup;
			children = (
				58AAA956B129152C02119AF6 /* MKRUserService.h */,
				58AAABFD2B9ABEB3E2F7889E /* MKRUserService.m */,
				58AAAAF55FF91A860159377A /* MKRUserCacheManager.h */,
				58AAAE799CF584F85074A5BC /* MKRUserCacheManager.m */,
				58AAA8E98126F67FB88DB85B /* MKRUserDataSource.m */,
				58AAAA611C577D81037F359D /* MKRUserDataSource.h */,
			);
			path = Services;
			sourceTree = "<group>";
		};
		58AAA23670B9AFFFA338049B /* Services */ = {
			isa = PBXGroup;
			children = (
				58AAA7F590458B7A5CFF0C50 /* MKRBaseCacheManager.h */,
				58AAA694AEE1F05B5D79CD3F /* MKRBaseCacheManager.m */,
				58AAAB150AB9B30D0A8C8183 /* MKRBaseNetworkMethod.h */,
				58AAACE5B76A0E83ED9F8E8B /* MKRBaseNetworkMethod.m */,
			);
			path = Services;
			sourceTree = "<group>";
		};
		58AAA28CB9B06A622E80C165 /* Department */ = {
			isa = PBXGroup;
			children = (
				58AAA73FB5D92BFBC2555611 /* Entities */,
			);
			path = Department;
			sourceTree = "<group>";
		};
		58AAA2CFCA726376EC7DF167 /* Services */ = {
			isa = PBXGroup;
			children = (
				58AAAC99EE4B59B5A3ADBA0C /* MKRAuthService.h */,
				58AAA2353942252275BD67C0 /* MKRAuthService.m */,
				58AAA0CEBA75BB40D5013385 /* MKRLogoutNetworkMethod.h */,
				58AAAEC2D8581A0FC1AB30B4 /* MKRLogoutNetworkMethod.m */,
				58AAA6FC290DC934BBC55FF1 /* MKRAuthConfirmNetworkMethod.h */,
				58AAAEE0634AB145BE7844E0 /* MKRAuthConfirmNetworkMethod.m */,
				58AAAA15CB9F4CFA1700219F /* MKRAuthRequestNetworkMethod.h */,
				58AAA387649363A3E614D667 /* MKRAuthRequestNetworkMethod.m */,
				58AAA7B93AEF1A0F37695DFB /* MKRAuthCredentialCacheManager.h */,
				58AAA000C7B0096CD0666E6C /* MKRAuthCredentialCacheManager.m */,
			);
			path = Services;
			sourceTree = "<group>";
		};
		58AAA33A401ED5E4E6923864 /* Design */ = {
			isa = PBXGroup;
			children = (
				58AAAC95664D0C52BC965044 /* MKRLabel.h */,
				58AAA5363F62D9890B4814BB /* MKRLabel.m */,
				58AAA563699F95590F48E9F6 /* UIFont+MKRFont.h */,
				58AAAFC5B4699736D0F12D27 /* UIFont+MKRFont.m */,
				58AAAB5FAD1B70BC5DF4D9F0 /* UIColor+MKRColor.h */,
				58AAAFB762F1EB0BDD00F75E /* UIColor+MKRColor.m */,
				58AAAF17B3006DF384181B35 /* CALayer+RuntimeAttribute.h */,
				58AAADE70D9F0F892DCF9850 /* CALayer+RuntimeAttribute.m */,
			);
			path = Design;
			sourceTree = "<group>";
		};
		58AAA33B0BAFCBCC4A9F655D /* Methods */ = {
			isa = PBXGroup;
			children = (
				58AAAAD41252901CFB1F6C57 /* MKRStatsNetworkMethod.m */,
				58AAA25FC0927E74DCE4C742 /* MKRStatsNetworkMethod.h */,
			);
			path = Methods;
			sourceTree = "<group>";
		};
		58AAA3C04E2C247308242FBB /* Duel */ = {
			isa = PBXGroup;
			children = (
				58AAAF10CD75DDB15D86D919 /* Entities */,
				58AAA5C01B360E8DE5D190C7 /* Methods */,
				58AAAD9A70A11BBE82C87FC4 /* Services */,
				58AAA6E5C0931E911A4AAAE8 /* Presenters */,
			);
			path = Duel;
			sourceTree = "<group>";
		};
		58AAA4438A57F58DC39A514B /* Entities */ = {
			isa = PBXGroup;
			children = (
				58AAA6B7B76C14EBEADEA9FF /* MKRServerError.h */,
				58AAA04A1DD9CAE29831721B /* MKRServerError.m */,
				58AAAEC66A099124DA276FEC /* MKREntityWithId.h */,
				58AAAA4E703375BBEE818CC6 /* MKREntityWithId.m */,
				58AAA80DA7FB05226A275944 /* MKRResponseInfo.h */,
				58AAAB59EE1D2D5117F10397 /* MKRResponseInfo.m */,
				58AAA1784254A7609743D38B /* MKRErrorContainer.h */,
				58AAAD2DBD326B98490C1159 /* MKRErrorContainer.m */,
			);
			path = Entities;
			sourceTree = "<group>";
		};
		58AAA4469F68D0CC7E53764F /* Settings */ = {
			isa = PBXGroup;
			children = (
				3A4BE38A1D976E6600C5EB24 /* MKRSettingsViewController.h */,
				3A4BE38B1D976E6600C5EB24 /* MKRSettingsViewController.m */,
				3A4BE38D1D976E7300C5EB24 /* settings.storyboard */,
			);
			path = Settings;
			sourceTree = "<group>";
		};
		58AAA459F09674DB0E568204 /* Entities */ = {
			isa = PBXGroup;
			children = (
				58AAA4618BDAB50E1535A020 /* MKRAchievement.m */,
				58AAA17C98D0CF99B740FE23 /* MKRAchievement.h */,
				58AAA0388AD16CD433C26280 /* MKRUserAchievement.m */,
				58AAA34DA3C94A9DCA3CAA18 /* MKRUserAchievement.h */,
			);
			path = Entities;
			sourceTree = "<group>";
		};
		58AAA4B9C63CA49F0C0C5F70 /* rostelResources */ = {
			isa = PBXGroup;
			children = (
				58AAA811086FD041BA5444B9 /* MKRLocalizableConsts.h */,
			);
			path = rostelResources;
			sourceTree = "<group>";
		};
		58AAA4D5D2367509B95CE9D4 /* Entities */ = {
			isa = PBXGroup;
			children = (
				58AAACDD911BDFB29616FE1D /* MKRAuthSecretKey.h */,
				58AAAF1F65630D3760371CAE /* MKRAuthSecretKey.m */,
				58AAA0AAFF7662E80168A0D4 /* MKRAuthCredentials.h */,
				58AAAAC46CB1A8FFBC966A88 /* MKRAuthCredentials.m */,
			);
			path = Entities;
			sourceTree = "<group>";
		};
		58AAA4E2E17EA0ABA0E68A94 /* Presenters */ = {
			isa = PBXGroup;
			children = (
				58AAA29A0A54A1FC64ABDBCF /* MKRStatsPresenter.m */,
				58AAAD66F35DD10442768CD2 /* MKRStatsPresenter.h */,
			);
			path = Presenters;
			sourceTree = "<group>";
		};
		58AAA581C471A690BBB05E15 /* Entities */ = {
			isa = PBXGroup;
			children = (
				58AAAD85376567575208749A /* MKRImage.h */,
				58AAA6B4BDD2869E5DA9BAE6 /* MKRImage.m */,
			);
			path = Entities;
			sourceTree = "<group>";
		};
		58AAA5BC83E320F211E35FD0 /* Entities */ = {
			isa = PBXGroup;
			children = (
				58AAA0A466EB4B7276FE33CF /* MKRStrangeObject.m */,
				58AAA07E113481356EBC45C1 /* MKRStrangeObject.h */,
			);
			path = Entities;
			sourceTree = "<group>";
		};
		58AAA5C01B360E8DE5D190C7 /* Methods */ = {
			isa = PBXGroup;
			children = (
				58AAA7A64AC8CC121AEA2A94 /* MKRDuelsListNetworkMethod.m */,
				58AAAC121C56BCD8371D884E /* MKRDuelsListNetworkMethod.h */,
				58AAA205FD23E9D9BB132E50 /* MKRAcceptDuelNetworkMethod.m */,
				58AAA72A12C6BDF1C5C43A03 /* MKRAcceptDuelNetworkMethod.h */,
				58AAA8BE81DAB3BA9EEB3EDD /* MKRDeclineDuelNetworkMethod.m */,
				58AAA123B1518BA97C904FFE /* MKRDeclineDuelNetworkMethod.h */,
				58AAAB6898C90EA2409CD729 /* MKRCreateDuelNetworkMethod.m */,
				58AAA37951147797D9D5DAAB /* MKRCreateDuelNetworkMethod.h */,
			);
			path = Methods;
			sourceTree = "<group>";
		};
		58AAA5C6C777E8AA2353B9A6 /* Views */ = {
			isa = PBXGroup;
			children = (
				3A146A3F1D95456A0001F56D /* MKRRatingTableViewCell.h */,
				3A146A401D95456A0001F56D /* MKRRatingTableViewCell.m */,
			);
			path = Views;
			sourceTree = "<group>";
		};
		58AAA5D9AA90C1F58234C47F /* Presenters */ = {
			isa = PBXGroup;
			children = (
				58AAA8B6FFD1B86EB0225EF2 /* MKRUsersListPresenter.m */,
				58AAA34A9DA513574BE488B6 /* MKRUsersListPresenter.h */,
			);
			path = Presenters;
			sourceTree = "<group>";
		};
		58AAA69586E15D39AD066208 /* Controllers */ = {
			isa = PBXGroup;
			children = (
				58AAACABB7F73B461AD02272 /* Base */,
				58AAA7E8AE600FC00377C84A /* Auth */,
				58AAAF26671CC7916C955DC5 /* Rating */,
				58AAA79050E8D0CE9505081D /* Profile */,
				58AAAE3B9E0B88C933194980 /* Duel */,
				58AAA4469F68D0CC7E53764F /* Settings */,
			);
			path = Controllers;
			sourceTree = "<group>";
		};
		58AAA6E02C4FE3E9A47F628F /* Presenters */ = {
			isa = PBXGroup;
			children = (
				58AAADDC27537FB9FE5BED1B /* MKRMetricsListPresenter.m */,
				58AAA0D89EB676074F3073EA /* MKRMetricsListPresenter.h */,
			);
			path = Presenters;
			sourceTree = "<group>";
		};
		58AAA6E5C0931E911A4AAAE8 /* Presenters */ = {
			isa = PBXGroup;
			children = (
				58AAAD0AA863BEBCFB8E1077 /* MKRDuelsListPresenter.m */,
				58AAA6E9124B7F63AF825D3C /* MKRDuelsListPresenter.h */,
			);
			path = Presenters;
			sourceTree = "<group>";
		};
		58AAA73FB5D92BFBC2555611 /* Entities */ = {
			isa = PBXGroup;
			children = (
				58AAA24870CFA05E4AA021F8 /* MKRDepartment.m */,
				58AAAA3F3DB8A8F2FB564F99 /* MKRDepartment.h */,
			);
			path = Entities;
			sourceTree = "<group>";
		};
		58AAA7893D81301154453957 /* Views */ = {
			isa = PBXGroup;
			children = (
				3AB67B061D961084003B4FE0 /* MKRProfileAchievementCollectionViewCell.h */,
				3AB67B071D961084003B4FE0 /* MKRProfileAchievementCollectionViewCell.m */,
				74233A321D96478E007B3B4D /* MKRProfileGraphTableViewCell.h */,
				74233A331D96478E007B3B4D /* MKRProfileGraphTableViewCell.m */,
				74233A351D964BF6007B3B4D /* MKRProgressView.h */,
				74233A361D964BF6007B3B4D /* MKRProgressView.m */,
			);
			name = Views;
			path = ../Profile/Views;
			sourceTree = "<group>";
		};
		58AAA79050E8D0CE9505081D /* Profile */ = {
			isa = PBXGroup;
			children = (
				3AB67AFE1D95FDE5003B4FE0 /* profile.storyboard */,
				3AB67B001D9604A4003B4FE0 /* MKRProfileViewController.h */,
				3AB67B011D9604A4003B4FE0 /* MKRProfileViewController.m */,
			);
			path = Profile;
			sourceTree = "<group>";
		};
		58AAA79584AA30B684B1DAEA /* Methods */ = {
			isa = PBXGroup;
			children = (
				58AAABDA0BB82F44D56FB4D7 /* MKRGetCurrentUserNetworkMethod.h */,
				58AAABD4302D71707044B8C3 /* MKRGetCurrentUserNetworkMethod.m */,
				58AAA56E21CB4C330DF38685 /* MKRGetUserNetworkMethod.m */,
				58AAAC292D858E167AD88E6D /* MKRGetUserNetworkMethod.h */,
				58AAA55961A42D970960E85B /* MKRUsersListNetworkMethod.m */,
				58AAA34DFD5A27AB907AB8B6 /* MKRUsersListNetworkMethod.h */,
			);
			path = Methods;
			sourceTree = "<group>";
		};
		58AAA7E8AE600FC00377C84A /* Auth */ = {
			isa = PBXGroup;
			children = (
				3A50DCD41D90E4B600FE1A76 /* auth.storyboard */,
				3A50DCD61D90F89A00FE1A76 /* MKRAuthPhoneViewController.h */,
				3A50DCD71D90F89A00FE1A76 /* MKRAuthPhoneViewController.m */,
				58AAAD9566F8437D943A2079 /* Views */,
				3A50DCD91D91072200FE1A76 /* MKRAuthCodeViewController.h */,
				3A50DCDA1D91072200FE1A76 /* MKRAuthCodeViewController.m */,
				3A50DCDF1D9119EB00FE1A76 /* MKRAuthSplashViewController.h */,
				3A50DCE01D9119EB00FE1A76 /* MKRAuthSplashViewController.m */,
			);
			path = Auth;
			sourceTree = "<group>";
		};
		58AAA84FB279ACFBF09E7AE0 /* Services */ = {
			isa = PBXGroup;
			children = (
				58AAAD072B2988C85D004868 /* MKRPushService.h */,
				58AAA93A0A772C8976DE4E7B /* MKRPushService.m */,
			);
			path = Services;
			sourceTree = "<group>";
		};
		58AAA95A75D586FAD78E8CAF /* User */ = {
			isa = PBXGroup;
			children = (
				58AAAE67C0F058DC52106C8C /* Entities */,
				58AAA79584AA30B684B1DAEA /* Methods */,
				58AAA18E90E97517E6C92500 /* Services */,
				58AAA5D9AA90C1F58234C47F /* Presenters */,
			);
			path = User;
			sourceTree = "<group>";
		};
		58AAA95D8DC29A4CF137F2B5 /* Models */ = {
			isa = PBXGroup;
			children = (
				58AAACB88012F30668665A87 /* Auth */,
				58AAAA7BCE5AF74BC78BE40F /* Base */,
				58AAAA697570CB7B275FAC76 /* Image */,
				58AAA28CB9B06A622E80C165 /* Department */,
				58AAA95A75D586FAD78E8CAF /* User */,
				58AAA11BF4DEFFC51E4417CB /* Metric */,
				58AAA3C04E2C247308242FBB /* Duel */,
				58AAAB8E7D1471CD48689E96 /* Push */,
				58AAAE8D6B8E7DECD0E0F954 /* Achievement */,
				58AAA05DC608662FC8E6D79F /* StrangeShit */,
			);
			path = Models;
			sourceTree = "<group>";
		};
		58AAAA26092925B89664E38E /* Services */ = {
			isa = PBXGroup;
			children = (
				58AAAC024872112B50B01761 /* MKRStatsCacheManager.m */,
				58AAA0BA39AEDB0AB6D6B719 /* MKRStatsService.h */,
				58AAA46FA851066F4923567B /* MKRStatsCacheManager.h */,
				58AAA226D6816B03A7311F87 /* MKRStatsService.m */,
				58AAAF6E477D809879164453 /* MKRStatsDataSource.m */,
				58AAAA902238FA7E3F378A20 /* MKRStatsDataSource.h */,
			);
			path = Services;
			sourceTree = "<group>";
		};
		58AAAA5D036C0AC6692E081C /* Methods */ = {
			isa = PBXGroup;
			children = (
				58AAAB1E150F3083646D6A98 /* MKRRegisterPushNotificationsNetworkMethod.h */,
				58AAAF8AF28F952D99FC304E /* MKRRegisterPushNotificationsNetworkMethod.m */,
			);
			path = Methods;
			sourceTree = "<group>";
		};
		58AAAA697570CB7B275FAC76 /* Image */ = {
			isa = PBXGroup;
			children = (
				58AAA581C471A690BBB05E15 /* Entities */,
			);
			path = Image;
			sourceTree = "<group>";
		};
		58AAAA7BCE5AF74BC78BE40F /* Base */ = {
			isa = PBXGroup;
			children = (
				58AAA23670B9AFFFA338049B /* Services */,
				58AAA4438A57F58DC39A514B /* Entities */,
			);
			path = Base;
			sourceTree = "<group>";
		};
		58AAAB68C06DEE10AF5858A1 /* Methods */ = {
			isa = PBXGroup;
			children = (
				58AAA5E793B1FF72C6B161EC /* MKRMetricsListNetworkMethod.m */,
				58AAA9B3A2C89D454E8E4EE6 /* MKRMetricsListNetworkMethod.h */,
			);
			path = Methods;
			sourceTree = "<group>";
		};
		58AAAB8E7D1471CD48689E96 /* Push */ = {
			isa = PBXGroup;
			children = (
				58AAAA5D036C0AC6692E081C /* Methods */,
				58AAA84FB279ACFBF09E7AE0 /* Services */,
			);
			path = Push;
			sourceTree = "<group>";
		};
		58AAACABB7F73B461AD02272 /* Base */ = {
			isa = PBXGroup;
			children = (
				58AAA7893D81301154453957 /* Views */,
				58AAA1609B4BC8F283709118 /* MKRNavigationController.h */,
				58AAA3AD5ED3E63E0F581B06 /* MKRNavigationController.m */,
				3A50DCDC1D91195A00FE1A76 /* MKRTabBarController.h */,
				3A50DCDD1D91195A00FE1A76 /* MKRTabBarController.m */,
			);
			path = Base;
			sourceTree = "<group>";
		};
		58AAACB88012F30668665A87 /* Auth */ = {
			isa = PBXGroup;
			children = (
				58AAA4D5D2367509B95CE9D4 /* Entities */,
				58AAA2CFCA726376EC7DF167 /* Services */,
			);
			path = Auth;
			sourceTree = "<group>";
		};
		58AAAD9566F8437D943A2079 /* Views */ = {
			isa = PBXGroup;
			children = (
				58AAA61F1B364C05BCC2D2D9 /* MKRCodeField.h */,
				58AAAE17B8877CD0AC11CED5 /* MKRCodeField.m */,
				58AAA93620144DDDFC7F594F /* MKRLoginCodeInputView.h */,
				58AAA5D4BE5C11D6625EADE2 /* MKRLoginCodeInputView.m */,
			);
			path = Views;
			sourceTree = "<group>";
		};
		58AAAD9A70A11BBE82C87FC4 /* Services */ = {
			isa = PBXGroup;
			children = (
				58AAAA9E898E59E1167FAA3A /* MKRDuelsService.m */,
				58AAA62298589DAB9658FCC9 /* MKRDuelsService.h */,
				58AAADF548406D5576E1E05D /* MKRDuelsCacheManager.m */,
				58AAAF718619FDA8BF9B61CF /* MKRDuelsCacheManager.h */,
				58AAA59E32E34383E45BE592 /* MKRDuelsDataSource.m */,
				58AAA86B27120464B861542E /* MKRDuelsDataSource.h */,
			);
			path = Services;
			sourceTree = "<group>";
		};
		58AAADFBCA4567B1EE32E59E /* Views */ = {
			isa = PBXGroup;
			children = (
				3AB67B0E1D9627E7003B4FE0 /* MKRDuelTableViewCell.h */,
				3AB67B0F1D9627E7003B4FE0 /* MKRDuelTableViewCell.m */,
				3A4BE3841D97492C00C5EB24 /* MKRDuelSelectuserTableViewCell.h */,
				3A4BE3851D97492C00C5EB24 /* MKRDuelSelectuserTableViewCell.m */,
			);
			path = Views;
			sourceTree = "<group>";
		};
		58AAAE3B9E0B88C933194980 /* Duel */ = {
			isa = PBXGroup;
			children = (
				58AAADFBCA4567B1EE32E59E /* Views */,
				3AB67B091D961CA1003B4FE0 /* duel.storyboard */,
				3AB67B0B1D962627003B4FE0 /* MKRDuelsViewController.h */,
				3AB67B0C1D962627003B4FE0 /* MKRDuelsViewController.m */,
				3A4BE37E1D97460900C5EB24 /* MKRCreateDuelViewController.h */,
				3A4BE37F1D97460900C5EB24 /* MKRCreateDuelViewController.m */,
				3A4BE3811D97489500C5EB24 /* MKRDuelSelectuserViewController.h */,
				3A4BE3821D97489500C5EB24 /* MKRDuelSelectuserViewController.m */,
				3A4BE3871D9758FF00C5EB24 /* MKRSelectMetricsViewController.h */,
				3A4BE3881D97590000C5EB24 /* MKRSelectMetricsViewController.m */,
			);
			path = Duel;
			sourceTree = "<group>";
		};
		58AAAE67C0F058DC52106C8C /* Entities */ = {
			isa = PBXGroup;
			children = (
				58AAA7772ED24FBB4A755FC8 /* MKRUser.m */,
				58AAADDB065B43658C3030A0 /* MKRUser.h */,
				58AAA868E4EFD22F2A1E9827 /* MKRFullUser.m */,
				58AAAB1DF255977BE4535DD4 /* MKRFullUser.h */,
			);
			path = Entities;
			sourceTree = "<group>";
		};
		58AAAE840A6BA314D32AFCC4 /* Services */ = {
			isa = PBXGroup;
			children = (
				58AAA9F4815FA815E55ACCA9 /* MKRMetricsService.m */,
				58AAAEF12CB04DBE18526B59 /* MKRMetricsService.h */,
				58AAA8A53CD8A5C066DC90D2 /* MKRMetricsCacheManager.m */,
				58AAADC1AC19A4796CA3813D /* MKRMetricsCacheManager.h */,
				58AAAE6E58BC3311B5B54737 /* MKRMetricsDataSource.m */,
				58AAAB6A56094A696BF8F51B /* MKRMetricsDataSource.h */,
			);
			path = Services;
			sourceTree = "<group>";
		};
		58AAAE8D6B8E7DECD0E0F954 /* Achievement */ = {
			isa = PBXGroup;
			children = (
				58AAA459F09674DB0E568204 /* Entities */,
			);
			path = Achievement;
			sourceTree = "<group>";
		};
		58AAAEAE040A6A1171FF8DA9 /* Helpers */ = {
			isa = PBXGroup;
			children = (
				58AAA33A401ED5E4E6923864 /* Design */,
				58AAABB9765ADC16EF9F129F /* MKRNetworkConfigManager.m */,
				58AAA6A53830682B824207EF /* UIViewController+Errors.m */,
				58AAAF5659DD3A6459B11F92 /* NSError+Extension.h */,
				58AAA2C61CC7D8E3F24BB5AD /* MKRConsts.h */,
				58AAA709E7E5519A8859CC9C /* NSError+Extension.m */,
				58AAAEE6468985C315FE17DE /* UIViewController+Errors.h */,
				58AAA92DCE44DC937AF47BCD /* MKRGlobalErrorsObserver.m */,
				58AAAA7EC208EC90141CA11C /* MKRUtils.m */,
				58AAAD4B9912FB988F4B0DD3 /* MKRGlobalErrorsObserver.h */,
				58AAA9841CF180E2F7AFD130 /* MKRUtils.h */,
				58AAAFB10D8DBA7AEEDDDD1D /* MKRNetworkConfigManager.h */,
				58AAA58B41DB21D8FE296260 /* MKRSecurityManager.m */,
				58AAA6684E8B76B65DDC1F53 /* MKRSecurityManager.h */,
				58AAA7FE8D9538619101A5CF /* UIWindows+Additions.h */,
				58AAA273FAE20ED2A1D9A230 /* UIWindows+Additions.m */,
			);
			path = Helpers;
			sourceTree = "<group>";
		};
		58AAAEB90F3B4B490FCFFC2C /* Entities */ = {
			isa = PBXGroup;
			children = (
				58AAA5885B56854CAF26A35E /* MKRMetric.m */,
				58AAA8A526F5DCAF9E0CCE4D /* MKRMetric.h */,
			);
			path = Entities;
			sourceTree = "<group>";
		};
		58AAAEBE53AEB97FA373B5DA /* rostelSources */ = {
			isa = PBXGroup;
			children = (
				58AAA69586E15D39AD066208 /* Controllers */,
				58AAA95D8DC29A4CF137F2B5 /* Models */,
				58AAAEAE040A6A1171FF8DA9 /* Helpers */,
				58AAA7B86283F6637538E74A /* MKRAppDataProvider.h */,
				58AAA6E3E7D4B7A886854437 /* MKRAppDataProvider.m */,
			);
			path = rostelSources;
			sourceTree = "<group>";
		};
		58AAAF10CD75DDB15D86D919 /* Entities */ = {
			isa = PBXGroup;
			children = (
				58AAA743FECFEE8BA6725AF8 /* MKRDuel.m */,
				58AAAA237C5E979A12799FC9 /* MKRDuel.h */,
			);
			path = Entities;
			sourceTree = "<group>";
		};
		58AAAF26671CC7916C955DC5 /* Rating */ = {
			isa = PBXGroup;
			children = (
				3A146A3A1D952D910001F56D /* rating.storyboard */,
				3A146A3C1D9535570001F56D /* MKRRatingViewController.h */,
				3A146A3D1D9535570001F56D /* MKRRatingViewController.m */,
				58AAA5C6C777E8AA2353B9A6 /* Views */,
			);
			path = Rating;
			sourceTree = "<group>";
		};
		5C080137E19DDF32918E95FA /* Pods */ = {
			isa = PBXGroup;
			children = (
				BAECC5DF7CA97FF3F08E0A09 /* Pods-rostel.debug.xcconfig */,
				8C7213B989BA63949FC458B0 /* Pods-rostel.release.xcconfig */,
			);
			name = Pods;
			sourceTree = "<group>";
		};
/* End PBXGroup section */

/* Begin PBXNativeTarget section */
		3A50DCB91D90DA9D00FE1A76 /* rostel */ = {
			isa = PBXNativeTarget;
			buildConfigurationList = 3A50DCD11D90DA9D00FE1A76 /* Build configuration list for PBXNativeTarget "rostel" */;
			buildPhases = (
				B04A14AB4E704813F01A23D4 /* [CP] Check Pods Manifest.lock */,
				3A50DCB61D90DA9D00FE1A76 /* Sources */,
				3A50DCB71D90DA9D00FE1A76 /* Frameworks */,
				3A50DCB81D90DA9D00FE1A76 /* Resources */,
				CB312472417AC9586E36B7B3 /* [CP] Embed Pods Frameworks */,
				671884D4AAB934D841B06C9A /* [CP] Copy Pods Resources */,
			);
			buildRules = (
			);
			dependencies = (
			);
			name = rostel;
			productName = rostel;
			productReference = 3A50DCBA1D90DA9D00FE1A76 /* rostel.app */;
			productType = "com.apple.product-type.application";
		};
/* End PBXNativeTarget section */

/* Begin PBXProject section */
		3A50DCB21D90DA9D00FE1A76 /* Project object */ = {
			isa = PBXProject;
			attributes = {
				CLASSPREFIX = MKR;
				LastUpgradeCheck = 0800;
				ORGANIZATIONNAME = mayak;
				TargetAttributes = {
					3A50DCB91D90DA9D00FE1A76 = {
						CreatedOnToolsVersion = 8.0;
						DevelopmentTeam = 44FPHB4323;
						ProvisioningStyle = Manual;
						SystemCapabilities = {
							com.apple.Push = {
								enabled = 1;
							};
						};
					};
				};
			};
			buildConfigurationList = 3A50DCB51D90DA9D00FE1A76 /* Build configuration list for PBXProject "rostel" */;
			compatibilityVersion = "Xcode 6.3";
			developmentRegion = English;
			hasScannedForEncodings = 0;
			knownRegions = (
				en,
				Base,
			);
			mainGroup = 3A50DCB11D90DA9D00FE1A76;
			productRefGroup = 3A50DCBB1D90DA9D00FE1A76 /* Products */;
			projectDirPath = "";
			projectRoot = "";
			targets = (
				3A50DCB91D90DA9D00FE1A76 /* rostel */,
			);
		};
/* End PBXProject section */

/* Begin PBXResourcesBuildPhase section */
		3A50DCB81D90DA9D00FE1A76 /* Resources */ = {
			isa = PBXResourcesBuildPhase;
			buildActionMask = 2147483647;
			files = (
				3A50DCD51D90E4B600FE1A76 /* auth.storyboard in Resources */,
				3A146A3B1D952D910001F56D /* rating.storyboard in Resources */,
				3AB67AFF1D95FDE5003B4FE0 /* profile.storyboard in Resources */,
				3A50DCCD1D90DA9D00FE1A76 /* LaunchScreen.storyboard in Resources */,
				3A4BE38E1D976E7300C5EB24 /* settings.storyboard in Resources */,
				3AB67B0A1D961CA1003B4FE0 /* duel.storyboard in Resources */,
				3A50DCCA1D90DA9D00FE1A76 /* Assets.xcassets in Resources */,
			);
			runOnlyForDeploymentPostprocessing = 0;
		};
/* End PBXResourcesBuildPhase section */

/* Begin PBXShellScriptBuildPhase section */
		671884D4AAB934D841B06C9A /* [CP] Copy Pods Resources */ = {
			isa = PBXShellScriptBuildPhase;
			buildActionMask = 2147483647;
			files = (
			);
			inputPaths = (
			);
			name = "[CP] Copy Pods Resources";
			outputPaths = (
			);
			runOnlyForDeploymentPostprocessing = 0;
			shellPath = /bin/sh;
			shellScript = "\"${SRCROOT}/Pods/Target Support Files/Pods-rostel/Pods-rostel-resources.sh\"\n";
			showEnvVarsInLog = 0;
		};
		B04A14AB4E704813F01A23D4 /* [CP] Check Pods Manifest.lock */ = {
			isa = PBXShellScriptBuildPhase;
			buildActionMask = 2147483647;
			files = (
			);
			inputPaths = (
			);
			name = "[CP] Check Pods Manifest.lock";
			outputPaths = (
			);
			runOnlyForDeploymentPostprocessing = 0;
			shellPath = /bin/sh;
			shellScript = "diff \"${PODS_ROOT}/../Podfile.lock\" \"${PODS_ROOT}/Manifest.lock\" > /dev/null\nif [ $? != 0 ] ; then\n    # print error to STDERR\n    echo \"error: The sandbox is not in sync with the Podfile.lock. Run 'pod install' or update your CocoaPods installation.\" >&2\n    exit 1\nfi\n";
			showEnvVarsInLog = 0;
		};
		CB312472417AC9586E36B7B3 /* [CP] Embed Pods Frameworks */ = {
			isa = PBXShellScriptBuildPhase;
			buildActionMask = 2147483647;
			files = (
			);
			inputPaths = (
			);
			name = "[CP] Embed Pods Frameworks";
			outputPaths = (
			);
			runOnlyForDeploymentPostprocessing = 0;
			shellPath = /bin/sh;
			shellScript = "\"${SRCROOT}/Pods/Target Support Files/Pods-rostel/Pods-rostel-frameworks.sh\"\n";
			showEnvVarsInLog = 0;
		};
/* End PBXShellScriptBuildPhase section */

/* Begin PBXSourcesBuildPhase section */
		3A50DCB61D90DA9D00FE1A76 /* Sources */ = {
			isa = PBXSourcesBuildPhase;
			buildActionMask = 2147483647;
			files = (
				3A50DCE11D9119EB00FE1A76 /* MKRAuthSplashViewController.m in Sources */,
				3A50DCC21D90DA9D00FE1A76 /* MKRAppDelegate.m in Sources */,
				3A4BE3861D97492C00C5EB24 /* MKRDuelSelectuserTableViewCell.m in Sources */,
				3A50DCBF1D90DA9D00FE1A76 /* main.m in Sources */,
				58AAAC91842B28E215471449 /* MKRAppDataProvider.m in Sources */,
				3A4BE38C1D976E6600C5EB24 /* MKRSettingsViewController.m in Sources */,
				58AAA56B45C210E2CD3F0EE2 /* MKRAuthSecretKey.m in Sources */,
				58AAA42A1604FB4A4E41CC50 /* MKRAuthCredentials.m in Sources */,
				58AAA43FA547535CFA1DCFFF /* MKRAuthService.m in Sources */,
				58AAA44E3E621942F874C2C3 /* MKRLogoutNetworkMethod.m in Sources */,
				3A4BE3831D97489500C5EB24 /* MKRDuelSelectuserViewController.m in Sources */,
				3A146A411D95456A0001F56D /* MKRRatingTableViewCell.m in Sources */,
				58AAA732D353F726897274E5 /* MKRAuthConfirmNetworkMethod.m in Sources */,
				58AAADACAB0CD23F7AA804D9 /* MKRAuthRequestNetworkMethod.m in Sources */,
				3A50DCDB1D91072200FE1A76 /* MKRAuthCodeViewController.m in Sources */,
				58AAA45ED8656E294F1A4853 /* MKRAuthCredentialCacheManager.m in Sources */,
				58AAA278BAA52676102C029C /* MKRLabel.m in Sources */,
				58AAAC2756EC81DFF06052C1 /* UIFont+MKRFont.m in Sources */,
				58AAAEC16902B906A6735B8D /* UIColor+MKRColor.m in Sources */,
				58AAA7A8A440C58A4732C8B0 /* CALayer+RuntimeAttribute.m in Sources */,
				58AAA8BA59CAC4ECD55DFB4F /* MKRNetworkConfigManager.m in Sources */,
				3A50DCD81D90F89A00FE1A76 /* MKRAuthPhoneViewController.m in Sources */,
				58AAA95FF82435C79E24BCEC /* UIViewController+Errors.m in Sources */,
				58AAA5BAB41887CF04A39492 /* NSError+Extension.m in Sources */,
				58AAA08FBA70AC81E42E357C /* MKRGlobalErrorsObserver.m in Sources */,
				58AAA45319902DC8BAFFB1CE /* MKRUtils.m in Sources */,
				3AB67B101D9627E7003B4FE0 /* MKRDuelTableViewCell.m in Sources */,
				58AAA2848307B934F76E73BB /* MKRBaseCacheManager.m in Sources */,
				74233A341D96478F007B3B4D /* MKRProfileGraphTableViewCell.m in Sources */,
				58AAA7739EFB91024454903B /* MKRBaseNetworkMethod.m in Sources */,
				58AAA94FF281E4A26104F829 /* MKRServerError.m in Sources */,
				58AAAFF538291F2A1BF04086 /* MKREntityWithId.m in Sources */,
				58AAA808280843555267CCB8 /* MKRResponseInfo.m in Sources */,
				3A50DCDE1D91195A00FE1A76 /* MKRTabBarController.m in Sources */,
				58AAA72BF3FC1D338B1070F8 /* MKRErrorContainer.m in Sources */,
				58AAA53F3690BE978412B63C /* MKRNavigationController.m in Sources */,
				58AAA12B5EE4D7AF55D00D35 /* MKRCodeField.m in Sources */,
				58AAACA267B666B0749CBA96 /* MKRLoginCodeInputView.m in Sources */,
				3A4BE3801D97460900C5EB24 /* MKRCreateDuelViewController.m in Sources */,
				58AAAD6F32F0CCF563055F07 /* MKRImage.m in Sources */,
				58AAA4FA3DF57601D620545B /* MKRDepartment.m in Sources */,
				58AAABAF06A57D17DD13E86E /* MKRUser.m in Sources */,
				3A146A3E1D9535570001F56D /* MKRRatingViewController.m in Sources */,
				58AAAC990F834DEEB2D9CCC9 /* MKRFullUser.m in Sources */,
				58AAA30B6D94C7D4F0D7C697 /* MKRMetric.m in Sources */,
				3AB67B0D1D962627003B4FE0 /* MKRDuelsViewController.m in Sources */,
				58AAA1D2DA8E0FB75F5C0BCB /* MKRDuel.m in Sources */,
				3AB67B081D961084003B4FE0 /* MKRProfileAchievementCollectionViewCell.m in Sources */,
				74233A371D964BF6007B3B4D /* MKRProgressView.m in Sources */,
				58AAA1D1D32A4C2B3DCFA19B /* MKRGetCurrentUserNetworkMethod.m in Sources */,
				58AAA21DF3474E05A6E03C49 /* MKRGetUserNetworkMethod.m in Sources */,
				3A4BE3891D97590000C5EB24 /* MKRSelectMetricsViewController.m in Sources */,
				58AAADA0F73EB7E18C272474 /* MKRRegisterPushNotificationsNetworkMethod.m in Sources */,
				58AAA1916BF0F02D731DFA5C /* MKRPushService.m in Sources */,
				58AAA24EEEB5FC7C3893B6FF /* MKRAchievement.m in Sources */,
				58AAABB7495B5A709F0DBC69 /* MKRUserService.m in Sources */,
				58AAA282F0059D9BCD1A1675 /* MKRUserCacheManager.m in Sources */,
				58AAAF0A3C3409FDB7ABA414 /* MKRSecurityManager.m in Sources */,
				58AAAA35FA75AAF40E92095F /* MKRUsersListNetworkMethod.m in Sources */,
				3AB67B021D9604A4003B4FE0 /* MKRProfileViewController.m in Sources */,
				58AAA44C6DFF2A5880ED0F83 /* MKRUsersListPresenter.m in Sources */,
				58AAAA513FA27A845F6A2B7E /* UIWindows+Additions.m in Sources */,
				58AAA7347BA8260D6E9997D9 /* MKRUserDataSource.m in Sources */,
				58AAA609FAE3A4285B4FD4D5 /* MKRUserAchievement.m in Sources */,
				58AAA19FC23D1BC96CEE4C8E /* MKRDuelsListNetworkMethod.m in Sources */,
				58AAA93ECCE0C33898F58E15 /* MKRDuelsService.m in Sources */,
				58AAA85EEFB43EEAFBA6DAB9 /* MKRDuelsCacheManager.m in Sources */,
				58AAA88F10642D0B53125CDD /* MKRDuelsDataSource.m in Sources */,
				58AAA19199021F6C5F1DB00C /* MKRDuelsListPresenter.m in Sources */,
				58AAA8E298F92C9CC3507562 /* MKRAcceptDuelNetworkMethod.m in Sources */,
				58AAAF264295006BF55C1AB9 /* MKRDeclineDuelNetworkMethod.m in Sources */,
				58AAAF22BFD9508370BE80E6 /* MKRStrangeObject.m in Sources */,
				58AAA3ED2AA044732B6059F8 /* MKRStatsNetworkMethod.m in Sources */,
				58AAA5B6E14633F8BB62EEAB /* MKRStatsCacheManager.m in Sources */,
				58AAA26411C46CCCFEA4314C /* MKRStatsService.m in Sources */,
				58AAA4D2F2FA51B3C0D5CA00 /* MKRStatsPresenter.m in Sources */,
				58AAA9E4FCE9A3E7C4956FA3 /* MKRStatsDataSource.m in Sources */,
				58AAA00E28249D59B010CF0A /* MKRMetricsListNetworkMethod.m in Sources */,
				58AAA74349EEE53B1DC50DD7 /* MKRMetricsService.m in Sources */,
				58AAAA39D7B28137A01F3183 /* MKRMetricsCacheManager.m in Sources */,
				58AAA8A61D1733EC20065945 /* MKRMetricsListPresenter.m in Sources */,
				58AAA2C66D29FBF24B6E4F1D /* MKRMetricsDataSource.m in Sources */,
				58AAAEAE7BD03AC4BFD19C35 /* MKRCreateDuelNetworkMethod.m in Sources */,
			);
			runOnlyForDeploymentPostprocessing = 0;
		};
/* End PBXSourcesBuildPhase section */

/* Begin PBXVariantGroup section */
		3A50DCCB1D90DA9D00FE1A76 /* LaunchScreen.storyboard */ = {
			isa = PBXVariantGroup;
			children = (
				3A50DCCC1D90DA9D00FE1A76 /* Base */,
			);
			name = LaunchScreen.storyboard;
			sourceTree = "<group>";
		};
/* End PBXVariantGroup section */

/* Begin XCBuildConfiguration section */
		3A50DCCF1D90DA9D00FE1A76 /* Debug */ = {
			isa = XCBuildConfiguration;
			buildSettings = {
				ALWAYS_SEARCH_USER_PATHS = NO;
				CLANG_ANALYZER_NONNULL = YES;
				CLANG_CXX_LANGUAGE_STANDARD = "gnu++0x";
				CLANG_CXX_LIBRARY = "libc++";
				CLANG_ENABLE_MODULES = YES;
				CLANG_ENABLE_OBJC_ARC = YES;
				CLANG_WARN_BOOL_CONVERSION = YES;
				CLANG_WARN_CONSTANT_CONVERSION = YES;
				CLANG_WARN_DIRECT_OBJC_ISA_USAGE = YES_ERROR;
				CLANG_WARN_DOCUMENTATION_COMMENTS = YES;
				CLANG_WARN_EMPTY_BODY = YES;
				CLANG_WARN_ENUM_CONVERSION = YES;
				CLANG_WARN_INFINITE_RECURSION = YES;
				CLANG_WARN_INT_CONVERSION = YES;
				CLANG_WARN_OBJC_ROOT_CLASS = YES_ERROR;
				CLANG_WARN_SUSPICIOUS_MOVE = YES;
				CLANG_WARN_SUSPICIOUS_MOVES = YES;
				CLANG_WARN_UNREACHABLE_CODE = YES;
				CLANG_WARN__DUPLICATE_METHOD_MATCH = YES;
				"CODE_SIGN_IDENTITY[sdk=iphoneos*]" = "iPhone Developer";
				COPY_PHASE_STRIP = NO;
				DEBUG_INFORMATION_FORMAT = dwarf;
				ENABLE_STRICT_OBJC_MSGSEND = YES;
				ENABLE_TESTABILITY = YES;
				GCC_C_LANGUAGE_STANDARD = gnu99;
				GCC_DYNAMIC_NO_PIC = NO;
				GCC_NO_COMMON_BLOCKS = YES;
				GCC_OPTIMIZATION_LEVEL = 0;
				GCC_PREPROCESSOR_DEFINITIONS = (
					"DEBUG=1",
					"$(inherited)",
				);
				GCC_WARN_64_TO_32_BIT_CONVERSION = YES;
				GCC_WARN_ABOUT_RETURN_TYPE = YES_ERROR;
				GCC_WARN_UNDECLARED_SELECTOR = YES;
				GCC_WARN_UNINITIALIZED_AUTOS = YES_AGGRESSIVE;
				GCC_WARN_UNUSED_FUNCTION = YES;
				GCC_WARN_UNUSED_VARIABLE = YES;
				IPHONEOS_DEPLOYMENT_TARGET = 8.0;
				MTL_ENABLE_DEBUG_INFO = YES;
				ONLY_ACTIVE_ARCH = YES;
				SDKROOT = iphoneos;
			};
			name = Debug;
		};
		3A50DCD01D90DA9D00FE1A76 /* Release */ = {
			isa = XCBuildConfiguration;
			buildSettings = {
				ALWAYS_SEARCH_USER_PATHS = NO;
				CLANG_ANALYZER_NONNULL = YES;
				CLANG_CXX_LANGUAGE_STANDARD = "gnu++0x";
				CLANG_CXX_LIBRARY = "libc++";
				CLANG_ENABLE_MODULES = YES;
				CLANG_ENABLE_OBJC_ARC = YES;
				CLANG_WARN_BOOL_CONVERSION = YES;
				CLANG_WARN_CONSTANT_CONVERSION = YES;
				CLANG_WARN_DIRECT_OBJC_ISA_USAGE = YES_ERROR;
				CLANG_WARN_DOCUMENTATION_COMMENTS = YES;
				CLANG_WARN_EMPTY_BODY = YES;
				CLANG_WARN_ENUM_CONVERSION = YES;
				CLANG_WARN_INFINITE_RECURSION = YES;
				CLANG_WARN_INT_CONVERSION = YES;
				CLANG_WARN_OBJC_ROOT_CLASS = YES_ERROR;
				CLANG_WARN_SUSPICIOUS_MOVE = YES;
				CLANG_WARN_SUSPICIOUS_MOVES = YES;
				CLANG_WARN_UNREACHABLE_CODE = YES;
				CLANG_WARN__DUPLICATE_METHOD_MATCH = YES;
				"CODE_SIGN_IDENTITY[sdk=iphoneos*]" = "iPhone Developer";
				COPY_PHASE_STRIP = NO;
				DEBUG_INFORMATION_FORMAT = "dwarf-with-dsym";
				ENABLE_NS_ASSERTIONS = NO;
				ENABLE_STRICT_OBJC_MSGSEND = YES;
				GCC_C_LANGUAGE_STANDARD = gnu99;
				GCC_NO_COMMON_BLOCKS = YES;
				GCC_WARN_64_TO_32_BIT_CONVERSION = YES;
				GCC_WARN_ABOUT_RETURN_TYPE = YES_ERROR;
				GCC_WARN_UNDECLARED_SELECTOR = YES;
				GCC_WARN_UNINITIALIZED_AUTOS = YES_AGGRESSIVE;
				GCC_WARN_UNUSED_FUNCTION = YES;
				GCC_WARN_UNUSED_VARIABLE = YES;
				IPHONEOS_DEPLOYMENT_TARGET = 8.0;
				MTL_ENABLE_DEBUG_INFO = NO;
				SDKROOT = iphoneos;
				VALIDATE_PRODUCT = YES;
			};
			name = Release;
		};
		3A50DCD21D90DA9D00FE1A76 /* Debug */ = {
			isa = XCBuildConfiguration;
			baseConfigurationReference = BAECC5DF7CA97FF3F08E0A09 /* Pods-rostel.debug.xcconfig */;
			buildSettings = {
				ASSETCATALOG_COMPILER_APPICON_NAME = AppIcon;
				CODE_SIGN_ENTITLEMENTS = rostel/rostel.entitlements;
				DEVELOPMENT_TEAM = 44FPHB4323;
				INFOPLIST_FILE = rostel/Info.plist;
				IPHONEOS_DEPLOYMENT_TARGET = 8.0;
				LD_RUNPATH_SEARCH_PATHS = "$(inherited) @executable_path/Frameworks";
				PRODUCT_BUNDLE_IDENTIFIER = com.mayak.rostel;
				PRODUCT_NAME = "$(TARGET_NAME)";
				PROVISIONING_PROFILE = "6921f18f-a53e-4c9f-810b-b80046aa3902";
				PROVISIONING_PROFILE_SPECIFIER = Rosteltest;
			};
			name = Debug;
		};
		3A50DCD31D90DA9D00FE1A76 /* Release */ = {
			isa = XCBuildConfiguration;
			baseConfigurationReference = 8C7213B989BA63949FC458B0 /* Pods-rostel.release.xcconfig */;
			buildSettings = {
				ASSETCATALOG_COMPILER_APPICON_NAME = AppIcon;
				CODE_SIGN_ENTITLEMENTS = rostel/rostel.entitlements;
				DEVELOPMENT_TEAM = 44FPHB4323;
				INFOPLIST_FILE = rostel/Info.plist;
				IPHONEOS_DEPLOYMENT_TARGET = 8.0;
				LD_RUNPATH_SEARCH_PATHS = "$(inherited) @executable_path/Frameworks";
				PRODUCT_BUNDLE_IDENTIFIER = com.mayak.rostel;
				PRODUCT_NAME = "$(TARGET_NAME)";
				PROVISIONING_PROFILE = "6921f18f-a53e-4c9f-810b-b80046aa3902";
				PROVISIONING_PROFILE_SPECIFIER = Rosteltest;
			};
			name = Release;
		};
/* End XCBuildConfiguration section */

/* Begin XCConfigurationList section */
		3A50DCB51D90DA9D00FE1A76 /* Build configuration list for PBXProject "rostel" */ = {
			isa = XCConfigurationList;
			buildConfigurations = (
				3A50DCCF1D90DA9D00FE1A76 /* Debug */,
				3A50DCD01D90DA9D00FE1A76 /* Release */,
			);
			defaultConfigurationIsVisible = 0;
			defaultConfigurationName = Release;
		};
		3A50DCD11D90DA9D00FE1A76 /* Build configuration list for PBXNativeTarget "rostel" */ = {
			isa = XCConfigurationList;
			buildConfigurations = (
				3A50DCD21D90DA9D00FE1A76 /* Debug */,
				3A50DCD31D90DA9D00FE1A76 /* Release */,
			);
			defaultConfigurationIsVisible = 0;
			defaultConfigurationName = Release;
		};
/* End XCConfigurationList section */
	};
	rootObject = 3A50DCB21D90DA9D00FE1A76 /* Project object */;
}
