// !$*UTF8*$!
{
	archiveVersion = 1;
	classes = {
	};
	objectVersion = 47;
	objects = {

/* Begin PBXBuildFile section */
		3A50DCBF1D90DA9D00FE1A76 /* main.m in Sources */ = {isa = PBXBuildFile; fileRef = 3A50DCBE1D90DA9D00FE1A76 /* main.m */; };
		3A50DCC21D90DA9D00FE1A76 /* MKRAppDelegate.m in Sources */ = {isa = PBXBuildFile; fileRef = 3A50DCC11D90DA9D00FE1A76 /* MKRAppDelegate.m */; };
		3A50DCCA1D90DA9D00FE1A76 /* Assets.xcassets in Resources */ = {isa = PBXBuildFile; fileRef = 3A50DCC91D90DA9D00FE1A76 /* Assets.xcassets */; };
		3A50DCCD1D90DA9D00FE1A76 /* LaunchScreen.storyboard in Resources */ = {isa = PBXBuildFile; fileRef = 3A50DCCB1D90DA9D00FE1A76 /* LaunchScreen.storyboard */; };
		3A50DCD51D90E4B600FE1A76 /* auth.storyboard in Resources */ = {isa = PBXBuildFile; fileRef = 3A50DCD41D90E4B600FE1A76 /* auth.storyboard */; };
		3A50DCD81D90F89A00FE1A76 /* MKRAuthPhoneViewController.m in Sources */ = {isa = PBXBuildFile; fileRef = 3A50DCD71D90F89A00FE1A76 /* MKRAuthPhoneViewController.m */; };
		3A50DCDB1D91072200FE1A76 /* MKRAuthCodeViewController.m in Sources */ = {isa = PBXBuildFile; fileRef = 3A50DCDA1D91072200FE1A76 /* MKRAuthCodeViewController.m */; };
		3A50DCDE1D91195A00FE1A76 /* MKRTabBarController.m in Sources */ = {isa = PBXBuildFile; fileRef = 3A50DCDD1D91195A00FE1A76 /* MKRTabBarController.m */; };
		3A50DCE11D9119EB00FE1A76 /* MKRAuthSplashViewController.m in Sources */ = {isa = PBXBuildFile; fileRef = 3A50DCE01D9119EB00FE1A76 /* MKRAuthSplashViewController.m */; };
		3ADA42C495B9B9C859ADEA98 /* libPods-rostel.a in Frameworks */ = {isa = PBXBuildFile; fileRef = DEA0D13DA0BB1AB30FB784D5 /* libPods-rostel.a */; };
		58AAA01549B96F5EB7502FEC /* MKRParticipant.m in Sources */ = {isa = PBXBuildFile; fileRef = 58AAAE483D881D3E48C54439 /* MKRParticipant.m */; };
		58AAA08FBA70AC81E42E357C /* MKRGlobalErrorsObserver.m in Sources */ = {isa = PBXBuildFile; fileRef = 58AAA92DCE44DC937AF47BCD /* MKRGlobalErrorsObserver.m */; };
		58AAA12B5EE4D7AF55D00D35 /* MKRCodeField.m in Sources */ = {isa = PBXBuildFile; fileRef = 58AAAE17B8877CD0AC11CED5 /* MKRCodeField.m */; };
		58AAA1916BF0F02D731DFA5C /* MKRPushService.m in Sources */ = {isa = PBXBuildFile; fileRef = 58AAA93A0A772C8976DE4E7B /* MKRPushService.m */; };
		58AAA1D1D32A4C2B3DCFA19B /* MKRGetCurrentUserNetworkMethod.m in Sources */ = {isa = PBXBuildFile; fileRef = 58AAABD4302D71707044B8C3 /* MKRGetCurrentUserNetworkMethod.m */; };
		58AAA1D2DA8E0FB75F5C0BCB /* MKRDuel.m in Sources */ = {isa = PBXBuildFile; fileRef = 58AAA743FECFEE8BA6725AF8 /* MKRDuel.m */; };
		58AAA21DF3474E05A6E03C49 /* MKRGetUserNetworkMethod.m in Sources */ = {isa = PBXBuildFile; fileRef = 58AAA56E21CB4C330DF38685 /* MKRGetUserNetworkMethod.m */; };
		58AAA24EEEB5FC7C3893B6FF /* MKRAchievement.m in Sources */ = {isa = PBXBuildFile; fileRef = 58AAA4618BDAB50E1535A020 /* MKRAchievement.m */; };
		58AAA278BAA52676102C029C /* MKRLabel.m in Sources */ = {isa = PBXBuildFile; fileRef = 58AAA5363F62D9890B4814BB /* MKRLabel.m */; };
		58AAA282F0059D9BCD1A1675 /* MKRUserCacheManager.m in Sources */ = {isa = PBXBuildFile; fileRef = 58AAAE799CF584F85074A5BC /* MKRUserCacheManager.m */; };
		58AAA2848307B934F76E73BB /* MKRBaseCacheManager.m in Sources */ = {isa = PBXBuildFile; fileRef = 58AAA694AEE1F05B5D79CD3F /* MKRBaseCacheManager.m */; };
		58AAA30B6D94C7D4F0D7C697 /* MKRMetric.m in Sources */ = {isa = PBXBuildFile; fileRef = 58AAA5885B56854CAF26A35E /* MKRMetric.m */; };
		58AAA38AB697BDC68F0014E6 /* MKRFullTournament.m in Sources */ = {isa = PBXBuildFile; fileRef = 58AAA201A3B1C00AEB51A88B /* MKRFullTournament.m */; };
		58AAA42A1604FB4A4E41CC50 /* MKRAuthCredentials.m in Sources */ = {isa = PBXBuildFile; fileRef = 58AAAAC46CB1A8FFBC966A88 /* MKRAuthCredentials.m */; };
		58AAA43FA547535CFA1DCFFF /* MKRAuthService.m in Sources */ = {isa = PBXBuildFile; fileRef = 58AAA2353942252275BD67C0 /* MKRAuthService.m */; };
		58AAA44C6DFF2A5880ED0F83 /* MKRUsersListPresenter.m in Sources */ = {isa = PBXBuildFile; fileRef = 58AAA8B6FFD1B86EB0225EF2 /* MKRUsersListPresenter.m */; };
		58AAA44E3E621942F874C2C3 /* MKRLogoutNetworkMethod.m in Sources */ = {isa = PBXBuildFile; fileRef = 58AAAEC2D8581A0FC1AB30B4 /* MKRLogoutNetworkMethod.m */; };
		58AAA45319902DC8BAFFB1CE /* MKRUtils.m in Sources */ = {isa = PBXBuildFile; fileRef = 58AAAA7EC208EC90141CA11C /* MKRUtils.m */; };
		58AAA45ED8656E294F1A4853 /* MKRAuthCredentialCacheManager.m in Sources */ = {isa = PBXBuildFile; fileRef = 58AAA000C7B0096CD0666E6C /* MKRAuthCredentialCacheManager.m */; };
		58AAA4FA3DF57601D620545B /* MKRDepartment.m in Sources */ = {isa = PBXBuildFile; fileRef = 58AAA24870CFA05E4AA021F8 /* MKRDepartment.m */; };
		58AAA53F3690BE978412B63C /* MKRNavigationController.m in Sources */ = {isa = PBXBuildFile; fileRef = 58AAA3AD5ED3E63E0F581B06 /* MKRNavigationController.m */; };
		58AAA56B45C210E2CD3F0EE2 /* MKRAuthSecretKey.m in Sources */ = {isa = PBXBuildFile; fileRef = 58AAAF1F65630D3760371CAE /* MKRAuthSecretKey.m */; };
		58AAA5BAB41887CF04A39492 /* NSError+Extension.m in Sources */ = {isa = PBXBuildFile; fileRef = 58AAA709E7E5519A8859CC9C /* NSError+Extension.m */; };
		58AAA72BF3FC1D338B1070F8 /* MKRErrorContainer.m in Sources */ = {isa = PBXBuildFile; fileRef = 58AAAD2DBD326B98490C1159 /* MKRErrorContainer.m */; };
		58AAA732D353F726897274E5 /* MKRAuthConfirmNetworkMethod.m in Sources */ = {isa = PBXBuildFile; fileRef = 58AAAEE0634AB145BE7844E0 /* MKRAuthConfirmNetworkMethod.m */; };
		58AAA7739EFB91024454903B /* MKRBaseNetworkMethod.m in Sources */ = {isa = PBXBuildFile; fileRef = 58AAACE5B76A0E83ED9F8E8B /* MKRBaseNetworkMethod.m */; };
		58AAA7A8A440C58A4732C8B0 /* CALayer+RuntimeAttribute.m in Sources */ = {isa = PBXBuildFile; fileRef = 58AAADE70D9F0F892DCF9850 /* CALayer+RuntimeAttribute.m */; };
		58AAA808280843555267CCB8 /* MKRResponseInfo.m in Sources */ = {isa = PBXBuildFile; fileRef = 58AAAB59EE1D2D5117F10397 /* MKRResponseInfo.m */; };
		58AAA842FC2AC1ABBC275433 /* MKRParticipantStatisticElement.m in Sources */ = {isa = PBXBuildFile; fileRef = 58AAA5F1EB9CF7F5EF99783D /* MKRParticipantStatisticElement.m */; };
		58AAA8BA59CAC4ECD55DFB4F /* MKRNetworkConfigManager.m in Sources */ = {isa = PBXBuildFile; fileRef = 58AAABB9765ADC16EF9F129F /* MKRNetworkConfigManager.m */; };
		58AAA94FF281E4A26104F829 /* MKRServerError.m in Sources */ = {isa = PBXBuildFile; fileRef = 58AAA04A1DD9CAE29831721B /* MKRServerError.m */; };
		58AAA95FF82435C79E24BCEC /* UIViewController+Errors.m in Sources */ = {isa = PBXBuildFile; fileRef = 58AAA6A53830682B824207EF /* UIViewController+Errors.m */; };
		58AAAA35FA75AAF40E92095F /* MKRUsersListNetworkMethod.m in Sources */ = {isa = PBXBuildFile; fileRef = 58AAA55961A42D970960E85B /* MKRUsersListNetworkMethod.m */; };
		58AAAA513FA27A845F6A2B7E /* UIWindows+Additions.m in Sources */ = {isa = PBXBuildFile; fileRef = 58AAA273FAE20ED2A1D9A230 /* UIWindows+Additions.m */; };
		58AAABAF06A57D17DD13E86E /* MKRUser.m in Sources */ = {isa = PBXBuildFile; fileRef = 58AAA7772ED24FBB4A755FC8 /* MKRUser.m */; };
		58AAABB331DAC5D8C014F702 /* MKRTournament.m in Sources */ = {isa = PBXBuildFile; fileRef = 58AAA5F34C7BBAE3F23A155D /* MKRTournament.m */; };
		58AAABB7495B5A709F0DBC69 /* MKRUserService.m in Sources */ = {isa = PBXBuildFile; fileRef = 58AAABFD2B9ABEB3E2F7889E /* MKRUserService.m */; };
		58AAABD78502685B4B0E70A2 /* MKRTeamStatisticElement.m in Sources */ = {isa = PBXBuildFile; fileRef = 58AAA974E67EEDC5DAE87357 /* MKRTeamStatisticElement.m */; };
		58AAAC2756EC81DFF06052C1 /* UIFont+MKRFont.m in Sources */ = {isa = PBXBuildFile; fileRef = 58AAAFC5B4699736D0F12D27 /* UIFont+MKRFont.m */; };
		58AAAC91842B28E215471449 /* MKRAppDataProvider.m in Sources */ = {isa = PBXBuildFile; fileRef = 58AAA6E3E7D4B7A886854437 /* MKRAppDataProvider.m */; };
		58AAAC990F834DEEB2D9CCC9 /* MKRFullUser.m in Sources */ = {isa = PBXBuildFile; fileRef = 58AAA868E4EFD22F2A1E9827 /* MKRFullUser.m */; };
		58AAACA267B666B0749CBA96 /* MKRLoginCodeInputView.m in Sources */ = {isa = PBXBuildFile; fileRef = 58AAA5D4BE5C11D6625EADE2 /* MKRLoginCodeInputView.m */; };
		58AAACE33618EE2595A806D5 /* MKRTeam.m in Sources */ = {isa = PBXBuildFile; fileRef = 58AAA5FF68ADF64BD523ABC0 /* MKRTeam.m */; };
		58AAAD6F32F0CCF563055F07 /* MKRImage.m in Sources */ = {isa = PBXBuildFile; fileRef = 58AAA6B4BDD2869E5DA9BAE6 /* MKRImage.m */; };
		58AAADA0F73EB7E18C272474 /* MKRRegisterPushNotificationsNetworkMethod.m in Sources */ = {isa = PBXBuildFile; fileRef = 58AAAF8AF28F952D99FC304E /* MKRRegisterPushNotificationsNetworkMethod.m */; };
		58AAADACAB0CD23F7AA804D9 /* MKRAuthRequestNetworkMethod.m in Sources */ = {isa = PBXBuildFile; fileRef = 58AAA387649363A3E614D667 /* MKRAuthRequestNetworkMethod.m */; };
		58AAAEC16902B906A6735B8D /* UIColor+MKRColor.m in Sources */ = {isa = PBXBuildFile; fileRef = 58AAAFB762F1EB0BDD00F75E /* UIColor+MKRColor.m */; };
		58AAAF0A3C3409FDB7ABA414 /* MKRSecurityManager.m in Sources */ = {isa = PBXBuildFile; fileRef = 58AAA58B41DB21D8FE296260 /* MKRSecurityManager.m */; };
		58AAAFF538291F2A1BF04086 /* MKREntityWithId.m in Sources */ = {isa = PBXBuildFile; fileRef = 58AAAA4E703375BBEE818CC6 /* MKREntityWithId.m */; };
/* End PBXBuildFile section */

/* Begin PBXFileReference section */
		3A00A1831D94C34F009CFA1A /* rostel.entitlements */ = {isa = PBXFileReference; lastKnownFileType = text.plist.entitlements; path = rostel.entitlements; sourceTree = "<group>"; };
		3A50DCBA1D90DA9D00FE1A76 /* rostel.app */ = {isa = PBXFileReference; explicitFileType = wrapper.application; includeInIndex = 0; path = rostel.app; sourceTree = BUILT_PRODUCTS_DIR; };
		3A50DCBE1D90DA9D00FE1A76 /* main.m */ = {isa = PBXFileReference; lastKnownFileType = sourcecode.c.objc; path = main.m; sourceTree = "<group>"; };
		3A50DCC01D90DA9D00FE1A76 /* MKRAppDelegate.h */ = {isa = PBXFileReference; lastKnownFileType = sourcecode.c.h; path = MKRAppDelegate.h; sourceTree = "<group>"; };
		3A50DCC11D90DA9D00FE1A76 /* MKRAppDelegate.m */ = {isa = PBXFileReference; lastKnownFileType = sourcecode.c.objc; path = MKRAppDelegate.m; sourceTree = "<group>"; };
		3A50DCC91D90DA9D00FE1A76 /* Assets.xcassets */ = {isa = PBXFileReference; lastKnownFileType = folder.assetcatalog; path = Assets.xcassets; sourceTree = "<group>"; };
		3A50DCCC1D90DA9D00FE1A76 /* Base */ = {isa = PBXFileReference; lastKnownFileType = file.storyboard; name = Base; path = Base.lproj/LaunchScreen.storyboard; sourceTree = "<group>"; };
		3A50DCCE1D90DA9D00FE1A76 /* Info.plist */ = {isa = PBXFileReference; lastKnownFileType = text.plist.xml; path = Info.plist; sourceTree = "<group>"; };
		3A50DCD41D90E4B600FE1A76 /* auth.storyboard */ = {isa = PBXFileReference; fileEncoding = 4; lastKnownFileType = file.storyboard; path = auth.storyboard; sourceTree = "<group>"; };
		3A50DCD61D90F89A00FE1A76 /* MKRAuthPhoneViewController.h */ = {isa = PBXFileReference; fileEncoding = 4; lastKnownFileType = sourcecode.c.h; path = MKRAuthPhoneViewController.h; sourceTree = "<group>"; };
		3A50DCD71D90F89A00FE1A76 /* MKRAuthPhoneViewController.m */ = {isa = PBXFileReference; fileEncoding = 4; lastKnownFileType = sourcecode.c.objc; path = MKRAuthPhoneViewController.m; sourceTree = "<group>"; };
		3A50DCD91D91072200FE1A76 /* MKRAuthCodeViewController.h */ = {isa = PBXFileReference; fileEncoding = 4; lastKnownFileType = sourcecode.c.h; path = MKRAuthCodeViewController.h; sourceTree = "<group>"; };
		3A50DCDA1D91072200FE1A76 /* MKRAuthCodeViewController.m */ = {isa = PBXFileReference; fileEncoding = 4; lastKnownFileType = sourcecode.c.objc; path = MKRAuthCodeViewController.m; sourceTree = "<group>"; };
		3A50DCDC1D91195A00FE1A76 /* MKRTabBarController.h */ = {isa = PBXFileReference; fileEncoding = 4; lastKnownFileType = sourcecode.c.h; path = MKRTabBarController.h; sourceTree = "<group>"; };
		3A50DCDD1D91195A00FE1A76 /* MKRTabBarController.m */ = {isa = PBXFileReference; fileEncoding = 4; lastKnownFileType = sourcecode.c.objc; path = MKRTabBarController.m; sourceTree = "<group>"; };
		3A50DCDF1D9119EB00FE1A76 /* MKRAuthSplashViewController.h */ = {isa = PBXFileReference; fileEncoding = 4; lastKnownFileType = sourcecode.c.h; path = MKRAuthSplashViewController.h; sourceTree = "<group>"; };
		3A50DCE01D9119EB00FE1A76 /* MKRAuthSplashViewController.m */ = {isa = PBXFileReference; fileEncoding = 4; lastKnownFileType = sourcecode.c.objc; path = MKRAuthSplashViewController.m; sourceTree = "<group>"; };
		58AAA000C7B0096CD0666E6C /* MKRAuthCredentialCacheManager.m */ = {isa = PBXFileReference; fileEncoding = 4; lastKnownFileType = sourcecode.c.objc; path = MKRAuthCredentialCacheManager.m; sourceTree = "<group>"; };
		58AAA04A1DD9CAE29831721B /* MKRServerError.m */ = {isa = PBXFileReference; fileEncoding = 4; lastKnownFileType = sourcecode.c.objc; path = MKRServerError.m; sourceTree = "<group>"; };
		58AAA0AAFF7662E80168A0D4 /* MKRAuthCredentials.h */ = {isa = PBXFileReference; fileEncoding = 4; lastKnownFileType = sourcecode.c.h; path = MKRAuthCredentials.h; sourceTree = "<group>"; };
		58AAA0CEBA75BB40D5013385 /* MKRLogoutNetworkMethod.h */ = {isa = PBXFileReference; fileEncoding = 4; lastKnownFileType = sourcecode.c.h; path = MKRLogoutNetworkMethod.h; sourceTree = "<group>"; };
		58AAA1609B4BC8F283709118 /* MKRNavigationController.h */ = {isa = PBXFileReference; fileEncoding = 4; lastKnownFileType = sourcecode.c.h; path = MKRNavigationController.h; sourceTree = "<group>"; };
		58AAA1784254A7609743D38B /* MKRErrorContainer.h */ = {isa = PBXFileReference; fileEncoding = 4; lastKnownFileType = sourcecode.c.h; path = MKRErrorContainer.h; sourceTree = "<group>"; };
		58AAA17C98D0CF99B740FE23 /* MKRAchievement.h */ = {isa = PBXFileReference; fileEncoding = 4; lastKnownFileType = sourcecode.c.h; path = MKRAchievement.h; sourceTree = "<group>"; };
		58AAA201A3B1C00AEB51A88B /* MKRFullTournament.m */ = {isa = PBXFileReference; fileEncoding = 4; lastKnownFileType = sourcecode.c.objc; path = MKRFullTournament.m; sourceTree = "<group>"; };
		58AAA2353942252275BD67C0 /* MKRAuthService.m */ = {isa = PBXFileReference; fileEncoding = 4; lastKnownFileType = sourcecode.c.objc; path = MKRAuthService.m; sourceTree = "<group>"; };
		58AAA23C72E6908F41CFBCCC /* MKRParticipantStatisticElement.h */ = {isa = PBXFileReference; fileEncoding = 4; lastKnownFileType = sourcecode.c.h; path = MKRParticipantStatisticElement.h; sourceTree = "<group>"; };
		58AAA24870CFA05E4AA021F8 /* MKRDepartment.m */ = {isa = PBXFileReference; fileEncoding = 4; lastKnownFileType = sourcecode.c.objc; path = MKRDepartment.m; sourceTree = "<group>"; };
		58AAA273FAE20ED2A1D9A230 /* UIWindows+Additions.m */ = {isa = PBXFileReference; fileEncoding = 4; lastKnownFileType = sourcecode.c.objc; path = "UIWindows+Additions.m"; sourceTree = "<group>"; };
		58AAA2C61CC7D8E3F24BB5AD /* MKRConsts.h */ = {isa = PBXFileReference; fileEncoding = 4; lastKnownFileType = sourcecode.c.h; path = MKRConsts.h; sourceTree = "<group>"; };
		58AAA34A9DA513574BE488B6 /* MKRUsersListPresenter.h */ = {isa = PBXFileReference; fileEncoding = 4; lastKnownFileType = sourcecode.c.h; path = MKRUsersListPresenter.h; sourceTree = "<group>"; };
		58AAA34DFD5A27AB907AB8B6 /* MKRUsersListNetworkMethod.h */ = {isa = PBXFileReference; fileEncoding = 4; lastKnownFileType = sourcecode.c.h; path = MKRUsersListNetworkMethod.h; sourceTree = "<group>"; };
		58AAA387649363A3E614D667 /* MKRAuthRequestNetworkMethod.m */ = {isa = PBXFileReference; fileEncoding = 4; lastKnownFileType = sourcecode.c.objc; path = MKRAuthRequestNetworkMethod.m; sourceTree = "<group>"; };
		58AAA3AD5ED3E63E0F581B06 /* MKRNavigationController.m */ = {isa = PBXFileReference; fileEncoding = 4; lastKnownFileType = sourcecode.c.objc; path = MKRNavigationController.m; sourceTree = "<group>"; };
		58AAA3DB3E5D073E53E4E50F /* MKRFullTournament.h */ = {isa = PBXFileReference; fileEncoding = 4; lastKnownFileType = sourcecode.c.h; path = MKRFullTournament.h; sourceTree = "<group>"; };
		58AAA3ED6B6B0BF452998608 /* MKRTeam.h */ = {isa = PBXFileReference; fileEncoding = 4; lastKnownFileType = sourcecode.c.h; path = MKRTeam.h; sourceTree = "<group>"; };
		58AAA43803261BF34F01960B /* MKRTeamStatisticElement.h */ = {isa = PBXFileReference; fileEncoding = 4; lastKnownFileType = sourcecode.c.h; path = MKRTeamStatisticElement.h; sourceTree = "<group>"; };
		58AAA4618BDAB50E1535A020 /* MKRAchievement.m */ = {isa = PBXFileReference; fileEncoding = 4; lastKnownFileType = sourcecode.c.objc; path = MKRAchievement.m; sourceTree = "<group>"; };
		58AAA5363F62D9890B4814BB /* MKRLabel.m */ = {isa = PBXFileReference; fileEncoding = 4; lastKnownFileType = sourcecode.c.objc; path = MKRLabel.m; sourceTree = "<group>"; };
		58AAA55961A42D970960E85B /* MKRUsersListNetworkMethod.m */ = {isa = PBXFileReference; fileEncoding = 4; lastKnownFileType = sourcecode.c.objc; path = MKRUsersListNetworkMethod.m; sourceTree = "<group>"; };
		58AAA563699F95590F48E9F6 /* UIFont+MKRFont.h */ = {isa = PBXFileReference; fileEncoding = 4; lastKnownFileType = sourcecode.c.h; path = "UIFont+MKRFont.h"; sourceTree = "<group>"; };
		58AAA56E21CB4C330DF38685 /* MKRGetUserNetworkMethod.m */ = {isa = PBXFileReference; fileEncoding = 4; lastKnownFileType = sourcecode.c.objc; path = MKRGetUserNetworkMethod.m; sourceTree = "<group>"; };
		58AAA5885B56854CAF26A35E /* MKRMetric.m */ = {isa = PBXFileReference; fileEncoding = 4; lastKnownFileType = sourcecode.c.objc; path = MKRMetric.m; sourceTree = "<group>"; };
		58AAA58B41DB21D8FE296260 /* MKRSecurityManager.m */ = {isa = PBXFileReference; fileEncoding = 4; lastKnownFileType = sourcecode.c.objc; path = MKRSecurityManager.m; sourceTree = "<group>"; };
		58AAA5D4BE5C11D6625EADE2 /* MKRLoginCodeInputView.m */ = {isa = PBXFileReference; fileEncoding = 4; lastKnownFileType = sourcecode.c.objc; path = MKRLoginCodeInputView.m; sourceTree = "<group>"; };
		58AAA5F1EB9CF7F5EF99783D /* MKRParticipantStatisticElement.m */ = {isa = PBXFileReference; fileEncoding = 4; lastKnownFileType = sourcecode.c.objc; path = MKRParticipantStatisticElement.m; sourceTree = "<group>"; };
		58AAA5F34C7BBAE3F23A155D /* MKRTournament.m */ = {isa = PBXFileReference; fileEncoding = 4; lastKnownFileType = sourcecode.c.objc; path = MKRTournament.m; sourceTree = "<group>"; };
		58AAA5FF68ADF64BD523ABC0 /* MKRTeam.m */ = {isa = PBXFileReference; fileEncoding = 4; lastKnownFileType = sourcecode.c.objc; path = MKRTeam.m; sourceTree = "<group>"; };
		58AAA61F1B364C05BCC2D2D9 /* MKRCodeField.h */ = {isa = PBXFileReference; fileEncoding = 4; lastKnownFileType = sourcecode.c.h; path = MKRCodeField.h; sourceTree = "<group>"; };
		58AAA6684E8B76B65DDC1F53 /* MKRSecurityManager.h */ = {isa = PBXFileReference; fileEncoding = 4; lastKnownFileType = sourcecode.c.h; path = MKRSecurityManager.h; sourceTree = "<group>"; };
		58AAA694AEE1F05B5D79CD3F /* MKRBaseCacheManager.m */ = {isa = PBXFileReference; fileEncoding = 4; lastKnownFileType = sourcecode.c.objc; path = MKRBaseCacheManager.m; sourceTree = "<group>"; };
		58AAA6A53830682B824207EF /* UIViewController+Errors.m */ = {isa = PBXFileReference; fileEncoding = 4; lastKnownFileType = sourcecode.c.objc; path = "UIViewController+Errors.m"; sourceTree = "<group>"; };
		58AAA6B4BDD2869E5DA9BAE6 /* MKRImage.m */ = {isa = PBXFileReference; fileEncoding = 4; lastKnownFileType = sourcecode.c.objc; path = MKRImage.m; sourceTree = "<group>"; };
		58AAA6B7B76C14EBEADEA9FF /* MKRServerError.h */ = {isa = PBXFileReference; fileEncoding = 4; lastKnownFileType = sourcecode.c.h; path = MKRServerError.h; sourceTree = "<group>"; };
		58AAA6E3E7D4B7A886854437 /* MKRAppDataProvider.m */ = {isa = PBXFileReference; fileEncoding = 4; lastKnownFileType = sourcecode.c.objc; path = MKRAppDataProvider.m; sourceTree = "<group>"; };
		58AAA6FC290DC934BBC55FF1 /* MKRAuthConfirmNetworkMethod.h */ = {isa = PBXFileReference; fileEncoding = 4; lastKnownFileType = sourcecode.c.h; path = MKRAuthConfirmNetworkMethod.h; sourceTree = "<group>"; };
		58AAA709E7E5519A8859CC9C /* NSError+Extension.m */ = {isa = PBXFileReference; fileEncoding = 4; lastKnownFileType = sourcecode.c.objc; path = "NSError+Extension.m"; sourceTree = "<group>"; };
		58AAA743FECFEE8BA6725AF8 /* MKRDuel.m */ = {isa = PBXFileReference; fileEncoding = 4; lastKnownFileType = sourcecode.c.objc; path = MKRDuel.m; sourceTree = "<group>"; };
		58AAA7772ED24FBB4A755FC8 /* MKRUser.m */ = {isa = PBXFileReference; fileEncoding = 4; lastKnownFileType = sourcecode.c.objc; path = MKRUser.m; sourceTree = "<group>"; };
		58AAA7B076F9CD9CDE177E9C /* MKRTournament.h */ = {isa = PBXFileReference; fileEncoding = 4; lastKnownFileType = sourcecode.c.h; path = MKRTournament.h; sourceTree = "<group>"; };
		58AAA7B86283F6637538E74A /* MKRAppDataProvider.h */ = {isa = PBXFileReference; fileEncoding = 4; lastKnownFileType = sourcecode.c.h; path = MKRAppDataProvider.h; sourceTree = "<group>"; };
		58AAA7B93AEF1A0F37695DFB /* MKRAuthCredentialCacheManager.h */ = {isa = PBXFileReference; fileEncoding = 4; lastKnownFileType = sourcecode.c.h; path = MKRAuthCredentialCacheManager.h; sourceTree = "<group>"; };
		58AAA7F590458B7A5CFF0C50 /* MKRBaseCacheManager.h */ = {isa = PBXFileReference; fileEncoding = 4; lastKnownFileType = sourcecode.c.h; path = MKRBaseCacheManager.h; sourceTree = "<group>"; };
		58AAA7FE8D9538619101A5CF /* UIWindows+Additions.h */ = {isa = PBXFileReference; fileEncoding = 4; lastKnownFileType = sourcecode.c.h; path = "UIWindows+Additions.h"; sourceTree = "<group>"; };
		58AAA80DA7FB05226A275944 /* MKRResponseInfo.h */ = {isa = PBXFileReference; fileEncoding = 4; lastKnownFileType = sourcecode.c.h; path = MKRResponseInfo.h; sourceTree = "<group>"; };
		58AAA811086FD041BA5444B9 /* MKRLocalizableConsts.h */ = {isa = PBXFileReference; fileEncoding = 4; lastKnownFileType = sourcecode.c.h; path = MKRLocalizableConsts.h; sourceTree = "<group>"; };
		58AAA868E4EFD22F2A1E9827 /* MKRFullUser.m */ = {isa = PBXFileReference; fileEncoding = 4; lastKnownFileType = sourcecode.c.objc; path = MKRFullUser.m; sourceTree = "<group>"; };
		58AAA8A526F5DCAF9E0CCE4D /* MKRMetric.h */ = {isa = PBXFileReference; fileEncoding = 4; lastKnownFileType = sourcecode.c.h; path = MKRMetric.h; sourceTree = "<group>"; };
		58AAA8B6FFD1B86EB0225EF2 /* MKRUsersListPresenter.m */ = {isa = PBXFileReference; fileEncoding = 4; lastKnownFileType = sourcecode.c.objc; path = MKRUsersListPresenter.m; sourceTree = "<group>"; };
		58AAA92DCE44DC937AF47BCD /* MKRGlobalErrorsObserver.m */ = {isa = PBXFileReference; fileEncoding = 4; lastKnownFileType = sourcecode.c.objc; path = MKRGlobalErrorsObserver.m; sourceTree = "<group>"; };
		58AAA93620144DDDFC7F594F /* MKRLoginCodeInputView.h */ = {isa = PBXFileReference; fileEncoding = 4; lastKnownFileType = sourcecode.c.h; path = MKRLoginCodeInputView.h; sourceTree = "<group>"; };
		58AAA93A0A772C8976DE4E7B /* MKRPushService.m */ = {isa = PBXFileReference; fileEncoding = 4; lastKnownFileType = sourcecode.c.objc; path = MKRPushService.m; sourceTree = "<group>"; };
		58AAA956B129152C02119AF6 /* MKRUserService.h */ = {isa = PBXFileReference; fileEncoding = 4; lastKnownFileType = sourcecode.c.h; path = MKRUserService.h; sourceTree = "<group>"; };
		58AAA974E67EEDC5DAE87357 /* MKRTeamStatisticElement.m */ = {isa = PBXFileReference; fileEncoding = 4; lastKnownFileType = sourcecode.c.objc; path = MKRTeamStatisticElement.m; sourceTree = "<group>"; };
		58AAA9841CF180E2F7AFD130 /* MKRUtils.h */ = {isa = PBXFileReference; fileEncoding = 4; lastKnownFileType = sourcecode.c.h; path = MKRUtils.h; sourceTree = "<group>"; };
		58AAAA15CB9F4CFA1700219F /* MKRAuthRequestNetworkMethod.h */ = {isa = PBXFileReference; fileEncoding = 4; lastKnownFileType = sourcecode.c.h; path = MKRAuthRequestNetworkMethod.h; sourceTree = "<group>"; };
		58AAAA237C5E979A12799FC9 /* MKRDuel.h */ = {isa = PBXFileReference; fileEncoding = 4; lastKnownFileType = sourcecode.c.h; path = MKRDuel.h; sourceTree = "<group>"; };
		58AAAA3F3DB8A8F2FB564F99 /* MKRDepartment.h */ = {isa = PBXFileReference; fileEncoding = 4; lastKnownFileType = sourcecode.c.h; path = MKRDepartment.h; sourceTree = "<group>"; };
		58AAAA4E703375BBEE818CC6 /* MKREntityWithId.m */ = {isa = PBXFileReference; fileEncoding = 4; lastKnownFileType = sourcecode.c.objc; path = MKREntityWithId.m; sourceTree = "<group>"; };
		58AAAA7EC208EC90141CA11C /* MKRUtils.m */ = {isa = PBXFileReference; fileEncoding = 4; lastKnownFileType = sourcecode.c.objc; path = MKRUtils.m; sourceTree = "<group>"; };
		58AAAAC46CB1A8FFBC966A88 /* MKRAuthCredentials.m */ = {isa = PBXFileReference; fileEncoding = 4; lastKnownFileType = sourcecode.c.objc; path = MKRAuthCredentials.m; sourceTree = "<group>"; };
		58AAAAF55FF91A860159377A /* MKRUserCacheManager.h */ = {isa = PBXFileReference; fileEncoding = 4; lastKnownFileType = sourcecode.c.h; path = MKRUserCacheManager.h; sourceTree = "<group>"; };
		58AAAB150AB9B30D0A8C8183 /* MKRBaseNetworkMethod.h */ = {isa = PBXFileReference; fileEncoding = 4; lastKnownFileType = sourcecode.c.h; path = MKRBaseNetworkMethod.h; sourceTree = "<group>"; };
		58AAAB1DF255977BE4535DD4 /* MKRFullUser.h */ = {isa = PBXFileReference; fileEncoding = 4; lastKnownFileType = sourcecode.c.h; path = MKRFullUser.h; sourceTree = "<group>"; };
		58AAAB1E150F3083646D6A98 /* MKRRegisterPushNotificationsNetworkMethod.h */ = {isa = PBXFileReference; fileEncoding = 4; lastKnownFileType = sourcecode.c.h; path = MKRRegisterPushNotificationsNetworkMethod.h; sourceTree = "<group>"; };
		58AAAB59EE1D2D5117F10397 /* MKRResponseInfo.m */ = {isa = PBXFileReference; fileEncoding = 4; lastKnownFileType = sourcecode.c.objc; path = MKRResponseInfo.m; sourceTree = "<group>"; };
		58AAAB5FAD1B70BC5DF4D9F0 /* UIColor+MKRColor.h */ = {isa = PBXFileReference; fileEncoding = 4; lastKnownFileType = sourcecode.c.h; path = "UIColor+MKRColor.h"; sourceTree = "<group>"; };
		58AAABB9765ADC16EF9F129F /* MKRNetworkConfigManager.m */ = {isa = PBXFileReference; fileEncoding = 4; lastKnownFileType = sourcecode.c.objc; path = MKRNetworkConfigManager.m; sourceTree = "<group>"; };
		58AAABD4302D71707044B8C3 /* MKRGetCurrentUserNetworkMethod.m */ = {isa = PBXFileReference; fileEncoding = 4; lastKnownFileType = sourcecode.c.objc; path = MKRGetCurrentUserNetworkMethod.m; sourceTree = "<group>"; };
		58AAABDA0BB82F44D56FB4D7 /* MKRGetCurrentUserNetworkMethod.h */ = {isa = PBXFileReference; fileEncoding = 4; lastKnownFileType = sourcecode.c.h; path = MKRGetCurrentUserNetworkMethod.h; sourceTree = "<group>"; };
		58AAABFD2B9ABEB3E2F7889E /* MKRUserService.m */ = {isa = PBXFileReference; fileEncoding = 4; lastKnownFileType = sourcecode.c.objc; path = MKRUserService.m; sourceTree = "<group>"; };
		58AAAC292D858E167AD88E6D /* MKRGetUserNetworkMethod.h */ = {isa = PBXFileReference; fileEncoding = 4; lastKnownFileType = sourcecode.c.h; path = MKRGetUserNetworkMethod.h; sourceTree = "<group>"; };
		58AAAC95664D0C52BC965044 /* MKRLabel.h */ = {isa = PBXFileReference; fileEncoding = 4; lastKnownFileType = sourcecode.c.h; path = MKRLabel.h; sourceTree = "<group>"; };
		58AAAC99EE4B59B5A3ADBA0C /* MKRAuthService.h */ = {isa = PBXFileReference; fileEncoding = 4; lastKnownFileType = sourcecode.c.h; path = MKRAuthService.h; sourceTree = "<group>"; };
		58AAACDD911BDFB29616FE1D /* MKRAuthSecretKey.h */ = {isa = PBXFileReference; fileEncoding = 4; lastKnownFileType = sourcecode.c.h; path = MKRAuthSecretKey.h; sourceTree = "<group>"; };
		58AAACE5B76A0E83ED9F8E8B /* MKRBaseNetworkMethod.m */ = {isa = PBXFileReference; fileEncoding = 4; lastKnownFileType = sourcecode.c.objc; path = MKRBaseNetworkMethod.m; sourceTree = "<group>"; };
		58AAAD072B2988C85D004868 /* MKRPushService.h */ = {isa = PBXFileReference; fileEncoding = 4; lastKnownFileType = sourcecode.c.h; path = MKRPushService.h; sourceTree = "<group>"; };
		58AAAD2DBD326B98490C1159 /* MKRErrorContainer.m */ = {isa = PBXFileReference; fileEncoding = 4; lastKnownFileType = sourcecode.c.objc; path = MKRErrorContainer.m; sourceTree = "<group>"; };
		58AAAD4B9912FB988F4B0DD3 /* MKRGlobalErrorsObserver.h */ = {isa = PBXFileReference; fileEncoding = 4; lastKnownFileType = sourcecode.c.h; path = MKRGlobalErrorsObserver.h; sourceTree = "<group>"; };
		58AAAD85376567575208749A /* MKRImage.h */ = {isa = PBXFileReference; fileEncoding = 4; lastKnownFileType = sourcecode.c.h; path = MKRImage.h; sourceTree = "<group>"; };
		58AAADDB065B43658C3030A0 /* MKRUser.h */ = {isa = PBXFileReference; fileEncoding = 4; lastKnownFileType = sourcecode.c.h; path = MKRUser.h; sourceTree = "<group>"; };
		58AAADE70D9F0F892DCF9850 /* CALayer+RuntimeAttribute.m */ = {isa = PBXFileReference; fileEncoding = 4; lastKnownFileType = sourcecode.c.objc; path = "CALayer+RuntimeAttribute.m"; sourceTree = "<group>"; };
		58AAAE0C9D16E965AAC9F22A /* MKRParticipant.h */ = {isa = PBXFileReference; fileEncoding = 4; lastKnownFileType = sourcecode.c.h; path = MKRParticipant.h; sourceTree = "<group>"; };
		58AAAE17B8877CD0AC11CED5 /* MKRCodeField.m */ = {isa = PBXFileReference; fileEncoding = 4; lastKnownFileType = sourcecode.c.objc; path = MKRCodeField.m; sourceTree = "<group>"; };
		58AAAE483D881D3E48C54439 /* MKRParticipant.m */ = {isa = PBXFileReference; fileEncoding = 4; lastKnownFileType = sourcecode.c.objc; path = MKRParticipant.m; sourceTree = "<group>"; };
		58AAAE799CF584F85074A5BC /* MKRUserCacheManager.m */ = {isa = PBXFileReference; fileEncoding = 4; lastKnownFileType = sourcecode.c.objc; path = MKRUserCacheManager.m; sourceTree = "<group>"; };
		58AAAEC2D8581A0FC1AB30B4 /* MKRLogoutNetworkMethod.m */ = {isa = PBXFileReference; fileEncoding = 4; lastKnownFileType = sourcecode.c.objc; path = MKRLogoutNetworkMethod.m; sourceTree = "<group>"; };
		58AAAEC66A099124DA276FEC /* MKREntityWithId.h */ = {isa = PBXFileReference; fileEncoding = 4; lastKnownFileType = sourcecode.c.h; path = MKREntityWithId.h; sourceTree = "<group>"; };
		58AAAEE0634AB145BE7844E0 /* MKRAuthConfirmNetworkMethod.m */ = {isa = PBXFileReference; fileEncoding = 4; lastKnownFileType = sourcecode.c.objc; path = MKRAuthConfirmNetworkMethod.m; sourceTree = "<group>"; };
		58AAAEE6468985C315FE17DE /* UIViewController+Errors.h */ = {isa = PBXFileReference; fileEncoding = 4; lastKnownFileType = sourcecode.c.h; path = "UIViewController+Errors.h"; sourceTree = "<group>"; };
		58AAAF17B3006DF384181B35 /* CALayer+RuntimeAttribute.h */ = {isa = PBXFileReference; fileEncoding = 4; lastKnownFileType = sourcecode.c.h; path = "CALayer+RuntimeAttribute.h"; sourceTree = "<group>"; };
		58AAAF1F65630D3760371CAE /* MKRAuthSecretKey.m */ = {isa = PBXFileReference; fileEncoding = 4; lastKnownFileType = sourcecode.c.objc; path = MKRAuthSecretKey.m; sourceTree = "<group>"; };
		58AAAF5659DD3A6459B11F92 /* NSError+Extension.h */ = {isa = PBXFileReference; fileEncoding = 4; lastKnownFileType = sourcecode.c.h; path = "NSError+Extension.h"; sourceTree = "<group>"; };
		58AAAF8AF28F952D99FC304E /* MKRRegisterPushNotificationsNetworkMethod.m */ = {isa = PBXFileReference; fileEncoding = 4; lastKnownFileType = sourcecode.c.objc; path = MKRRegisterPushNotificationsNetworkMethod.m; sourceTree = "<group>"; };
		58AAAFB10D8DBA7AEEDDDD1D /* MKRNetworkConfigManager.h */ = {isa = PBXFileReference; fileEncoding = 4; lastKnownFileType = sourcecode.c.h; path = MKRNetworkConfigManager.h; sourceTree = "<group>"; };
		58AAAFB762F1EB0BDD00F75E /* UIColor+MKRColor.m */ = {isa = PBXFileReference; fileEncoding = 4; lastKnownFileType = sourcecode.c.objc; path = "UIColor+MKRColor.m"; sourceTree = "<group>"; };
		58AAAFC5B4699736D0F12D27 /* UIFont+MKRFont.m */ = {isa = PBXFileReference; fileEncoding = 4; lastKnownFileType = sourcecode.c.objc; path = "UIFont+MKRFont.m"; sourceTree = "<group>"; };
		8C7213B989BA63949FC458B0 /* Pods-rostel.release.xcconfig */ = {isa = PBXFileReference; includeInIndex = 1; lastKnownFileType = text.xcconfig; name = "Pods-rostel.release.xcconfig"; path = "Pods/Target Support Files/Pods-rostel/Pods-rostel.release.xcconfig"; sourceTree = "<group>"; };
		BAECC5DF7CA97FF3F08E0A09 /* Pods-rostel.debug.xcconfig */ = {isa = PBXFileReference; includeInIndex = 1; lastKnownFileType = text.xcconfig; name = "Pods-rostel.debug.xcconfig"; path = "Pods/Target Support Files/Pods-rostel/Pods-rostel.debug.xcconfig"; sourceTree = "<group>"; };
		DEA0D13DA0BB1AB30FB784D5 /* libPods-rostel.a */ = {isa = PBXFileReference; explicitFileType = archive.ar; includeInIndex = 0; path = "libPods-rostel.a"; sourceTree = BUILT_PRODUCTS_DIR; };
/* End PBXFileReference section */

/* Begin PBXFrameworksBuildPhase section */
		3A50DCB71D90DA9D00FE1A76 /* Frameworks */ = {
			isa = PBXFrameworksBuildPhase;
			buildActionMask = 2147483647;
			files = (
				3ADA42C495B9B9C859ADEA98 /* libPods-rostel.a in Frameworks */,
			);
			runOnlyForDeploymentPostprocessing = 0;
		};
/* End PBXFrameworksBuildPhase section */

/* Begin PBXGroup section */
		101212CE4E941E2DC66650F7 /* Frameworks */ = {
			isa = PBXGroup;
			children = (
				DEA0D13DA0BB1AB30FB784D5 /* libPods-rostel.a */,
			);
			name = Frameworks;
			sourceTree = "<group>";
		};
		3A50DCB11D90DA9D00FE1A76 = {
			isa = PBXGroup;
			children = (
				3A50DCBC1D90DA9D00FE1A76 /* rostel */,
				3A50DCBB1D90DA9D00FE1A76 /* Products */,
				5C080137E19DDF32918E95FA /* Pods */,
				101212CE4E941E2DC66650F7 /* Frameworks */,
				58AAAEBE53AEB97FA373B5DA /* rostelSources */,
				58AAA4B9C63CA49F0C0C5F70 /* rostelResources */,
			);
			sourceTree = "<group>";
		};
		3A50DCBB1D90DA9D00FE1A76 /* Products */ = {
			isa = PBXGroup;
			children = (
				3A50DCBA1D90DA9D00FE1A76 /* rostel.app */,
			);
			name = Products;
			sourceTree = "<group>";
		};
		3A50DCBC1D90DA9D00FE1A76 /* rostel */ = {
			isa = PBXGroup;
			children = (
				3A00A1831D94C34F009CFA1A /* rostel.entitlements */,
				3A50DCC01D90DA9D00FE1A76 /* MKRAppDelegate.h */,
				3A50DCC11D90DA9D00FE1A76 /* MKRAppDelegate.m */,
				3A50DCC91D90DA9D00FE1A76 /* Assets.xcassets */,
				3A50DCCB1D90DA9D00FE1A76 /* LaunchScreen.storyboard */,
				3A50DCCE1D90DA9D00FE1A76 /* Info.plist */,
				3A50DCBD1D90DA9D00FE1A76 /* Supporting Files */,
			);
			path = rostel;
			sourceTree = "<group>";
		};
		3A50DCBD1D90DA9D00FE1A76 /* Supporting Files */ = {
			isa = PBXGroup;
			children = (
				3A50DCBE1D90DA9D00FE1A76 /* main.m */,
			);
			name = "Supporting Files";
			sourceTree = "<group>";
		};
		58AAA041758598474414D72F /* Entities */ = {
			isa = PBXGroup;
			children = (
				58AAAE483D881D3E48C54439 /* MKRParticipant.m */,
				58AAAE0C9D16E965AAC9F22A /* MKRParticipant.h */,
			);
			path = Entities;
			sourceTree = "<group>";
		};
		58AAA0F621D926B16F85BD10 /* Team */ = {
			isa = PBXGroup;
			children = (
				58AAA27325F41658CA26F028 /* Entities */,
			);
			path = Team;
			sourceTree = "<group>";
		};
		58AAA11BF4DEFFC51E4417CB /* Metric */ = {
			isa = PBXGroup;
			children = (
				58AAAEB90F3B4B490FCFFC2C /* Entities */,
			);
			path = Metric;
			sourceTree = "<group>";
		};
		58AAA18E90E97517E6C92500 /* Services */ = {
			isa = PBXGroup;
			children = (
				58AAA956B129152C02119AF6 /* MKRUserService.h */,
				58AAABFD2B9ABEB3E2F7889E /* MKRUserService.m */,
				58AAAAF55FF91A860159377A /* MKRUserCacheManager.h */,
				58AAAE799CF584F85074A5BC /* MKRUserCacheManager.m */,
			);
			path = Services;
			sourceTree = "<group>";
		};
		58AAA23670B9AFFFA338049B /* Services */ = {
			isa = PBXGroup;
			children = (
				58AAA7F590458B7A5CFF0C50 /* MKRBaseCacheManager.h */,
				58AAA694AEE1F05B5D79CD3F /* MKRBaseCacheManager.m */,
				58AAAB150AB9B30D0A8C8183 /* MKRBaseNetworkMethod.h */,
				58AAACE5B76A0E83ED9F8E8B /* MKRBaseNetworkMethod.m */,
			);
			path = Services;
			sourceTree = "<group>";
		};
		58AAA27325F41658CA26F028 /* Entities */ = {
			isa = PBXGroup;
			children = (
				58AAA5FF68ADF64BD523ABC0 /* MKRTeam.m */,
				58AAA3ED6B6B0BF452998608 /* MKRTeam.h */,
			);
			path = Entities;
			sourceTree = "<group>";
		};
		58AAA28CB9B06A622E80C165 /* Department */ = {
			isa = PBXGroup;
			children = (
				58AAA73FB5D92BFBC2555611 /* Entities */,
			);
			path = Department;
			sourceTree = "<group>";
		};
		58AAA2CFCA726376EC7DF167 /* Services */ = {
			isa = PBXGroup;
			children = (
				58AAAC99EE4B59B5A3ADBA0C /* MKRAuthService.h */,
				58AAA2353942252275BD67C0 /* MKRAuthService.m */,
				58AAA0CEBA75BB40D5013385 /* MKRLogoutNetworkMethod.h */,
				58AAAEC2D8581A0FC1AB30B4 /* MKRLogoutNetworkMethod.m */,
				58AAA6FC290DC934BBC55FF1 /* MKRAuthConfirmNetworkMethod.h */,
				58AAAEE0634AB145BE7844E0 /* MKRAuthConfirmNetworkMethod.m */,
				58AAAA15CB9F4CFA1700219F /* MKRAuthRequestNetworkMethod.h */,
				58AAA387649363A3E614D667 /* MKRAuthRequestNetworkMethod.m */,
				58AAA7B93AEF1A0F37695DFB /* MKRAuthCredentialCacheManager.h */,
				58AAA000C7B0096CD0666E6C /* MKRAuthCredentialCacheManager.m */,
			);
			path = Services;
			sourceTree = "<group>";
		};
		58AAA33A401ED5E4E6923864 /* Design */ = {
			isa = PBXGroup;
			children = (
				58AAAC95664D0C52BC965044 /* MKRLabel.h */,
				58AAA5363F62D9890B4814BB /* MKRLabel.m */,
				58AAA563699F95590F48E9F6 /* UIFont+MKRFont.h */,
				58AAAFC5B4699736D0F12D27 /* UIFont+MKRFont.m */,
				58AAAB5FAD1B70BC5DF4D9F0 /* UIColor+MKRColor.h */,
				58AAAFB762F1EB0BDD00F75E /* UIColor+MKRColor.m */,
				58AAAF17B3006DF384181B35 /* CALayer+RuntimeAttribute.h */,
				58AAADE70D9F0F892DCF9850 /* CALayer+RuntimeAttribute.m */,
			);
			path = Design;
			sourceTree = "<group>";
		};
		58AAA3C04E2C247308242FBB /* Duel */ = {
			isa = PBXGroup;
			children = (
				58AAAF10CD75DDB15D86D919 /* Entities */,
			);
			path = Duel;
			sourceTree = "<group>";
		};
		58AAA42616C4FE15D562A968 /* Tournament */ = {
			isa = PBXGroup;
			children = (
				58AAA631CBBDAF6CA522410F /* Entities */,
			);
			path = Tournament;
			sourceTree = "<group>";
		};
		58AAA4438A57F58DC39A514B /* Entities */ = {
			isa = PBXGroup;
			children = (
				58AAA6B7B76C14EBEADEA9FF /* MKRServerError.h */,
				58AAA04A1DD9CAE29831721B /* MKRServerError.m */,
				58AAAEC66A099124DA276FEC /* MKREntityWithId.h */,
				58AAAA4E703375BBEE818CC6 /* MKREntityWithId.m */,
				58AAA80DA7FB05226A275944 /* MKRResponseInfo.h */,
				58AAAB59EE1D2D5117F10397 /* MKRResponseInfo.m */,
				58AAA1784254A7609743D38B /* MKRErrorContainer.h */,
				58AAAD2DBD326B98490C1159 /* MKRErrorContainer.m */,
			);
			path = Entities;
			sourceTree = "<group>";
		};
		58AAA459F09674DB0E568204 /* Entities */ = {
			isa = PBXGroup;
			children = (
				58AAA4618BDAB50E1535A020 /* MKRAchievement.m */,
				58AAA17C98D0CF99B740FE23 /* MKRAchievement.h */,
			);
			path = Entities;
			sourceTree = "<group>";
		};
		58AAA4B9C63CA49F0C0C5F70 /* rostelResources */ = {
			isa = PBXGroup;
			children = (
				58AAA811086FD041BA5444B9 /* MKRLocalizableConsts.h */,
			);
			path = rostelResources;
			sourceTree = "<group>";
		};
		58AAA4D5D2367509B95CE9D4 /* Entities */ = {
			isa = PBXGroup;
			children = (
				58AAACDD911BDFB29616FE1D /* MKRAuthSecretKey.h */,
				58AAAF1F65630D3760371CAE /* MKRAuthSecretKey.m */,
				58AAA0AAFF7662E80168A0D4 /* MKRAuthCredentials.h */,
				58AAAAC46CB1A8FFBC966A88 /* MKRAuthCredentials.m */,
			);
			path = Entities;
			sourceTree = "<group>";
		};
		58AAA581C471A690BBB05E15 /* Entities */ = {
			isa = PBXGroup;
			children = (
				58AAAD85376567575208749A /* MKRImage.h */,
				58AAA6B4BDD2869E5DA9BAE6 /* MKRImage.m */,
			);
			path = Entities;
			sourceTree = "<group>";
		};
		58AAA5989954E78652BE9908 /* Participant */ = {
			isa = PBXGroup;
			children = (
				58AAA041758598474414D72F /* Entities */,
			);
			path = Participant;
			sourceTree = "<group>";
		};
		58AAA5D9AA90C1F58234C47F /* Presenters */ = {
			isa = PBXGroup;
			children = (
				58AAA8B6FFD1B86EB0225EF2 /* MKRUsersListPresenter.m */,
				58AAA34A9DA513574BE488B6 /* MKRUsersListPresenter.h */,
			);
			path = Presenters;
			sourceTree = "<group>";
		};
		58AAA631CBBDAF6CA522410F /* Entities */ = {
			isa = PBXGroup;
			children = (
				58AAA5F34C7BBAE3F23A155D /* MKRTournament.m */,
				58AAA7B076F9CD9CDE177E9C /* MKRTournament.h */,
				58AAA201A3B1C00AEB51A88B /* MKRFullTournament.m */,
				58AAA3DB3E5D073E53E4E50F /* MKRFullTournament.h */,
			);
			path = Entities;
			sourceTree = "<group>";
		};
		58AAA69586E15D39AD066208 /* Controllers */ = {
			isa = PBXGroup;
			children = (
				58AAACABB7F73B461AD02272 /* Base */,
				58AAA7E8AE600FC00377C84A /* Auth */,
			);
			path = Controllers;
			sourceTree = "<group>";
		};
		58AAA69CD83749F8472A983A /* Entities */ = {
			isa = PBXGroup;
			children = (
				58AAA974E67EEDC5DAE87357 /* MKRTeamStatisticElement.m */,
				58AAA43803261BF34F01960B /* MKRTeamStatisticElement.h */,
				58AAA5F1EB9CF7F5EF99783D /* MKRParticipantStatisticElement.m */,
				58AAA23C72E6908F41CFBCCC /* MKRParticipantStatisticElement.h */,
			);
			path = Entities;
			sourceTree = "<group>";
		};
		58AAA73FB5D92BFBC2555611 /* Entities */ = {
			isa = PBXGroup;
			children = (
				58AAA24870CFA05E4AA021F8 /* MKRDepartment.m */,
				58AAAA3F3DB8A8F2FB564F99 /* MKRDepartment.h */,
			);
			path = Entities;
			sourceTree = "<group>";
		};
		58AAA79584AA30B684B1DAEA /* Methods */ = {
			isa = PBXGroup;
			children = (
				58AAABDA0BB82F44D56FB4D7 /* MKRGetCurrentUserNetworkMethod.h */,
				58AAABD4302D71707044B8C3 /* MKRGetCurrentUserNetworkMethod.m */,
				58AAA56E21CB4C330DF38685 /* MKRGetUserNetworkMethod.m */,
				58AAAC292D858E167AD88E6D /* MKRGetUserNetworkMethod.h */,
				58AAA55961A42D970960E85B /* MKRUsersListNetworkMethod.m */,
				58AAA34DFD5A27AB907AB8B6 /* MKRUsersListNetworkMethod.h */,
			);
			path = Methods;
			sourceTree = "<group>";
		};
		58AAA7E8AE600FC00377C84A /* Auth */ = {
			isa = PBXGroup;
			children = (
				3A50DCD41D90E4B600FE1A76 /* auth.storyboard */,
				3A50DCD61D90F89A00FE1A76 /* MKRAuthPhoneViewController.h */,
				3A50DCD71D90F89A00FE1A76 /* MKRAuthPhoneViewController.m */,
				58AAAD9566F8437D943A2079 /* Views */,
				3A50DCD91D91072200FE1A76 /* MKRAuthCodeViewController.h */,
				3A50DCDA1D91072200FE1A76 /* MKRAuthCodeViewController.m */,
				3A50DCDF1D9119EB00FE1A76 /* MKRAuthSplashViewController.h */,
				3A50DCE01D9119EB00FE1A76 /* MKRAuthSplashViewController.m */,
			);
			path = Auth;
			sourceTree = "<group>";
		};
		58AAA84FB279ACFBF09E7AE0 /* Services */ = {
			isa = PBXGroup;
			children = (
				58AAAD072B2988C85D004868 /* MKRPushService.h */,
				58AAA93A0A772C8976DE4E7B /* MKRPushService.m */,
			);
			path = Services;
			sourceTree = "<group>";
		};
		58AAA95A75D586FAD78E8CAF /* User */ = {
			isa = PBXGroup;
			children = (
				58AAAE67C0F058DC52106C8C /* Entities */,
				58AAA79584AA30B684B1DAEA /* Methods */,
				58AAA18E90E97517E6C92500 /* Services */,
				58AAA5D9AA90C1F58234C47F /* Presenters */,
			);
			path = User;
			sourceTree = "<group>";
		};
		58AAA95D8DC29A4CF137F2B5 /* Models */ = {
			isa = PBXGroup;
			children = (
				58AAACB88012F30668665A87 /* Auth */,
				58AAAA7BCE5AF74BC78BE40F /* Base */,
				58AAAA697570CB7B275FAC76 /* Image */,
				58AAA28CB9B06A622E80C165 /* Department */,
				58AAA42616C4FE15D562A968 /* Tournament */,
				58AAA95A75D586FAD78E8CAF /* User */,
				58AAA5989954E78652BE9908 /* Participant */,
				58AAA11BF4DEFFC51E4417CB /* Metric */,
				58AAAA853E6F2989F6D3ECB7 /* Statistic */,
				58AAA0F621D926B16F85BD10 /* Team */,
				58AAA3C04E2C247308242FBB /* Duel */,
				58AAAB8E7D1471CD48689E96 /* Push */,
				58AAAE8D6B8E7DECD0E0F954 /* Achievement */,
			);
			path = Models;
			sourceTree = "<group>";
		};
		58AAAA5D036C0AC6692E081C /* Methods */ = {
			isa = PBXGroup;
			children = (
				58AAAB1E150F3083646D6A98 /* MKRRegisterPushNotificationsNetworkMethod.h */,
				58AAAF8AF28F952D99FC304E /* MKRRegisterPushNotificationsNetworkMethod.m */,
			);
			path = Methods;
			sourceTree = "<group>";
		};
		58AAAA697570CB7B275FAC76 /* Image */ = {
			isa = PBXGroup;
			children = (
				58AAA581C471A690BBB05E15 /* Entities */,
			);
			path = Image;
			sourceTree = "<group>";
		};
		58AAAA7BCE5AF74BC78BE40F /* Base */ = {
			isa = PBXGroup;
			children = (
				58AAA23670B9AFFFA338049B /* Services */,
				58AAA4438A57F58DC39A514B /* Entities */,
			);
			path = Base;
			sourceTree = "<group>";
		};
		58AAAA853E6F2989F6D3ECB7 /* Statistic */ = {
			isa = PBXGroup;
			children = (
				58AAA69CD83749F8472A983A /* Entities */,
			);
			path = Statistic;
			sourceTree = "<group>";
		};
		58AAAB8E7D1471CD48689E96 /* Push */ = {
			isa = PBXGroup;
			children = (
				58AAAA5D036C0AC6692E081C /* Methods */,
				58AAA84FB279ACFBF09E7AE0 /* Services */,
			);
			path = Push;
			sourceTree = "<group>";
		};
		58AAACABB7F73B461AD02272 /* Base */ = {
			isa = PBXGroup;
			children = (
				58AAA1609B4BC8F283709118 /* MKRNavigationController.h */,
				58AAA3AD5ED3E63E0F581B06 /* MKRNavigationController.m */,
				3A50DCDC1D91195A00FE1A76 /* MKRTabBarController.h */,
				3A50DCDD1D91195A00FE1A76 /* MKRTabBarController.m */,
			);
			path = Base;
			sourceTree = "<group>";
		};
		58AAACB88012F30668665A87 /* Auth */ = {
			isa = PBXGroup;
			children = (
				58AAA4D5D2367509B95CE9D4 /* Entities */,
				58AAA2CFCA726376EC7DF167 /* Services */,
			);
			path = Auth;
			sourceTree = "<group>";
		};
		58AAAD9566F8437D943A2079 /* Views */ = {
			isa = PBXGroup;
			children = (
				58AAA61F1B364C05BCC2D2D9 /* MKRCodeField.h */,
				58AAAE17B8877CD0AC11CED5 /* MKRCodeField.m */,
				58AAA93620144DDDFC7F594F /* MKRLoginCodeInputView.h */,
				58AAA5D4BE5C11D6625EADE2 /* MKRLoginCodeInputView.m */,
			);
			path = Views;
			sourceTree = "<group>";
		};
		58AAAE67C0F058DC52106C8C /* Entities */ = {
			isa = PBXGroup;
			children = (
				58AAA7772ED24FBB4A755FC8 /* MKRUser.m */,
				58AAADDB065B43658C3030A0 /* MKRUser.h */,
				58AAA868E4EFD22F2A1E9827 /* MKRFullUser.m */,
				58AAAB1DF255977BE4535DD4 /* MKRFullUser.h */,
			);
			path = Entities;
			sourceTree = "<group>";
		};
		58AAAE8D6B8E7DECD0E0F954 /* Achievement */ = {
			isa = PBXGroup;
			children = (
				58AAA459F09674DB0E568204 /* Entities */,
			);
			path = Achievement;
			sourceTree = "<group>";
		};
		58AAAEAE040A6A1171FF8DA9 /* Helpers */ = {
			isa = PBXGroup;
			children = (
				58AAA33A401ED5E4E6923864 /* Design */,
				58AAABB9765ADC16EF9F129F /* MKRNetworkConfigManager.m */,
				58AAA6A53830682B824207EF /* UIViewController+Errors.m */,
				58AAAF5659DD3A6459B11F92 /* NSError+Extension.h */,
				58AAA2C61CC7D8E3F24BB5AD /* MKRConsts.h */,
				58AAA709E7E5519A8859CC9C /* NSError+Extension.m */,
				58AAAEE6468985C315FE17DE /* UIViewController+Errors.h */,
				58AAA92DCE44DC937AF47BCD /* MKRGlobalErrorsObserver.m */,
				58AAAA7EC208EC90141CA11C /* MKRUtils.m */,
				58AAAD4B9912FB988F4B0DD3 /* MKRGlobalErrorsObserver.h */,
				58AAA9841CF180E2F7AFD130 /* MKRUtils.h */,
				58AAAFB10D8DBA7AEEDDDD1D /* MKRNetworkConfigManager.h */,
				58AAA58B41DB21D8FE296260 /* MKRSecurityManager.m */,
				58AAA6684E8B76B65DDC1F53 /* MKRSecurityManager.h */,
				58AAA7FE8D9538619101A5CF /* UIWindows+Additions.h */,
				58AAA273FAE20ED2A1D9A230 /* UIWindows+Additions.m */,
			);
			path = Helpers;
			sourceTree = "<group>";
		};
		58AAAEB90F3B4B490FCFFC2C /* Entities */ = {
			isa = PBXGroup;
			children = (
				58AAA5885B56854CAF26A35E /* MKRMetric.m */,
				58AAA8A526F5DCAF9E0CCE4D /* MKRMetric.h */,
			);
			path = Entities;
			sourceTree = "<group>";
		};
		58AAAEBE53AEB97FA373B5DA /* rostelSources */ = {
			isa = PBXGroup;
			children = (
				58AAA69586E15D39AD066208 /* Controllers */,
				58AAA95D8DC29A4CF137F2B5 /* Models */,
				58AAAEAE040A6A1171FF8DA9 /* Helpers */,
				58AAA7B86283F6637538E74A /* MKRAppDataProvider.h */,
				58AAA6E3E7D4B7A886854437 /* MKRAppDataProvider.m */,
			);
			path = rostelSources;
			sourceTree = "<group>";
		};
		58AAAF10CD75DDB15D86D919 /* Entities */ = {
			isa = PBXGroup;
			children = (
				58AAA743FECFEE8BA6725AF8 /* MKRDuel.m */,
				58AAAA237C5E979A12799FC9 /* MKRDuel.h */,
			);
			path = Entities;
			sourceTree = "<group>";
		};
		5C080137E19DDF32918E95FA /* Pods */ = {
			isa = PBXGroup;
			children = (
				BAECC5DF7CA97FF3F08E0A09 /* Pods-rostel.debug.xcconfig */,
				8C7213B989BA63949FC458B0 /* Pods-rostel.release.xcconfig */,
			);
			name = Pods;
			sourceTree = "<group>";
		};
/* End PBXGroup section */

/* Begin PBXNativeTarget section */
		3A50DCB91D90DA9D00FE1A76 /* rostel */ = {
			isa = PBXNativeTarget;
			buildConfigurationList = 3A50DCD11D90DA9D00FE1A76 /* Build configuration list for PBXNativeTarget "rostel" */;
			buildPhases = (
				B04A14AB4E704813F01A23D4 /* [CP] Check Pods Manifest.lock */,
				3A50DCB61D90DA9D00FE1A76 /* Sources */,
				3A50DCB71D90DA9D00FE1A76 /* Frameworks */,
				3A50DCB81D90DA9D00FE1A76 /* Resources */,
				CB312472417AC9586E36B7B3 /* [CP] Embed Pods Frameworks */,
				671884D4AAB934D841B06C9A /* [CP] Copy Pods Resources */,
			);
			buildRules = (
			);
			dependencies = (
			);
			name = rostel;
			productName = rostel;
			productReference = 3A50DCBA1D90DA9D00FE1A76 /* rostel.app */;
			productType = "com.apple.product-type.application";
		};
/* End PBXNativeTarget section */

/* Begin PBXProject section */
		3A50DCB21D90DA9D00FE1A76 /* Project object */ = {
			isa = PBXProject;
			attributes = {
				CLASSPREFIX = MKR;
				LastUpgradeCheck = 0800;
				ORGANIZATIONNAME = mayak;
				TargetAttributes = {
					3A50DCB91D90DA9D00FE1A76 = {
						CreatedOnToolsVersion = 8.0;
						DevelopmentTeam = 44FPHB4323;
						ProvisioningStyle = Manual;
						SystemCapabilities = {
							com.apple.Push = {
								enabled = 1;
							};
						};
					};
				};
			};
			buildConfigurationList = 3A50DCB51D90DA9D00FE1A76 /* Build configuration list for PBXProject "rostel" */;
			compatibilityVersion = "Xcode 6.3";
			developmentRegion = English;
			hasScannedForEncodings = 0;
			knownRegions = (
				en,
				Base,
			);
			mainGroup = 3A50DCB11D90DA9D00FE1A76;
			productRefGroup = 3A50DCBB1D90DA9D00FE1A76 /* Products */;
			projectDirPath = "";
			projectRoot = "";
			targets = (
				3A50DCB91D90DA9D00FE1A76 /* rostel */,
			);
		};
/* End PBXProject section */

/* Begin PBXResourcesBuildPhase section */
		3A50DCB81D90DA9D00FE1A76 /* Resources */ = {
			isa = PBXResourcesBuildPhase;
			buildActionMask = 2147483647;
			files = (
				3A50DCD51D90E4B600FE1A76 /* auth.storyboard in Resources */,
				3A50DCCD1D90DA9D00FE1A76 /* LaunchScreen.storyboard in Resources */,
				3A50DCCA1D90DA9D00FE1A76 /* Assets.xcassets in Resources */,
			);
			runOnlyForDeploymentPostprocessing = 0;
		};
/* End PBXResourcesBuildPhase section */

/* Begin PBXShellScriptBuildPhase section */
		671884D4AAB934D841B06C9A /* [CP] Copy Pods Resources */ = {
			isa = PBXShellScriptBuildPhase;
			buildActionMask = 2147483647;
			files = (
			);
			inputPaths = (
			);
			name = "[CP] Copy Pods Resources";
			outputPaths = (
			);
			runOnlyForDeploymentPostprocessing = 0;
			shellPath = /bin/sh;
			shellScript = "\"${SRCROOT}/Pods/Target Support Files/Pods-rostel/Pods-rostel-resources.sh\"\n";
			showEnvVarsInLog = 0;
		};
		B04A14AB4E704813F01A23D4 /* [CP] Check Pods Manifest.lock */ = {
			isa = PBXShellScriptBuildPhase;
			buildActionMask = 2147483647;
			files = (
			);
			inputPaths = (
			);
			name = "[CP] Check Pods Manifest.lock";
			outputPaths = (
			);
			runOnlyForDeploymentPostprocessing = 0;
			shellPath = /bin/sh;
			shellScript = "diff \"${PODS_ROOT}/../Podfile.lock\" \"${PODS_ROOT}/Manifest.lock\" > /dev/null\nif [[ $? != 0 ]] ; then\n    cat << EOM\nerror: The sandbox is not in sync with the Podfile.lock. Run 'pod install' or update your CocoaPods installation.\nEOM\n    exit 1\nfi\n";
			showEnvVarsInLog = 0;
		};
		CB312472417AC9586E36B7B3 /* [CP] Embed Pods Frameworks */ = {
			isa = PBXShellScriptBuildPhase;
			buildActionMask = 2147483647;
			files = (
			);
			inputPaths = (
			);
			name = "[CP] Embed Pods Frameworks";
			outputPaths = (
			);
			runOnlyForDeploymentPostprocessing = 0;
			shellPath = /bin/sh;
			shellScript = "\"${SRCROOT}/Pods/Target Support Files/Pods-rostel/Pods-rostel-frameworks.sh\"\n";
			showEnvVarsInLog = 0;
		};
/* End PBXShellScriptBuildPhase section */

/* Begin PBXSourcesBuildPhase section */
		3A50DCB61D90DA9D00FE1A76 /* Sources */ = {
			isa = PBXSourcesBuildPhase;
			buildActionMask = 2147483647;
			files = (
				3A50DCE11D9119EB00FE1A76 /* MKRAuthSplashViewController.m in Sources */,
				3A50DCC21D90DA9D00FE1A76 /* MKRAppDelegate.m in Sources */,
				3A50DCBF1D90DA9D00FE1A76 /* main.m in Sources */,
				58AAAC91842B28E215471449 /* MKRAppDataProvider.m in Sources */,
				58AAA56B45C210E2CD3F0EE2 /* MKRAuthSecretKey.m in Sources */,
				58AAA42A1604FB4A4E41CC50 /* MKRAuthCredentials.m in Sources */,
				58AAA43FA547535CFA1DCFFF /* MKRAuthService.m in Sources */,
				58AAA44E3E621942F874C2C3 /* MKRLogoutNetworkMethod.m in Sources */,
				58AAA732D353F726897274E5 /* MKRAuthConfirmNetworkMethod.m in Sources */,
				58AAADACAB0CD23F7AA804D9 /* MKRAuthRequestNetworkMethod.m in Sources */,
				3A50DCDB1D91072200FE1A76 /* MKRAuthCodeViewController.m in Sources */,
				58AAA45ED8656E294F1A4853 /* MKRAuthCredentialCacheManager.m in Sources */,
				58AAA278BAA52676102C029C /* MKRLabel.m in Sources */,
				58AAAC2756EC81DFF06052C1 /* UIFont+MKRFont.m in Sources */,
				58AAAEC16902B906A6735B8D /* UIColor+MKRColor.m in Sources */,
				58AAA7A8A440C58A4732C8B0 /* CALayer+RuntimeAttribute.m in Sources */,
				58AAA8BA59CAC4ECD55DFB4F /* MKRNetworkConfigManager.m in Sources */,
				3A50DCD81D90F89A00FE1A76 /* MKRAuthPhoneViewController.m in Sources */,
				58AAA95FF82435C79E24BCEC /* UIViewController+Errors.m in Sources */,
				58AAA5BAB41887CF04A39492 /* NSError+Extension.m in Sources */,
				58AAA08FBA70AC81E42E357C /* MKRGlobalErrorsObserver.m in Sources */,
				58AAA45319902DC8BAFFB1CE /* MKRUtils.m in Sources */,
				58AAA2848307B934F76E73BB /* MKRBaseCacheManager.m in Sources */,
				58AAA7739EFB91024454903B /* MKRBaseNetworkMethod.m in Sources */,
				58AAA94FF281E4A26104F829 /* MKRServerError.m in Sources */,
				58AAAFF538291F2A1BF04086 /* MKREntityWithId.m in Sources */,
				58AAA808280843555267CCB8 /* MKRResponseInfo.m in Sources */,
				3A50DCDE1D91195A00FE1A76 /* MKRTabBarController.m in Sources */,
				58AAA72BF3FC1D338B1070F8 /* MKRErrorContainer.m in Sources */,
				58AAA53F3690BE978412B63C /* MKRNavigationController.m in Sources */,
				58AAA12B5EE4D7AF55D00D35 /* MKRCodeField.m in Sources */,
				58AAACA267B666B0749CBA96 /* MKRLoginCodeInputView.m in Sources */,
				58AAAD6F32F0CCF563055F07 /* MKRImage.m in Sources */,
				58AAA4FA3DF57601D620545B /* MKRDepartment.m in Sources */,
				58AAABB331DAC5D8C014F702 /* MKRTournament.m in Sources */,
				58AAABAF06A57D17DD13E86E /* MKRUser.m in Sources */,
				58AAAC990F834DEEB2D9CCC9 /* MKRFullUser.m in Sources */,
				58AAA01549B96F5EB7502FEC /* MKRParticipant.m in Sources */,
				58AAA30B6D94C7D4F0D7C697 /* MKRMetric.m in Sources */,
				58AAABD78502685B4B0E70A2 /* MKRTeamStatisticElement.m in Sources */,
				58AAA842FC2AC1ABBC275433 /* MKRParticipantStatisticElement.m in Sources */,
				58AAACE33618EE2595A806D5 /* MKRTeam.m in Sources */,
				58AAA38AB697BDC68F0014E6 /* MKRFullTournament.m in Sources */,
				58AAA1D2DA8E0FB75F5C0BCB /* MKRDuel.m in Sources */,
				58AAA1D1D32A4C2B3DCFA19B /* MKRGetCurrentUserNetworkMethod.m in Sources */,
				58AAA21DF3474E05A6E03C49 /* MKRGetUserNetworkMethod.m in Sources */,
				58AAADA0F73EB7E18C272474 /* MKRRegisterPushNotificationsNetworkMethod.m in Sources */,
				58AAA1916BF0F02D731DFA5C /* MKRPushService.m in Sources */,
				58AAA24EEEB5FC7C3893B6FF /* MKRAchievement.m in Sources */,
				58AAABB7495B5A709F0DBC69 /* MKRUserService.m in Sources */,
				58AAA282F0059D9BCD1A1675 /* MKRUserCacheManager.m in Sources */,
				58AAAF0A3C3409FDB7ABA414 /* MKRSecurityManager.m in Sources */,
				58AAAA35FA75AAF40E92095F /* MKRUsersListNetworkMethod.m in Sources */,
				58AAA44C6DFF2A5880ED0F83 /* MKRUsersListPresenter.m in Sources */,
				58AAAA513FA27A845F6A2B7E /* UIWindows+Additions.m in Sources */,
			);
			runOnlyForDeploymentPostprocessing = 0;
		};
/* End PBXSourcesBuildPhase section */

/* Begin PBXVariantGroup section */
		3A50DCCB1D90DA9D00FE1A76 /* LaunchScreen.storyboard */ = {
			isa = PBXVariantGroup;
			children = (
				3A50DCCC1D90DA9D00FE1A76 /* Base */,
			);
			name = LaunchScreen.storyboard;
			sourceTree = "<group>";
		};
/* End PBXVariantGroup section */

/* Begin XCBuildConfiguration section */
		3A50DCCF1D90DA9D00FE1A76 /* Debug */ = {
			isa = XCBuildConfiguration;
			buildSettings = {
				ALWAYS_SEARCH_USER_PATHS = NO;
				CLANG_ANALYZER_NONNULL = YES;
				CLANG_CXX_LANGUAGE_STANDARD = "gnu++0x";
				CLANG_CXX_LIBRARY = "libc++";
				CLANG_ENABLE_MODULES = YES;
				CLANG_ENABLE_OBJC_ARC = YES;
				CLANG_WARN_BOOL_CONVERSION = YES;
				CLANG_WARN_CONSTANT_CONVERSION = YES;
				CLANG_WARN_DIRECT_OBJC_ISA_USAGE = YES_ERROR;
				CLANG_WARN_DOCUMENTATION_COMMENTS = YES;
				CLANG_WARN_EMPTY_BODY = YES;
				CLANG_WARN_ENUM_CONVERSION = YES;
				CLANG_WARN_INFINITE_RECURSION = YES;
				CLANG_WARN_INT_CONVERSION = YES;
				CLANG_WARN_OBJC_ROOT_CLASS = YES_ERROR;
				CLANG_WARN_SUSPICIOUS_MOVE = YES;
				CLANG_WARN_SUSPICIOUS_MOVES = YES;
				CLANG_WARN_UNREACHABLE_CODE = YES;
				CLANG_WARN__DUPLICATE_METHOD_MATCH = YES;
				"CODE_SIGN_IDENTITY[sdk=iphoneos*]" = "iPhone Developer";
				COPY_PHASE_STRIP = NO;
				DEBUG_INFORMATION_FORMAT = dwarf;
				ENABLE_STRICT_OBJC_MSGSEND = YES;
				ENABLE_TESTABILITY = YES;
				GCC_C_LANGUAGE_STANDARD = gnu99;
				GCC_DYNAMIC_NO_PIC = NO;
				GCC_NO_COMMON_BLOCKS = YES;
				GCC_OPTIMIZATION_LEVEL = 0;
				GCC_PREPROCESSOR_DEFINITIONS = (
					"DEBUG=1",
					"$(inherited)",
				);
				GCC_WARN_64_TO_32_BIT_CONVERSION = YES;
				GCC_WARN_ABOUT_RETURN_TYPE = YES_ERROR;
				GCC_WARN_UNDECLARED_SELECTOR = YES;
				GCC_WARN_UNINITIALIZED_AUTOS = YES_AGGRESSIVE;
				GCC_WARN_UNUSED_FUNCTION = YES;
				GCC_WARN_UNUSED_VARIABLE = YES;
				IPHONEOS_DEPLOYMENT_TARGET = 8.0;
				MTL_ENABLE_DEBUG_INFO = YES;
				ONLY_ACTIVE_ARCH = YES;
				SDKROOT = iphoneos;
			};
			name = Debug;
		};
		3A50DCD01D90DA9D00FE1A76 /* Release */ = {
			isa = XCBuildConfiguration;
			buildSettings = {
				ALWAYS_SEARCH_USER_PATHS = NO;
				CLANG_ANALYZER_NONNULL = YES;
				CLANG_CXX_LANGUAGE_STANDARD = "gnu++0x";
				CLANG_CXX_LIBRARY = "libc++";
				CLANG_ENABLE_MODULES = YES;
				CLANG_ENABLE_OBJC_ARC = YES;
				CLANG_WARN_BOOL_CONVERSION = YES;
				CLANG_WARN_CONSTANT_CONVERSION = YES;
				CLANG_WARN_DIRECT_OBJC_ISA_USAGE = YES_ERROR;
				CLANG_WARN_DOCUMENTATION_COMMENTS = YES;
				CLANG_WARN_EMPTY_BODY = YES;
				CLANG_WARN_ENUM_CONVERSION = YES;
				CLANG_WARN_INFINITE_RECURSION = YES;
				CLANG_WARN_INT_CONVERSION = YES;
				CLANG_WARN_OBJC_ROOT_CLASS = YES_ERROR;
				CLANG_WARN_SUSPICIOUS_MOVE = YES;
				CLANG_WARN_SUSPICIOUS_MOVES = YES;
				CLANG_WARN_UNREACHABLE_CODE = YES;
				CLANG_WARN__DUPLICATE_METHOD_MATCH = YES;
				"CODE_SIGN_IDENTITY[sdk=iphoneos*]" = "iPhone Developer";
				COPY_PHASE_STRIP = NO;
				DEBUG_INFORMATION_FORMAT = "dwarf-with-dsym";
				ENABLE_NS_ASSERTIONS = NO;
				ENABLE_STRICT_OBJC_MSGSEND = YES;
				GCC_C_LANGUAGE_STANDARD = gnu99;
				GCC_NO_COMMON_BLOCKS = YES;
				GCC_WARN_64_TO_32_BIT_CONVERSION = YES;
				GCC_WARN_ABOUT_RETURN_TYPE = YES_ERROR;
				GCC_WARN_UNDECLARED_SELECTOR = YES;
				GCC_WARN_UNINITIALIZED_AUTOS = YES_AGGRESSIVE;
				GCC_WARN_UNUSED_FUNCTION = YES;
				GCC_WARN_UNUSED_VARIABLE = YES;
				IPHONEOS_DEPLOYMENT_TARGET = 8.0;
				MTL_ENABLE_DEBUG_INFO = NO;
				SDKROOT = iphoneos;
				VALIDATE_PRODUCT = YES;
			};
			name = Release;
		};
		3A50DCD21D90DA9D00FE1A76 /* Debug */ = {
			isa = XCBuildConfiguration;
			baseConfigurationReference = BAECC5DF7CA97FF3F08E0A09 /* Pods-rostel.debug.xcconfig */;
			buildSettings = {
				ASSETCATALOG_COMPILER_APPICON_NAME = AppIcon;
				CODE_SIGN_ENTITLEMENTS = rostel/rostel.entitlements;
				DEVELOPMENT_TEAM = 44FPHB4323;
				INFOPLIST_FILE = rostel/Info.plist;
				IPHONEOS_DEPLOYMENT_TARGET = 8.0;
				LD_RUNPATH_SEARCH_PATHS = "$(inherited) @executable_path/Frameworks";
				PRODUCT_BUNDLE_IDENTIFIER = com.mayak.rostel;
				PRODUCT_NAME = "$(TARGET_NAME)";
				PROVISIONING_PROFILE = "6921f18f-a53e-4c9f-810b-b80046aa3902";
				PROVISIONING_PROFILE_SPECIFIER = Rosteltest;
			};
			name = Debug;
		};
		3A50DCD31D90DA9D00FE1A76 /* Release */ = {
			isa = XCBuildConfiguration;
			baseConfigurationReference = 8C7213B989BA63949FC458B0 /* Pods-rostel.release.xcconfig */;
			buildSettings = {
				ASSETCATALOG_COMPILER_APPICON_NAME = AppIcon;
				CODE_SIGN_ENTITLEMENTS = rostel/rostel.entitlements;
				DEVELOPMENT_TEAM = 44FPHB4323;
				INFOPLIST_FILE = rostel/Info.plist;
				IPHONEOS_DEPLOYMENT_TARGET = 8.0;
				LD_RUNPATH_SEARCH_PATHS = "$(inherited) @executable_path/Frameworks";
				PRODUCT_BUNDLE_IDENTIFIER = com.mayak.rostel;
				PRODUCT_NAME = "$(TARGET_NAME)";
				PROVISIONING_PROFILE = "6921f18f-a53e-4c9f-810b-b80046aa3902";
				PROVISIONING_PROFILE_SPECIFIER = Rosteltest;
			};
			name = Release;
		};
/* End XCBuildConfiguration section */

/* Begin XCConfigurationList section */
		3A50DCB51D90DA9D00FE1A76 /* Build configuration list for PBXProject "rostel" */ = {
			isa = XCConfigurationList;
			buildConfigurations = (
				3A50DCCF1D90DA9D00FE1A76 /* Debug */,
				3A50DCD01D90DA9D00FE1A76 /* Release */,
			);
			defaultConfigurationIsVisible = 0;
			defaultConfigurationName = Release;
		};
		3A50DCD11D90DA9D00FE1A76 /* Build configuration list for PBXNativeTarget "rostel" */ = {
			isa = XCConfigurationList;
			buildConfigurations = (
				3A50DCD21D90DA9D00FE1A76 /* Debug */,
				3A50DCD31D90DA9D00FE1A76 /* Release */,
			);
			defaultConfigurationIsVisible = 0;
			defaultConfigurationName = Release;
		};
/* End XCConfigurationList section */
	};
	rootObject = 3A50DCB21D90DA9D00FE1A76 /* Project object */;
}
